# Generated by conda-lock.
# platform: win-64
# input_hash: 530cc3030d49f320214c7aca99d25f6c1d3f0b0b6bc3e914d315e5f4219e33bf
@EXPLICIT
https://conda.anaconda.org/conda-forge/win-64/_libavif_api-1.1.1-h57928b3_2.conda#76cf1f62c9a62d6b8f44339483e0f016
https://conda.anaconda.org/conda-forge/win-64/ca-certificates-2025.1.31-h56e8100_0.conda#5304a31607974dfc2110dfbb662ed092
https://conda.anaconda.org/conda-forge/noarch/font-ttf-dejavu-sans-mono-2.37-hab24e00_0.tar.bz2#0c96522c6bdaed4b1566d11387caaf45
https://conda.anaconda.org/conda-forge/noarch/font-ttf-inconsolata-3.000-h77eed37_0.tar.bz2#34893075a5c9e55cdafac56607368fc6
https://conda.anaconda.org/conda-forge/noarch/font-ttf-source-code-pro-2.038-h77eed37_0.tar.bz2#4d59c254e01d9cde7957100457e2d5fb
https://conda.anaconda.org/conda-forge/noarch/font-ttf-ubuntu-0.83-h77eed37_3.conda#49023d73832ef61042f6a237cb2687e7
https://conda.anaconda.org/conda-forge/win-64/intel-openmp-2024.2.1-h57928b3_1083.conda#2d89243bfb53652c182a7c73182cce4f
https://conda.anaconda.org/conda-forge/win-64/python_abi-3.12-5_cp312.conda#e8681f534453af7afab4cd2bc1423eec
https://conda.anaconda.org/conda-forge/noarch/tzdata-2025a-h78e105d_0.conda#dbcace4706afdfb7eb891f7b37d07c04
https://conda.anaconda.org/conda-forge/win-64/ucrt-10.0.22621.0-h57928b3_1.conda#6797b005cd0f439c4c5c9ac565783700
https://conda.anaconda.org/conda-forge/noarch/fonts-conda-forge-1-0.tar.bz2#f766549260d6815b0c52253f1fb1bb29
https://conda.anaconda.org/conda-forge/win-64/libwinpthread-12.0.0.r4.gg4f2fc60ca-h57928b3_9.conda#08bfa5da6e242025304b206d152479ef
https://conda.anaconda.org/conda-forge/win-64/vc14_runtime-14.42.34433-h6356254_24.conda#2441e010ee255e6a38bf16705a756e94
https://conda.anaconda.org/conda-forge/noarch/fonts-conda-ecosystem-1-0.tar.bz2#fee5683a3f04bd15cbd8318b096a27ab
https://conda.anaconda.org/conda-forge/win-64/libgomp-14.2.0-h1383e82_1.conda#9e2d4d1214df6f21cba12f6eff4972f9
https://conda.anaconda.org/conda-forge/win-64/vc-14.3-h5fd82a7_24.conda#00cf3a61562bd53bd5ea99e6888793d0
https://conda.anaconda.org/conda-forge/win-64/vs2015_runtime-14.42.34433-hfef2bbc_24.conda#117fcc5b86c48f3b322b0722258c7259
https://conda.anaconda.org/conda-forge/win-64/_openmp_mutex-4.5-2_gnu.conda#37e16618af5c4851a3f3d66dd0e11141
https://conda.anaconda.org/conda-forge/win-64/aom-3.9.1-he0c23c2_0.conda#3d7c14285d3eb3239a76ff79063f27a5
https://conda.anaconda.org/conda-forge/win-64/aws-c-common-0.10.6-h2466b09_0.conda#44a7e180f2054340401499de93ae39ba
https://conda.anaconda.org/conda-forge/win-64/bzip2-1.0.8-h2466b09_7.conda#276e7ffe9ffe39688abc665ef0f45596
https://conda.anaconda.org/conda-forge/win-64/c-ares-1.34.4-h2466b09_0.conda#d387e6f147273d548f068f49a4291aef
https://conda.anaconda.org/conda-forge/win-64/dav1d-1.2.1-hcfcfb64_0.conda#ed2c27bda330e3f0ab41577cf8b9b585
https://conda.anaconda.org/conda-forge/win-64/double-conversion-3.3.0-h63175ca_0.conda#1a8bc18b24014167b2184c5afbe6037e
https://conda.anaconda.org/conda-forge/win-64/freeglut-3.2.2-he0c23c2_3.conda#5872031ef7cba8435ff24af056777473
https://conda.anaconda.org/conda-forge/win-64/geos-3.13.0-h5a68840_0.conda#08a30fe29a645fc5c768c0968db116d3
https://conda.anaconda.org/conda-forge/win-64/graphite2-1.3.13-h63175ca_1003.conda#3194499ee7d1a67404a87d0eefdd92c6
https://conda.anaconda.org/conda-forge/win-64/icu-75.1-he0c23c2_0.conda#8579b6bb8d18be7c0b27fb08adeeeb40
https://conda.anaconda.org/conda-forge/win-64/lerc-4.0.0-h63175ca_0.tar.bz2#1900cb3cab5055833cfddb0ba233b074
https://conda.anaconda.org/conda-forge/win-64/libabseil-20240722.0-cxx17_h4eb7d71_4.conda#c57ee7f404d1aa84deb3e15852bec6fa
https://conda.anaconda.org/conda-forge/win-64/libaec-1.1.3-h63175ca_0.conda#8723000f6ffdbdaef16025f0a01b64c5
https://conda.anaconda.org/conda-forge/win-64/libbrotlicommon-1.1.0-h2466b09_2.conda#f7dc9a8f21d74eab46456df301da2972
https://conda.anaconda.org/conda-forge/win-64/libcrc32c-1.1.2-h0e60522_0.tar.bz2#cd4cc2d0c610c8cb5419ccc979f2d6ce
https://conda.anaconda.org/conda-forge/win-64/libde265-1.0.15-h91493d7_0.conda#9dc3c1fbc1c7bc6204e8a603f45e156b
https://conda.anaconda.org/conda-forge/win-64/libdeflate-1.23-h9062f6e_0.conda#a9624935147a25b06013099d3038e467
https://conda.anaconda.org/conda-forge/win-64/libexpat-2.6.4-he0c23c2_0.conda#eb383771c680aa792feb529eaf9df82f
https://conda.anaconda.org/conda-forge/win-64/libffi-3.4.2-h8ffe710_5.tar.bz2#2c96d1b6915b408893f9472569dee135
https://conda.anaconda.org/conda-forge/win-64/libiconv-1.17-hcfcfb64_2.conda#e1eb10b1cca179f2baa3601e4efc8712
https://conda.anaconda.org/conda-forge/win-64/libjpeg-turbo-3.0.0-hcfcfb64_1.conda#3f1b948619c45b1ca714d60c7389092c
https://conda.anaconda.org/conda-forge/win-64/liblzma-5.6.4-h2466b09_0.conda#c48f6ad0ef0a555b27b233dfcab46a90
https://conda.anaconda.org/conda-forge/win-64/libsqlite-3.48.0-h67fdade_1.conda#5a7a8f7f68ce1bdb7b58219786436f30
https://conda.anaconda.org/conda-forge/win-64/libutf8proc-2.10.0-hf9b99b7_0.conda#a4685a23eaf9ffb3eb6506102f5360b8
https://conda.anaconda.org/conda-forge/win-64/libwebp-base-1.5.0-h3b0e114_0.conda#33f7313967072c6e6d8f865f5493c7ae
https://conda.anaconda.org/conda-forge/win-64/libzlib-1.3.1-h2466b09_2.conda#41fbfac52c601159df6c01f875de31b9
https://conda.anaconda.org/conda-forge/win-64/lz4-c-1.10.0-h2466b09_1.conda#0b69331897a92fac3d8923549d48d092
https://conda.anaconda.org/conda-forge/win-64/lzo-2.10-hcfcfb64_1001.conda#629f4f4e874cf096eb93a23240910cee
https://conda.anaconda.org/conda-forge/win-64/openssl-3.4.0-ha4e3fda_1.conda#fb45308ba8bfe1abf1f4a27bad24a743
https://conda.anaconda.org/conda-forge/win-64/pixman-0.44.2-had0cd8c_0.conda#c720ac9a3bd825bf8b4dc7523ea49be4
https://conda.anaconda.org/conda-forge/win-64/qhull-2020.2-hc790b64_5.conda#854fbdff64b572b5c0b470f334d34c11
https://conda.anaconda.org/conda-forge/win-64/rav1e-0.6.6-h975169c_2.conda#bd32cc2ed62374932f9d57a2e3eb2863
https://conda.anaconda.org/conda-forge/win-64/snappy-1.2.1-h500f7fa_1.conda#e32fb978aaea855ddce624eb8c8eb69a
https://conda.anaconda.org/conda-forge/win-64/svt-av1-2.3.0-he0c23c2_0.conda#ac11ae1da661e573b71870b1191ce079
https://conda.anaconda.org/conda-forge/win-64/tk-8.6.13-h5226925_1.conda#fc048363eb8f03cd1737600a5d08aafe
https://conda.anaconda.org/conda-forge/win-64/uriparser-0.9.8-h5a68840_0.conda#28b4cf9065681f43cc567410edf8243d
https://conda.anaconda.org/conda-forge/win-64/x265-3.5-h2d74725_3.tar.bz2#ca7129a334198f08347fb19ac98a2de9
https://conda.anaconda.org/conda-forge/win-64/xerces-c-3.2.5-he0c23c2_2.conda#82b6eac3c198271e98b48d52d79726d8
https://conda.anaconda.org/conda-forge/win-64/yaml-0.2.5-h8ffe710_2.tar.bz2#adbfb9f45d1004a26763652246a33764
https://conda.anaconda.org/conda-forge/win-64/aws-c-cal-0.8.1-h099ea23_3.conda#767b18a469cf18d7476cab915f9fe207
https://conda.anaconda.org/conda-forge/win-64/aws-c-compression-0.3.0-h099ea23_5.conda#b4303abff1423285a2e5063d796e1614
https://conda.anaconda.org/conda-forge/win-64/aws-c-sdkutils-0.2.2-h099ea23_0.conda#6292ef653d6002edc721d2dc9356aa57
https://conda.anaconda.org/conda-forge/win-64/aws-checksums-0.2.2-h099ea23_4.conda#5a8ce497f17cf1e6ae745f122b6a2bc3
https://conda.anaconda.org/conda-forge/win-64/hdf4-4.2.15-h5557f11_7.conda#84344a916a73727c1326841007b52ca8
https://conda.anaconda.org/conda-forge/win-64/jasper-4.2.4-hcb1a123_0.conda#94e32e7c907c6c80c0d0db4c8b163baf
https://conda.anaconda.org/conda-forge/win-64/krb5-1.21.3-hdf4eb48_0.conda#31aec030344e962fbd7dbbbbd68e60a9
https://conda.anaconda.org/conda-forge/win-64/libavif16-1.1.1-h4d049a7_2.conda#e7e7405d962ebcb6803f29dc4eabae69
https://conda.anaconda.org/conda-forge/win-64/libbrotlidec-1.1.0-h2466b09_2.conda#9bae75ce723fa34e98e239d21d752a7e
https://conda.anaconda.org/conda-forge/win-64/libbrotlienc-1.1.0-h2466b09_2.conda#85741a24d97954a991e55e34bc55990b
https://conda.anaconda.org/conda-forge/win-64/libevent-2.1.12-h3671451_1.conda#25efbd786caceef438be46da78a7b5ef
https://conda.anaconda.org/conda-forge/win-64/libgcc-14.2.0-h1383e82_1.conda#75fdd34824997a0f9950a703b15d8ac5
https://conda.anaconda.org/conda-forge/win-64/libintl-0.22.5-h5728263_3.conda#2cf0cf76cc15d360dfa2f17fd6cf9772
https://conda.anaconda.org/conda-forge/win-64/libkml-1.3.0-h538826c_1021.conda#431ec3b40b041576811641e2d643954e
https://conda.anaconda.org/conda-forge/win-64/liblzma-devel-5.6.4-h2466b09_0.conda#1e5c2564c8615e8ed993ff634e4181a9
https://conda.anaconda.org/conda-forge/win-64/libpng-1.6.46-had7236b_0.conda#4ddc2d65b35403e6ed75545f4cb4ec98
https://conda.anaconda.org/conda-forge/win-64/libprotobuf-5.28.3-h8309712_1.conda#3be9f2fb7dce19d66d5cf1003a34b0e1
https://conda.anaconda.org/conda-forge/win-64/libre2-11-2024.07.02-h4eb7d71_2.conda#67612b1af5350b6dcf289db63ec3e685
https://conda.anaconda.org/conda-forge/win-64/librttopo-1.1.0-hd4c2148_17.conda#06ea16b8c60b4ce1970c06191f8639d4
https://conda.anaconda.org/conda-forge/win-64/libssh2-1.11.1-he619c9f_0.conda#af0cbf037dd614c34399b3b3e568c557
https://conda.anaconda.org/conda-forge/win-64/libxml2-2.13.5-he286e8c_1.conda#77eaa84f90fc90643c5a0be0aa9bdd1b
https://conda.anaconda.org/conda-forge/win-64/libzip-1.11.2-h3135430_0.conda#09066edc7810e4bd1b41ad01a6cc4706
https://conda.anaconda.org/conda-forge/win-64/pcre2-10.44-h3d7b363_2.conda#a3a3baddcfb8c80db84bec3cb7746fb8
https://conda.anaconda.org/conda-forge/win-64/sqlite-3.48.0-h2466b09_1.conda#3336cbd7c3d18f02c8d3bdb890d0cc06
https://conda.anaconda.org/conda-forge/win-64/xz-tools-5.6.4-h2466b09_0.conda#213c6ca29a37cf0d84281d063368428d
https://conda.anaconda.org/conda-forge/win-64/zlib-1.3.1-h2466b09_2.conda#be60c4e8efa55fddc17b4131aa47acbd
https://conda.anaconda.org/conda-forge/win-64/zstd-1.5.6-h0ea2cb4_0.conda#9a17230f95733c04dc40a2b1e5491d74
https://conda.anaconda.org/conda-forge/win-64/aws-c-io-0.15.3-hc5a9e45_6.conda#48a9b0c65a94282ffa149ea7c0a53239
https://conda.anaconda.org/conda-forge/win-64/blosc-1.21.6-hfd34d9b_1.conda#357d7be4146d5fec543bfaa96a8a40de
https://conda.anaconda.org/conda-forge/win-64/brotli-bin-1.1.0-h2466b09_2.conda#d22534a9be5771fc58eb7564947f669d
https://conda.anaconda.org/conda-forge/win-64/freetype-2.12.1-hdaf720e_2.conda#3761b23693f768dc75a8fd0a73ca053f
https://conda.anaconda.org/conda-forge/win-64/libarchive-3.7.7-h979ed78_3.conda#7c29b6918c2aa6a44ed32e2cf816da7b
https://conda.anaconda.org/conda-forge/win-64/libclang13-19.1.7-default_ha5278ca_1.conda#9b1f1d408bea019772a06be7719a58c0
https://conda.anaconda.org/conda-forge/win-64/libcurl-8.11.1-h88aaa65_0.conda#071d3f18dba5a6a13c6bb70cdb42678f
https://conda.anaconda.org/conda-forge/win-64/libglib-2.82.2-h7025463_1.conda#40596e78a77327f271acea904efdc911
https://conda.anaconda.org/conda-forge/win-64/libheif-1.19.5-gpl_hc631cee_100.conda#8c77ee62663e5e4bbb60b86ba54fdbeb
https://conda.anaconda.org/conda-forge/win-64/libhwloc-2.11.2-default_ha69328c_1001.conda#b87a0ac5ab6495d8225db5dc72dd21cd
https://conda.anaconda.org/conda-forge/win-64/libthrift-0.21.0-hbe90ef8_0.conda#7699570e1f97de7001a7107aabf2d677
https://conda.anaconda.org/conda-forge/win-64/libtiff-4.7.0-h797046b_3.conda#defed79ff7a9164ad40320e3f116a138
https://conda.anaconda.org/conda-forge/win-64/libxslt-1.1.39-h3df6e99_0.conda#279ee338c9b34871d578cb3c7aa68f70
https://conda.anaconda.org/conda-forge/win-64/minizip-4.0.7-h9fa1bad_3.conda#632caee448c60ca5f85bf0748ed24401
https://conda.anaconda.org/conda-forge/win-64/orc-2.0.3-haf104fe_2.conda#c8abacd8bdb242c9ba9c9a6c7ec09b01
https://conda.anaconda.org/conda-forge/win-64/pthread-stubs-0.4-h0e40799_1002.conda#3c8f2573569bb816483e5cf57efbbe29
https://conda.anaconda.org/conda-forge/win-64/re2-2024.07.02-haf4117d_2.conda#10980cbe103147435a40288db9f49847
https://conda.anaconda.org/conda-forge/win-64/xorg-libxau-1.0.12-h0e40799_0.conda#2ffbfae4548098297c033228256eb96e
https://conda.anaconda.org/conda-forge/win-64/xorg-libxdmcp-1.1.5-h0e40799_0.conda#8393c0f7e7870b4eb45553326f81f0ff
https://conda.anaconda.org/conda-forge/win-64/xz-5.6.4-h208afaa_0.conda#97e1f122231e057a3da5cd32affcc9c2
https://conda.anaconda.org/conda-forge/win-64/aws-c-event-stream-0.5.0-h85d8506_11.conda#a32c029b7e933cf93c5066b186560e62
https://conda.anaconda.org/conda-forge/win-64/aws-c-http-0.9.2-h3888f84_4.conda#4e7cf9b498fcc5dee5abcdf24e64a96d
https://conda.anaconda.org/conda-forge/win-64/brotli-1.1.0-h2466b09_2.conda#378f1c9421775dfe644731cb121c8979
https://conda.anaconda.org/conda-forge/win-64/fontconfig-2.15.0-h765892d_1.conda#9bb0026a2131b09404c59c4290c697cd
https://conda.anaconda.org/conda-forge/win-64/freexl-2.0.0-hf297d47_2.conda#d6a8059de245e53478b581742b53f71d
https://conda.anaconda.org/conda-forge/win-64/hdf5-1.14.4-nompi_hd5d9e70_105.conda#4381be33460283890c34341ecfa42d97
https://conda.anaconda.org/conda-forge/win-64/lcms2-2.16-h67d730c_0.conda#d3592435917b62a8becff3a60db674f6
https://conda.anaconda.org/conda-forge/win-64/libgrpc-1.67.1-h0ac93cb_1.conda#d41dfb3f07ea2f3687e9a2d7db31c506
https://conda.anaconda.org/conda-forge/win-64/libxcb-1.17.0-h0e4246c_0.conda#a69bbf778a462da324489976c84cfc8c
https://conda.anaconda.org/conda-forge/win-64/openjpeg-2.5.3-h4d64b90_0.conda#fc050366dd0b8313eb797ed1ffef3a29
https://conda.anaconda.org/conda-forge/win-64/proj-9.5.1-h4f671f6_0.conda#7303dac2aa92318f319508aedab6a127
https://conda.anaconda.org/conda-forge/win-64/python-3.12.7-hce54a09_0_cpython.conda#21f1f7c6ccf6b747c5086d2422c230e1
https://conda.anaconda.org/conda-forge/win-64/tbb-2021.13.0-h62715c5_1.conda#9190dd0a23d925f7602f9628b3aed511
https://conda.anaconda.org/conda-forge/noarch/affine-2.4.0-pyhd8ed1ab_1.conda#8c4061f499edec6b8ac7000f6d586829
https://conda.anaconda.org/conda-forge/noarch/aiohappyeyeballs-2.4.4-pyhd8ed1ab_1.conda#296b403617bafa89df4971567af79013
https://conda.anaconda.org/conda-forge/noarch/asciitree-0.3.3-py_2.tar.bz2#c0481c9de49f040272556e2cedf42816
https://conda.anaconda.org/conda-forge/noarch/asttokens-3.0.0-pyhd8ed1ab_1.conda#8f587de4bcf981e26228f268df374a9b
https://conda.anaconda.org/conda-forge/noarch/attrs-24.2.0-pyh71513ae_1.conda#2018839db45c79654b57a924fcdd27d0
https://conda.anaconda.org/conda-forge/win-64/aws-c-auth-0.8.1-hd11252f_0.conda#fe0091e429538d2687ad3353decfe532
https://conda.anaconda.org/conda-forge/win-64/aws-c-mqtt-0.11.0-h2c94728_12.conda#bad2afca289f8854d431acdcc8f1cea8
https://conda.anaconda.org/conda-forge/noarch/boltons-24.0.0-pyhd8ed1ab_1.conda#d88c38e66d85ecc9c7e2c4110676bbf4
https://conda.anaconda.org/conda-forge/win-64/brotli-python-1.1.0-py312h275cf98_2.conda#a99aec1ac46794a5fb1cd3cf5d2b6110
https://conda.anaconda.org/conda-forge/noarch/cached_property-1.5.2-pyha770c72_1.tar.bz2#576d629e47797577ab0f1b351297ef4a
https://conda.anaconda.org/conda-forge/win-64/cairo-1.18.2-h5782bbf_1.conda#63ff2bf400dde4fad0bed56debee5c16
https://conda.anaconda.org/conda-forge/noarch/certifi-2024.8.30-pyhd8ed1ab_0.conda#12f7d00853807b0531775e9be891cb11
https://conda.anaconda.org/conda-forge/noarch/charset-normalizer-3.4.0-pyhd8ed1ab_1.conda#6581a17bba6b948bb60130026404a9d6
https://conda.anaconda.org/conda-forge/noarch/cloudpickle-3.1.1-pyhd8ed1ab_0.conda#364ba6c9fb03886ac979b482f39ebb92
https://conda.anaconda.org/conda-forge/noarch/colorama-0.4.6-pyhd8ed1ab_1.conda#962b9857ee8e7018c22f2776ffa0b2d7
https://conda.anaconda.org/conda-forge/noarch/colorcet-3.1.0-pyhd8ed1ab_1.conda#91d7152c744dc0f18ef8beb3cbc9980a
https://conda.anaconda.org/conda-forge/noarch/cycler-0.12.1-pyhd8ed1ab_1.conda#44600c4667a319d67dbe0681fc0bc833
https://conda.anaconda.org/conda-forge/noarch/decorator-5.1.1-pyhd8ed1ab_1.conda#d622d8d7ee8868870f9cbe259f381181
https://conda.anaconda.org/conda-forge/noarch/docopt-ng-0.9.0-pyhd8ed1ab_1.conda#7635e4907164a088d932f7d8965db7ab
https://conda.anaconda.org/conda-forge/noarch/exceptiongroup-1.2.2-pyhd8ed1ab_1.conda#a16662747cdeb9abbac74d0057cc976e
https://conda.anaconda.org/conda-forge/noarch/executing-2.1.0-pyhd8ed1ab_1.conda#ef8b5fca76806159fc25b4f48d8737eb
https://conda.anaconda.org/conda-forge/noarch/fasteners-0.17.3-pyhd8ed1ab_0.tar.bz2#348e27e78a5e39090031448c72f66d5e
https://conda.anaconda.org/conda-forge/noarch/fastprogress-1.0.3-pyhd8ed1ab_1.conda#a1f997959ce49fe4d554a8ae6d3ef494
https://conda.anaconda.org/conda-forge/noarch/filelock-3.16.1-pyhd8ed1ab_1.conda#d692e9ba6f92dc51484bf3477e36ce7c
https://conda.anaconda.org/conda-forge/noarch/findlibs-0.0.5-pyhd8ed1ab_0.conda#8f325f63020af6f7acbe2c4cb4c920db
https://conda.anaconda.org/conda-forge/win-64/frozenlist-1.5.0-py312h31fea79_1.conda#2f8a0fcbbd39e3c5d363a1918198d434
https://conda.anaconda.org/conda-forge/noarch/fsspec-2024.10.0-pyhd8ed1ab_1.conda#906fe13095e734cb413b57a49116cdc8
https://conda.anaconda.org/conda-forge/win-64/geotiff-1.7.3-h496ac4d_3.conda#fb20f424102030f3952532cc7aebdbd8
https://conda.anaconda.org/conda-forge/noarch/idna-3.10-pyhd8ed1ab_1.conda#39a4f67be3286c86d696df570b1201b7
https://conda.anaconda.org/conda-forge/noarch/iniconfig-2.0.0-pyhd8ed1ab_1.conda#6837f3eff7dcea42ecd714ce1ac2b108
https://conda.anaconda.org/conda-forge/noarch/jmespath-1.0.1-pyhd8ed1ab_1.conda#972bdca8f30147135f951847b30399ea
https://conda.anaconda.org/conda-forge/win-64/kiwisolver-1.4.8-py312hc790b64_0.conda#7ef59428fc0dcb8a78a5e23dc4f50aa3
https://conda.anaconda.org/conda-forge/noarch/legacy-cgi-2.6.2-pyh41aed27_1.conda#097b37f4503a319a9631020ecfe0e845
https://conda.anaconda.org/conda-forge/win-64/libgoogle-cloud-2.34.0-h95c5cb2_0.conda#45c01e92c3a1015b070c83645b51bcdc
https://conda.anaconda.org/conda-forge/win-64/libnetcdf-4.9.2-nompi_h5bdc103_116.conda#a95ec17163d3e07bc0bf3f5ca9c86fde
https://conda.anaconda.org/conda-forge/win-64/libspatialite-5.1.0-h939089a_12.conda#8b5bfc6caa7c652ec4ec755efb5b7b73
https://conda.anaconda.org/conda-forge/win-64/llvmlite-0.43.0-py312h1f7db74_1.conda#570a33dbbfdb2f497cac407f41a8e1b7
https://conda.anaconda.org/conda-forge/noarch/locket-1.0.0-pyhd8ed1ab_0.tar.bz2#91e27ef3d05cc772ce627e51cff111c4
https://conda.anaconda.org/conda-forge/win-64/lxml-5.3.0-py312h53bce91_2.conda#e342cf9d05533f20800e74e8e4e76220
https://conda.anaconda.org/conda-forge/win-64/lz4-4.3.3-py312h032eceb_2.conda#7872436e250ac3c1147cfc90c1e70a54
https://conda.anaconda.org/conda-forge/win-64/markupsafe-3.0.2-py312h31fea79_1.conda#944fdd848abfbd6929e57c790b8174dd
https://conda.anaconda.org/conda-forge/noarch/mdurl-0.1.2-pyhd8ed1ab_1.conda#592132998493b3ff25fd7479396e8351
https://conda.anaconda.org/conda-forge/win-64/mkl-2024.2.2-h66d3029_15.conda#302dff2807f2927b3e9e0d19d60121de
https://conda.anaconda.org/conda-forge/win-64/msgpack-python-1.1.0-py312hd5eb7cc_0.conda#ff4f1e63a6438a06d1ab259936e5c2ac
https://conda.anaconda.org/conda-forge/win-64/multidict-6.1.0-py312h31fea79_1.conda#f5489605efd8bf8a850383d146f00d84
https://conda.anaconda.org/conda-forge/noarch/munkres-1.1.4-pyh9f0ad1d_0.tar.bz2#2ba8498c1018c1e9c61eb99b973dfe19
https://conda.anaconda.org/conda-forge/noarch/networkx-3.4.2-pyh267e887_2.conda#fd40bf7f7f4bc4b647dc8512053d9873
https://conda.anaconda.org/conda-forge/noarch/packaging-24.2-pyhd8ed1ab_2.conda#3bfed7e6228ebf2f7b9eaa47f1b4e2aa
https://conda.anaconda.org/conda-forge/noarch/param-2.1.1-pyhd8ed1ab_1.conda#103f5ebeb21ad6c809fef80a1b494611
https://conda.anaconda.org/conda-forge/noarch/parso-0.8.4-pyhd8ed1ab_1.conda#5c092057b6badd30f75b06244ecd01c9
https://conda.anaconda.org/conda-forge/noarch/pickleshare-0.7.5-pyhd8ed1ab_1004.conda#11a9d1d09a3615fc07c3faf79bc0b943
https://conda.anaconda.org/conda-forge/win-64/pillow-11.1.0-py312h078707f_0.conda#e609a6cb41a83f7b67c326e51f008a79
https://conda.anaconda.org/conda-forge/noarch/platformdirs-4.3.6-pyhd8ed1ab_1.conda#577852c7e53901ddccc7e6a9959ddebe
https://conda.anaconda.org/conda-forge/noarch/pluggy-1.5.0-pyhd8ed1ab_1.conda#e9dcbce5f45f9ee500e728ae58b605b6
https://conda.anaconda.org/conda-forge/win-64/propcache-0.2.1-py312h31fea79_1.conda#97ad6f805e3cb55a575c3b5dee3e4b4c
https://conda.anaconda.org/conda-forge/win-64/psutil-5.9.8-py312he70551f_0.conda#5f2998851564bea33a159bd00e6249e8
https://conda.anaconda.org/conda-forge/noarch/pure_eval-0.2.3-pyhd8ed1ab_1.conda#3bfdfb8dbcdc4af1ae3f9a8eb3948f04
https://conda.anaconda.org/conda-forge/noarch/pycparser-2.22-pyh29332c3_1.conda#12c566707c80111f9799308d9e265aef
https://conda.anaconda.org/conda-forge/noarch/pygments-2.19.1-pyhd8ed1ab_0.conda#232fb4577b6687b2d503ef8e254270c9
https://conda.anaconda.org/conda-forge/noarch/pyparsing-3.2.0-pyhd8ed1ab_2.conda#4c05a2bcf87bb495512374143b57cf28
https://conda.anaconda.org/conda-forge/noarch/pyshp-2.3.1-pyhd8ed1ab_1.conda#856b387c270e9eaf6e41e978057a2b62
https://conda.anaconda.org/conda-forge/noarch/python-tzdata-2025.1-pyhd8ed1ab_0.conda#392c91c42edd569a7ec99ed8648f597a
https://conda.anaconda.org/conda-forge/noarch/pytz-2024.1-pyhd8ed1ab_0.conda#3eeeeb9e4827ace8c0c1419c85d590ad
https://conda.anaconda.org/conda-forge/win-64/pyyaml-6.0.2-py312h31fea79_2.conda#ba00a2e5059c1fde96459858537cc8f5
https://conda.anaconda.org/conda-forge/noarch/setuptools-75.8.0-pyhff2d567_0.conda#8f28e299c11afdd79e0ec1e279dcdc52
https://conda.anaconda.org/conda-forge/noarch/six-1.17.0-pyhd8ed1ab_0.conda#a451d576819089b0d672f18768be0f65
https://conda.anaconda.org/conda-forge/noarch/sortedcontainers-2.4.0-pyhd8ed1ab_1.conda#0401a17ae845fa72c7210e206ec5647d
https://conda.anaconda.org/conda-forge/noarch/soupsieve-2.5-pyhd8ed1ab_1.conda#3f144b2c34f8cb5a9abd9ed23a39c561
https://conda.anaconda.org/conda-forge/noarch/tblib-3.0.0-pyhd8ed1ab_1.conda#60ce69f73f3e75b21f1c27b1b471320c
https://conda.anaconda.org/conda-forge/noarch/threadpoolctl-3.5.0-pyhc1e730c_0.conda#df68d78237980a159bd7149f33c0e8fd
https://conda.anaconda.org/conda-forge/noarch/tomli-2.2.1-pyhd8ed1ab_1.conda#ac944244f1fed2eb49bae07193ae8215
https://conda.anaconda.org/conda-forge/noarch/toolz-1.0.0-pyhd8ed1ab_1.conda#40d0ed782a8aaa16ef248e68c06c168d
https://conda.anaconda.org/conda-forge/win-64/tornado-6.4.2-py312h4389bb4_0.conda#f06104f71f496b0784b35b23e30e7990
https://conda.anaconda.org/conda-forge/noarch/traitlets-5.14.3-pyhd8ed1ab_1.conda#019a7385be9af33791c989871317e1ed
https://conda.anaconda.org/conda-forge/noarch/typing_extensions-4.12.2-pyha770c72_1.conda#d17f13df8b65464ca316cbc000a3cb64
https://conda.anaconda.org/conda-forge/noarch/uc-micro-py-1.0.3-pyhd8ed1ab_1.conda#9c96c9876ba45368a03056ddd0f20431
https://conda.anaconda.org/conda-forge/win-64/unicodedata2-16.0.0-py312h4389bb4_0.conda#3b124c38c7852704ba6a42a170c152a1
https://conda.anaconda.org/conda-forge/noarch/wcwidth-0.2.13-pyhd8ed1ab_1.conda#b68980f2495d096e71c7fd9d7ccf63e6
https://conda.anaconda.org/conda-forge/noarch/webencodings-0.5.1-pyhd8ed1ab_3.conda#2841eb5bfc75ce15e9a0054b98dcd64d
https://conda.anaconda.org/conda-forge/noarch/wheel-0.45.1-pyhd8ed1ab_1.conda#75cb7132eb58d97896e173ef12ac9986
https://conda.anaconda.org/conda-forge/noarch/win_inet_pton-1.1.0-pyh7428d3b_8.conda#46e441ba871f524e2b067929da3051c2
https://conda.anaconda.org/conda-forge/win-64/wrapt-1.17.2-py312h4389bb4_0.conda#b9a81b36e0d35c9a172587ead532273b
https://conda.anaconda.org/conda-forge/noarch/xyzservices-2025.1.0-pyhd8ed1ab_0.conda#fdf07e281a9e5e10fc75b2dd444136e9
https://conda.anaconda.org/conda-forge/noarch/zict-3.0.0-pyhd8ed1ab_1.conda#e52c2ef711ccf31bb7f70ca87d144b9e
https://conda.anaconda.org/conda-forge/noarch/zipp-3.21.0-pyhd8ed1ab_1.conda#0c3cc595284c5e8f0f9900a9b228a332
https://conda.anaconda.org/conda-forge/noarch/aioitertools-0.12.0-pyhd8ed1ab_1.conda#3eb47adbffac44483f59e580f8600a1e
https://conda.anaconda.org/conda-forge/noarch/aiosignal-1.3.2-pyhd8ed1ab_0.conda#1a3981115a398535dbe3f6d5faae3d36
https://conda.anaconda.org/conda-forge/win-64/aws-c-s3-0.7.9-h6a47413_1.conda#2a5283c5df98c20e695bfdf2d4019335
https://conda.anaconda.org/conda-forge/noarch/beautifulsoup4-4.12.3-pyha770c72_1.conda#d48f7e9fdec44baf6d1da416fe402b04
https://conda.anaconda.org/conda-forge/noarch/bleach-6.2.0-pyh29332c3_4.conda#f0b4c8e370446ef89797608d60a564b3
https://conda.anaconda.org/conda-forge/noarch/cached-property-1.5.2-hd8ed1ab_1.tar.bz2#9b347a7ec10940d3f7941ff6c460b551
https://conda.anaconda.org/conda-forge/win-64/cffi-1.17.1-py312h4389bb4_0.conda#08310c1a22ef957d537e547f8d484f92
https://conda.anaconda.org/conda-forge/noarch/click-8.1.7-win_pyh7428d3b_1.conda#e2afd3b7e37a5363e292a8b33dbef65c
https://conda.anaconda.org/conda-forge/win-64/cytoolz-1.0.1-py312h4389bb4_0.conda#fba0567971249f5d0cce4d35b1184c75
https://conda.anaconda.org/conda-forge/win-64/eccodes-2.38.3-h49d5f8d_3.conda#a986f3d7191b004633a52274744de3d6
https://conda.anaconda.org/conda-forge/win-64/fonttools-4.56.0-py312h31fea79_0.conda#7c08698c54ca6390314c19167c16745e
https://conda.anaconda.org/conda-forge/win-64/harfbuzz-10.2.0-h885c0d4_0.conda#faaf912396cba72bd54c8b3772944ab7
https://conda.anaconda.org/conda-forge/noarch/importlib-metadata-8.5.0-pyha770c72_1.conda#315607a3030ad5d5227e76e0733798ff
https://conda.anaconda.org/conda-forge/noarch/importlib_resources-6.4.5-pyhd8ed1ab_1.conda#15798fa69312d433af690c8c42b3fb36
https://conda.anaconda.org/conda-forge/noarch/intake-2.0.7-pyhd8ed1ab_1.conda#55e0ec93470aceae3299fbf8c0a78d15
https://conda.anaconda.org/conda-forge/noarch/jedi-0.19.2-pyhd8ed1ab_1.conda#a4f4c5dc9b80bc50e0d3dc4e6e8f1bd9
https://conda.anaconda.org/conda-forge/noarch/jinja2-3.1.4-pyhd8ed1ab_1.conda#08cce3151bde4ecad7885bd9fb647532
https://conda.anaconda.org/conda-forge/noarch/joblib-1.4.2-pyhd8ed1ab_1.conda#bf8243ee348f3a10a14ed0cae323e0c1
https://conda.anaconda.org/conda-forge/win-64/libblas-3.9.0-28_h576b46c_mkl.conda#eb97c3ea4cc02e42c01bc6c928094037
https://conda.anaconda.org/conda-forge/win-64/libgdal-core-3.10.1-h095903c_2.conda#e1740fe9313a53fd3d028c8fb5146252
https://conda.anaconda.org/conda-forge/win-64/libgoogle-cloud-storage-2.34.0-he5eb982_0.conda#c9a65d04330bb5c9282d7ddb209b0c56
https://conda.anaconda.org/conda-forge/noarch/linkify-it-py-2.0.3-pyhd8ed1ab_1.conda#b02fe519b5dc0dc55e7299810fcdfb8e
https://conda.anaconda.org/conda-forge/noarch/markdown-it-py-3.0.0-pyhd8ed1ab_1.conda#fee3164ac23dfca50cfcc8b85ddefb81
https://conda.anaconda.org/conda-forge/noarch/matplotlib-inline-0.1.7-pyhd8ed1ab_1.conda#af6ab708897df59bd6e7283ceab1b56b
https://conda.anaconda.org/conda-forge/noarch/multipledispatch-0.6.0-pyhd8ed1ab_1.conda#121a57fce7fff0857ec70fa03200962f
https://conda.anaconda.org/conda-forge/noarch/partd-1.4.2-pyhd8ed1ab_0.conda#0badf9c54e24cecfb0ad2f99d680c163
https://conda.anaconda.org/conda-forge/noarch/pip-24.3.1-pyh8b19718_2.conda#04e691b9fadd93a8a9fad87a81d4fd8f
https://conda.anaconda.org/conda-forge/noarch/prompt-toolkit-3.0.50-pyha770c72_0.conda#7d823138f550b14ecae927a5ff3286de
https://conda.anaconda.org/conda-forge/win-64/pyproj-3.7.0-py312ha24589b_0.conda#1f0cacc6f721d87faa12ef1ce66d112d
https://conda.anaconda.org/conda-forge/noarch/pysocks-1.7.1-pyh09c184e_7.conda#e2fd202833c4a981ce8a65974fe4abd1
https://conda.anaconda.org/conda-forge/noarch/pytest-8.3.3-pyhd8ed1ab_0.conda#c03d61f31f38fdb9facf70c29958bf7a
https://conda.anaconda.org/conda-forge/noarch/python-dateutil-2.9.0.post0-pyhff2d567_1.conda#5ba79d7c71f03c678c8ead841f347d6e
https://conda.anaconda.org/conda-forge/noarch/pyviz_comms-3.0.4-pyhd8ed1ab_1.conda#99b8cf929b145ae310b333ce3496b56b
https://conda.anaconda.org/conda-forge/noarch/stack_data-0.6.3-pyhd8ed1ab_1.conda#b1b505328da7a6b246787df4b5a49fbc
https://conda.anaconda.org/conda-forge/noarch/tqdm-4.67.0-pyhd8ed1ab_0.conda#196a9e6ab4e036ceafa516ea036619b0
https://conda.anaconda.org/conda-forge/noarch/typing-extensions-4.12.2-hd8ed1ab_1.conda#b6a408c64b78ec7b779a3e5c7a902433
https://conda.anaconda.org/conda-forge/noarch/webob-1.8.9-pyhd8ed1ab_1.conda#293718ddac83a0fbc0f2193ff77d1e1c
https://conda.anaconda.org/conda-forge/noarch/yamale-5.2.1-pyhd8ed1ab_1.conda#8380155472575eec439a47eef8f62b80
https://conda.anaconda.org/conda-forge/win-64/yarl-1.18.3-py312h31fea79_1.conda#004fb3779f2f70e82c6154369d711125
https://conda.anaconda.org/conda-forge/win-64/aiohttp-3.11.12-py312h31fea79_0.conda#5685ef8b08b1e32378246cab51348a98
https://conda.anaconda.org/conda-forge/noarch/annotated-types-0.7.0-pyhd8ed1ab_1.conda#2934f256a8acfe48f6ebb4fce6cde29c
https://conda.anaconda.org/conda-forge/win-64/aws-crt-cpp-0.29.9-he488853_2.conda#fd6464ad7158760f808c9b4b044cbcc0
https://conda.anaconda.org/conda-forge/noarch/branca-0.8.1-pyhd8ed1ab_0.conda#9f3937b768675ab4346f07e9ef723e4b
https://conda.anaconda.org/conda-forge/noarch/click-plugins-1.1.1-pyhd8ed1ab_1.conda#82bea35e4dac4678ba623cf10e95e375
https://conda.anaconda.org/conda-forge/noarch/cligj-0.7.2-pyhd8ed1ab_2.conda#55c7804f428719241a90b152016085a1
https://conda.anaconda.org/conda-forge/noarch/flexcache-0.3-pyhd8ed1ab_1.conda#f1e618f2f783427019071b14a111b30d
https://conda.anaconda.org/conda-forge/noarch/flexparser-0.4-pyhd8ed1ab_1.conda#6dc4e43174cd552452fdb8c423e90e69
https://conda.anaconda.org/conda-forge/noarch/importlib-resources-6.4.5-pyhd8ed1ab_1.conda#59561d9b70f9df3b884c29910eba6593
https://conda.anaconda.org/conda-forge/noarch/importlib_metadata-8.5.0-hd8ed1ab_1.conda#c70dd0718dbccdcc6d5828de3e71399d
https://conda.anaconda.org/conda-forge/noarch/jsonpickle-3.4.2-pyhff2d567_0.conda#857174a73a5adb08d9cfc3e567d94b11
https://conda.anaconda.org/conda-forge/win-64/libcblas-3.9.0-28_h7ad3364_mkl.conda#fc67cf6a19301fc7d6eb83949abce428
https://conda.anaconda.org/conda-forge/win-64/liblapack-3.9.0-28_hacfb0e4_mkl.conda#5aa8e62e29e0d76b0b99b79a739cd2dd
https://conda.anaconda.org/conda-forge/noarch/markdown-3.6-pyhd8ed1ab_0.conda#06e9bebf748a0dea03ecbe1f0e27e909
https://conda.anaconda.org/conda-forge/noarch/mdit-py-plugins-0.4.2-pyhd8ed1ab_1.conda#af2060041d4f3250a7eb6ab3ec0e549b
https://conda.anaconda.org/conda-forge/noarch/prompt_toolkit-3.0.50-hd8ed1ab_0.conda#b5114235809f754b9bff0d14d3d712bc
https://conda.anaconda.org/conda-forge/win-64/pydantic-core-2.23.4-py312h2615798_0.conda#94169f56c3ad3d070248c73f71371944
https://conda.anaconda.org/conda-forge/win-64/qt6-main-6.8.2-h1259614_0.conda#d4efb20c96c35ad07dc9be1069f1c5f4
https://conda.anaconda.org/conda-forge/noarch/urllib3-1.26.19-pyhd8ed1ab_0.conda#6bb37c314b3cc1515dcf086ffe01c46e
https://conda.anaconda.org/conda-forge/win-64/aws-sdk-cpp-1.11.489-h7d73209_0.conda#38c6bbaa9437ebd25885ce508853dc76
https://conda.anaconda.org/conda-forge/noarch/botocore-1.35.88-pyge310_1234567_0.conda#b9aa1b53b4ba9530c818f912ef6af33d
https://conda.anaconda.org/conda-forge/noarch/dask-core-2024.11.0-pyhd8ed1ab_0.conda#75c96f0655908f596a57be60251b78d4
https://conda.anaconda.org/conda-forge/noarch/ipython-8.17.2-pyh5737063_0.conda#f303446f1ce22bd9173650d3e722e87b
https://conda.anaconda.org/conda-forge/win-64/numpy-2.0.2-py312h49bc9c5_1.conda#a92e07d9b3fd7fcd9e0005dc05fc399b
https://conda.anaconda.org/conda-forge/noarch/pint-0.24.4-pyhd8ed1ab_1.conda#a566694ac0ab8f25e7f40a5d24070a1a
https://conda.anaconda.org/conda-forge/noarch/pydantic-2.9.2-pyhd8ed1ab_0.conda#1eb533bb8eb2199e3fef3e4aa147319f
https://conda.anaconda.org/conda-forge/win-64/pyside6-6.8.2-py312h2ee7485_0.conda#47286fc7b8f7107bb2754afb2423ee5b
https://conda.anaconda.org/conda-forge/noarch/requests-2.32.3-pyhd8ed1ab_1.conda#a9b9368f3701a417eac9edbcae7cb737
https://conda.anaconda.org/conda-forge/noarch/aiobotocore-2.16.1-pyhd8ed1ab_0.conda#88bd0a5e1345a5b926531f2eb6dd215c
https://conda.anaconda.org/conda-forge/win-64/bottleneck-1.4.2-py312h1a27103_0.conda#8e3ceffd1354e599b88b93551ce17272
https://conda.anaconda.org/conda-forge/win-64/cftime-1.6.4-py312h1a27103_1.conda#dc76be2943a23a41c999fa0c233fc345
https://conda.anaconda.org/conda-forge/win-64/contourpy-1.3.1-py312hd5eb7cc_0.conda#83f7a2ec652abd37a178e35493dfd029
https://conda.anaconda.org/conda-forge/noarch/distributed-2024.11.0-pyhd8ed1ab_0.conda#497f3535cbb69cd2f02158e2e18ee0bb
https://conda.anaconda.org/conda-forge/noarch/folium-0.19.4-pyhd8ed1ab_0.conda#5373736fc7c86a9681319b9511cc3973
https://conda.anaconda.org/conda-forge/win-64/h3-py-4.1.1-py312h275cf98_1.conda#fca35b91e754db59ebff6c5d84201fd7
https://conda.anaconda.org/conda-forge/win-64/h5py-3.12.1-nompi_py312h0db4ba1_103.conda#2b2b69668e15d4dec167f504e96706c5
https://conda.anaconda.org/conda-forge/win-64/libarrow-17.0.0-hc3bbc16_47_cpu.conda#0cb8b40b134e2cb8f96a49546d1a56d2
https://conda.anaconda.org/conda-forge/win-64/numba-0.60.0-py312hcccf92d_0.conda#4df11a0943ff8658df9aba7e5de92040
https://conda.anaconda.org/conda-forge/win-64/numcodecs-0.13.1-py312h72972c8_0.conda#f63c13d03f76a357a66adeedd15a4188
https://conda.anaconda.org/conda-forge/win-64/pandas-2.2.3-py312h72972c8_1.conda#bf6f01c03e0688523d4b5cff8fe8c977
https://conda.anaconda.org/conda-forge/noarch/patsy-1.0.1-pyhd8ed1ab_1.conda#ee23fabfd0a8c6b8d6f3729b47b2859d
https://conda.anaconda.org/conda-forge/noarch/pooch-1.8.2-pyhd8ed1ab_1.conda#b3e783e8e8ed7577cf0b6dee37d1fbac
https://conda.anaconda.org/conda-forge/noarch/pyct-0.5.0-pyhd8ed1ab_1.conda#dcd4770a9dff3c3bb2e21cb0108af3d0
https://conda.anaconda.org/conda-forge/win-64/pyogrio-0.10.0-py312h6e88f47_1.conda#42fcbe51e1dfd9f1420d1a7b5a806aff
https://conda.anaconda.org/conda-forge/win-64/python-eccodes-2.37.0-py312h1a27103_0.conda#0d6faa3d77167cae1a39a0eeb161b3ba
https://conda.anaconda.org/conda-forge/noarch/s3transfer-0.10.4-pyhd8ed1ab_1.conda#ed873ecbcf00825b51ae5a272083ef2d
https://conda.anaconda.org/conda-forge/win-64/scipy-1.14.1-py312h337df96_2.conda#3ef0017e79039d4767ba3b4891113a07
https://conda.anaconda.org/conda-forge/win-64/shapely-2.0.7-py312h0c580ee_0.conda#b706fd254130241793ebc8eafbecb8c4
https://conda.anaconda.org/conda-forge/noarch/snuggs-1.4.7-pyhd8ed1ab_2.conda#9aa358575bbd4be126eaa5e0039f835c
https://conda.anaconda.org/conda-forge/noarch/bokeh-3.5.2-pyhd8ed1ab_0.conda#38d785787ec83d0431b3855328395113
https://conda.anaconda.org/conda-forge/noarch/boto3-1.35.36-pyhd8ed1ab_0.conda#7b26bdcabcaf40040430b63635c6446a
https://conda.anaconda.org/conda-forge/noarch/geopandas-base-1.0.1-pyha770c72_3.conda#e8343d1b635bf09dafdd362d7357f395
https://conda.anaconda.org/conda-forge/noarch/h5netcdf-1.4.0-pyhd8ed1ab_0.conda#09654b6e08a38977b2ccab5136673871
https://conda.anaconda.org/conda-forge/win-64/libarrow-acero-17.0.0-h7d8d6a5_47_cpu.conda#9128da26d177101e9848efd71da52ccf
https://conda.anaconda.org/conda-forge/win-64/libparquet-17.0.0-ha850022_47_cpu.conda#50b016f7534a746aa020ec7ec045282e
https://conda.anaconda.org/conda-forge/win-64/matplotlib-base-3.9.2-py312h90004f6_2.conda#b9c696b4dda80ff18e95178aa19a6ebc
https://conda.anaconda.org/conda-forge/win-64/netcdf4-1.7.1-nompi_py312h57e6fe7_103.conda#96ae8cc33793fed8745d4b4fa7a860f1
https://conda.anaconda.org/conda-forge/win-64/pyarrow-core-17.0.0-py312h6a9c419_2_cpu.conda#32ae28e98c1a84532ddb5dc7468edc4f
https://conda.anaconda.org/conda-forge/noarch/pydap-3.5.1-pyhff2d567_2.conda#f63b82a2ed9daf46d3c3a1569b985d72
https://conda.anaconda.org/conda-forge/win-64/rasterio-1.4.2-py312hc0daee4_1.conda#3f3793c08ecfcd72cec6800346610df7
https://conda.anaconda.org/conda-forge/noarch/s3fs-2024.10.0-pyhd8ed1ab_1.conda#589f046bbc8577f93826fe922f4e960a
https://conda.anaconda.org/conda-forge/win-64/scikit-learn-1.6.1-py312h816cc57_0.conda#7d3fcb33b1b3ce559d8e83699504d9ee
https://conda.anaconda.org/conda-forge/win-64/statsmodels-0.14.4-py312h1a27103_0.conda#328f5cc12ebb18fb7739478c33285b03
https://conda.anaconda.org/conda-forge/win-64/timezonefinder-6.5.4-py312h4389bb4_0.conda#33d93a4b954c99e302aaa5364d387e2f
https://conda.anaconda.org/conda-forge/noarch/xarray-2024.10.0-pyhd8ed1ab_0.conda#53e365732dfa053c4d19fc6b927392c4
https://conda.anaconda.org/conda-forge/noarch/zarr-2.18.3-pyhd8ed1ab_1.conda#3e9a0fee25417c432c4780b9597fc312
https://conda.anaconda.org/conda-forge/win-64/cartopy-0.24.0-py312h72972c8_0.conda#a02c6799b4908a046d36aa2f0b69c9bc
https://conda.anaconda.org/conda-forge/noarch/cf_xarray-0.10.0-pyhd8ed1ab_2.conda#ed15dcf944706ae6ea54968dfa4a06a5
https://conda.anaconda.org/conda-forge/noarch/cfgrib-0.9.14.1-pyhd8ed1ab_1.conda#e0d0cb61b2518a98a83e221fc55e8815
https://conda.anaconda.org/conda-forge/noarch/dask-geopandas-0.4.2-pyhd8ed1ab_1.conda#99c390267721004da5fa9c2a0562e943
https://conda.anaconda.org/conda-forge/noarch/datashader-0.17.0-pyhd8ed1ab_0.conda#e7511f05f4938cb0d988026507fed69a
https://conda.anaconda.org/conda-forge/win-64/libarrow-dataset-17.0.0-h7d8d6a5_47_cpu.conda#41183cbc61405b774f0609cb026095ba
https://conda.anaconda.org/conda-forge/noarch/mapclassify-2.8.1-pyhd8ed1ab_1.conda#c48bbb2bcc3f9f46741a7915d67e6839
https://conda.anaconda.org/conda-forge/win-64/matplotlib-3.9.2-py312h2e8e312_2.conda#b673aeeef3a5de490afc69b1f607a716
https://conda.anaconda.org/conda-forge/noarch/panel-1.5.3-pyhd8ed1ab_0.conda#058794444fc8aafcb0385788ce58e979
https://conda.anaconda.org/conda-forge/noarch/rioxarray-0.17.0-pyhd8ed1ab_1.conda#bd4b362bdee5f1b798922722c139b578
https://conda.anaconda.org/conda-forge/noarch/geopandas-1.0.1-pyhd8ed1ab_3.conda#1baca589eb35814a392eaad6d152447e
https://conda.anaconda.org/conda-forge/noarch/holoviews-1.20.0-pyhd8ed1ab_1.conda#3973498211a3d6943e445669762a065d
https://conda.anaconda.org/conda-forge/win-64/libarrow-substrait-17.0.0-h3dbecdf_47_cpu.conda#d35b5214b379152acbd6594cc6e42bd3
https://conda.anaconda.org/conda-forge/noarch/metpy-1.6.3-pyhd8ed1ab_1.conda#1edcfa210aeb3d5bba4331fe940f1f53
https://conda.anaconda.org/conda-forge/noarch/geoviews-core-1.13.0-pyha770c72_0.conda#e59925a00efb42c08cf0fef58f779bb4
https://conda.anaconda.org/conda-forge/noarch/hvplot-0.11.1-pyhd8ed1ab_0.conda#dbc57da07daee81a9cd76586217c7cbb
https://conda.anaconda.org/conda-forge/noarch/intake-geopandas-0.4.0-pyhd8ed1ab_1.conda#b1e2b5665d15c2d62d99bec8aedda0da
https://conda.anaconda.org/conda-forge/win-64/pyarrow-17.0.0-py312h7e22eef_2.conda#5601751f674c1ecc1629cdf76f22ab61
https://conda.anaconda.org/conda-forge/noarch/dask-expr-1.1.17-pyhd8ed1ab_0.conda#4f75a3a76e9f693fc33be59485f46fcf
https://conda.anaconda.org/conda-forge/noarch/geoviews-1.13.0-hd8ed1ab_0.conda#698044f99f2a768ea97ad4eaf60eeaea
https://conda.anaconda.org/conda-forge/noarch/dask-2024.11.0-pyhd8ed1ab_0.conda#9a25bf7e2a910e85209218896f2adeb9
https://conda.anaconda.org/conda-forge/noarch/dask-gateway-2024.1.0-pyh57928b3_1.conda#6164aaeb0639a5d63faeecd368405986
https://conda.anaconda.org/conda-forge/noarch/intake-esm-2023.11.10-pyhd8ed1ab_0.conda#e0c73b7dc6419a243c5fe104ec241a48
https://conda.anaconda.org/conda-forge/noarch/intake-xarray-0.7.0-pyhd8ed1ab_0.conda#d6471673fac9fa8f13a2517315ffcf6b
https://conda.anaconda.org/conda-forge/noarch/xclim-0.53.1-pyhd8ed1ab_0.conda#095e59e596d7f02edc0ea8789570bedd
