# Generated by conda-lock.
# platform: linux-64
# input_hash: 63ff1f6aa536d967454bae093076279de487c2c80c58f9adf6b1062835235161
@EXPLICIT
https://conda.anaconda.org/conda-forge/linux-64/_libgcc_mutex-0.1-conda_forge.tar.bz2#d7c89558ba9fa0495403155b64376d81
https://conda.anaconda.org/conda-forge/linux-64/ca-certificates-2024.8.30-hbcca054_0.conda#c27d1c142233b5bc9ca570c6e2e0c244
https://conda.anaconda.org/conda-forge/noarch/font-ttf-dejavu-sans-mono-2.37-hab24e00_0.tar.bz2#0c96522c6bdaed4b1566d11387caaf45
https://conda.anaconda.org/conda-forge/noarch/font-ttf-inconsolata-3.000-h77eed37_0.tar.bz2#34893075a5c9e55cdafac56607368fc6
https://conda.anaconda.org/conda-forge/noarch/font-ttf-source-code-pro-2.038-h77eed37_0.tar.bz2#4d59c254e01d9cde7957100457e2d5fb
https://conda.anaconda.org/conda-forge/noarch/font-ttf-ubuntu-0.83-h77eed37_3.conda#49023d73832ef61042f6a237cb2687e7
https://conda.anaconda.org/conda-forge/linux-64/python_abi-3.12-5_cp312.conda#0424ae29b104430108f5218a66db7260
https://conda.anaconda.org/conda-forge/noarch/tzdata-2024b-hc8b5060_0.conda#8ac3367aafb1cc0a068483c580af8015
https://conda.anaconda.org/conda-forge/noarch/fonts-conda-forge-1-0.tar.bz2#f766549260d6815b0c52253f1fb1bb29
https://conda.anaconda.org/conda-forge/linux-64/ld_impl_linux-64-2.43-h712a8e2_2.conda#048b02e3962f066da18efe3a21b77672
https://conda.anaconda.org/conda-forge/linux-64/libglvnd-1.7.0-ha4b6fd6_2.conda#434ca7e50e40f4918ab701e3facd59a0
https://conda.anaconda.org/conda-forge/linux-64/libgomp-14.2.0-h77fa898_1.conda#cc3573974587f12dda90d96e3e55a702
https://conda.anaconda.org/conda-forge/linux-64/_openmp_mutex-4.5-2_gnu.tar.bz2#73aaf86a425cc6e73fcf236a5a46396d
https://conda.anaconda.org/conda-forge/noarch/fonts-conda-ecosystem-1-0.tar.bz2#fee5683a3f04bd15cbd8318b096a27ab
https://conda.anaconda.org/conda-forge/linux-64/libegl-1.7.0-ha4b6fd6_2.conda#c151d5eb730e9b7480e6d48c0fc44048
https://conda.anaconda.org/conda-forge/linux-64/libopengl-1.7.0-ha4b6fd6_2.conda#7df50d44d4a14d6c31a2c54f2cd92157
https://conda.anaconda.org/conda-forge/linux-64/libgcc-14.2.0-h77fa898_1.conda#3cb76c3f10d3bc7f1105b2fc9db984df
https://conda.anaconda.org/conda-forge/linux-64/alsa-lib-1.2.13-hb9d3cd8_0.conda#ae1370588aa6a5157c34c73e9bbb36a0
https://conda.anaconda.org/conda-forge/linux-64/aws-c-common-0.10.3-hb9d3cd8_0.conda#ff3653946d34a6a6ba10babb139d96ef
https://conda.anaconda.org/conda-forge/linux-64/c-ares-1.34.3-hb9d3cd8_1.conda#ee228789a85f961d14567252a03e725f
https://conda.anaconda.org/conda-forge/linux-64/json-c-0.18-h6688a6e_0.conda#38f5dbc9ac808e31c00650f7be1db93f
https://conda.anaconda.org/conda-forge/linux-64/libbrotlicommon-1.1.0-hb9d3cd8_2.conda#41b599ed2b02abcfdd84302bff174b23
https://conda.anaconda.org/conda-forge/linux-64/libdeflate-1.22-hb9d3cd8_0.conda#b422943d5d772b7cc858b36ad2a92db5
https://conda.anaconda.org/conda-forge/linux-64/libexpat-2.6.4-h5888daf_0.conda#db833e03127376d461e1e13e76f09b6c
https://conda.anaconda.org/conda-forge/linux-64/libgcc-ng-14.2.0-h69a702a_1.conda#e39480b9ca41323497b05492a63bc35b
https://conda.anaconda.org/conda-forge/linux-64/libgfortran5-14.2.0-hd5240d6_1.conda#9822b874ea29af082e5d36098d25427d
https://conda.anaconda.org/conda-forge/linux-64/libstdcxx-14.2.0-hc0a3c3a_1.conda#234a5554c53625688d51062645337328
https://conda.anaconda.org/conda-forge/linux-64/libutf8proc-2.9.0-hb9d3cd8_1.conda#1e936bd23d737aac62a18e9a1e7f8b18
https://conda.anaconda.org/conda-forge/linux-64/libzlib-1.3.1-hb9d3cd8_2.conda#edb0dca6bc32e4f4789199455a1dbeb8
https://conda.anaconda.org/conda-forge/linux-64/openssl-3.4.0-hb9d3cd8_0.conda#23cc74f77eb99315c0360ec3533147a9
https://conda.anaconda.org/conda-forge/linux-64/pthread-stubs-0.4-hb9d3cd8_1002.conda#b3c17d95b5a10c6e64a21fa17573e70e
https://conda.anaconda.org/conda-forge/linux-64/xorg-libice-1.1.1-hb9d3cd8_1.conda#19608a9656912805b2b9a2f6bd257b04
https://conda.anaconda.org/conda-forge/linux-64/xorg-libxau-1.0.11-hb9d3cd8_1.conda#77cbc488235ebbaab2b6e912d3934bae
https://conda.anaconda.org/conda-forge/linux-64/xorg-libxdmcp-1.1.5-hb9d3cd8_0.conda#8035c64cb77ed555e3f150b7b3972480
https://conda.anaconda.org/conda-forge/linux-64/xorg-xorgproto-2024.1-hb9d3cd8_1.conda#7c21106b851ec72c037b162c216d8f05
https://conda.anaconda.org/conda-forge/linux-64/aws-c-cal-0.8.0-hecf86a2_2.conda#c54459d686ad9d0502823cacff7e8423
https://conda.anaconda.org/conda-forge/linux-64/aws-c-compression-0.3.0-hf42f96a_2.conda#257f4ae92fe11bd8436315c86468c39b
https://conda.anaconda.org/conda-forge/linux-64/aws-c-sdkutils-0.2.1-hf42f96a_1.conda#bbdd20fb1994a9f0ba98078fcb6c12ab
https://conda.anaconda.org/conda-forge/linux-64/aws-checksums-0.2.2-hf42f96a_1.conda#d908d43d87429be24edfb20e96543c20
https://conda.anaconda.org/conda-forge/linux-64/bzip2-1.0.8-h4bc722e_7.conda#62ee74e96c5ebb0af99386de58cf9553
https://conda.anaconda.org/conda-forge/linux-64/dav1d-1.2.1-hd590300_0.conda#418c6ca5929a611cbd69204907a83995
https://conda.anaconda.org/conda-forge/linux-64/expat-2.6.4-h5888daf_0.conda#1d6afef758879ef5ee78127eb4cd2c4a
https://conda.anaconda.org/conda-forge/linux-64/geos-3.13.0-h5888daf_0.conda#40b4ab956c90390e407bb177f8a58bab
https://conda.anaconda.org/conda-forge/linux-64/gflags-2.2.2-h5888daf_1005.conda#d411fc29e338efb48c5fd4576d71d881
https://conda.anaconda.org/conda-forge/linux-64/giflib-5.2.2-hd590300_0.conda#3bf7b9fd5a7136126e0234db4b87c8b6
https://conda.anaconda.org/conda-forge/linux-64/keyutils-1.6.1-h166bdaf_0.tar.bz2#30186d27e2c9fa62b45fb1476b7200e3
https://conda.anaconda.org/conda-forge/linux-64/libabseil-20240722.0-cxx17_h5888daf_1.conda#e1f604644fe8d78e22660e2fec6756bc
https://conda.anaconda.org/conda-forge/linux-64/libbrotlidec-1.1.0-hb9d3cd8_2.conda#9566f0bd264fbd463002e759b8a82401
https://conda.anaconda.org/conda-forge/linux-64/libbrotlienc-1.1.0-hb9d3cd8_2.conda#06f70867945ea6a84d35836af780f1de
https://conda.anaconda.org/conda-forge/linux-64/libev-4.33-hd590300_2.conda#172bf1cd1ff8629f2b1179945ed45055
https://conda.anaconda.org/conda-forge/linux-64/libevent-2.1.12-hf998b51_1.conda#a1cfcc585f0c42bf8d5546bb1dfb668d
https://conda.anaconda.org/conda-forge/linux-64/libffi-3.4.2-h7f98852_5.tar.bz2#d645c6d2ac96843a2bfaccd2d62b3ac3
https://conda.anaconda.org/conda-forge/linux-64/libgfortran-14.2.0-h69a702a_1.conda#f1fd30127802683586f768875127a987
https://conda.anaconda.org/conda-forge/linux-64/libiconv-1.17-hd590300_2.conda#d66573916ffcf376178462f1b61c941e
https://conda.anaconda.org/conda-forge/linux-64/libjpeg-turbo-3.0.0-hd590300_1.conda#ea25936bb4080d843790b586850f82b8
https://conda.anaconda.org/conda-forge/linux-64/libnsl-2.0.1-hd590300_0.conda#30fd6e37fe21f86f4bd26d6ee73eeec7
https://conda.anaconda.org/conda-forge/linux-64/libntlm-1.4-h7f98852_1002.tar.bz2#e728e874159b042d92b90238a3cb0dc2
https://conda.anaconda.org/conda-forge/linux-64/libpciaccess-0.18-hd590300_0.conda#48f4330bfcd959c3cfb704d424903c82
https://conda.anaconda.org/conda-forge/linux-64/libpng-1.6.44-hadc24fc_0.conda#f4cc49d7aa68316213e4b12be35308d1
https://conda.anaconda.org/conda-forge/linux-64/libsqlite-3.47.0-hadc24fc_1.conda#b6f02b52a174e612e89548f4663ce56a
https://conda.anaconda.org/conda-forge/linux-64/libssh2-1.11.1-hf672d98_0.conda#be2de152d8073ef1c01b7728475f2fe7
https://conda.anaconda.org/conda-forge/linux-64/libstdcxx-ng-14.2.0-h4852527_1.conda#8371ac6457591af2cf6159439c1fd051
https://conda.anaconda.org/conda-forge/linux-64/libuuid-2.38.1-h0b41bf4_0.conda#40b61aab5c7ba9ff276c41cfffe6b80b
https://conda.anaconda.org/conda-forge/linux-64/libwebp-base-1.4.0-hd590300_0.conda#b26e8aa824079e1be0294e7152ca4559
https://conda.anaconda.org/conda-forge/linux-64/libxcb-1.17.0-h8a09558_0.conda#92ed62436b625154323d40d5f2f11dd7
https://conda.anaconda.org/conda-forge/linux-64/libxcrypt-4.4.36-hd590300_1.conda#5aa797f8787fe7a17d1b0821485b5adc
https://conda.anaconda.org/conda-forge/linux-64/lzo-2.10-hd590300_1001.conda#ec7398d21e2651e0dcb0044d03b9a339
https://conda.anaconda.org/conda-forge/linux-64/mysql-common-9.0.1-h266115a_2.conda#85c0dc0bcd110c998b01856975486ee7
https://conda.anaconda.org/conda-forge/linux-64/ncurses-6.5-he02047a_1.conda#70caf8bb6cf39a0b6b7efc885f51c0fe
https://conda.anaconda.org/conda-forge/linux-64/rav1e-0.6.6-he8a937b_2.conda#77d9955b4abddb811cb8ab1aa7d743e4
https://conda.anaconda.org/conda-forge/linux-64/s2n-1.5.9-h0fd0ee4_0.conda#f472432f3753c5ca763d2497e2ea30bf
https://conda.anaconda.org/conda-forge/linux-64/svt-av1-2.3.0-h5888daf_0.conda#355898d24394b2af353eb96358db9fdd
https://conda.anaconda.org/conda-forge/linux-64/tk-8.6.13-noxft_h4845f30_101.conda#d453b98d9c83e71da0741bb0ff4d76bc
https://conda.anaconda.org/conda-forge/linux-64/xz-5.2.6-h166bdaf_0.tar.bz2#2161070d867d1b1204ea749c8eec4ef0
https://conda.anaconda.org/conda-forge/linux-64/yaml-0.2.5-h7f98852_2.tar.bz2#4cb3ad778ec2d5a7acbdf254eb1c42ae
https://conda.anaconda.org/conda-forge/linux-64/zlib-1.3.1-hb9d3cd8_2.conda#c9f075ab2f33b3bbee9e62d4ad0a6cd8
https://conda.anaconda.org/conda-forge/linux-64/aom-3.9.1-hac33072_0.conda#346722a0be40f6edc53f12640d301338
https://conda.anaconda.org/conda-forge/linux-64/aws-c-io-0.15.2-hdeadb07_2.conda#461a1eaa075fd391add91bcffc9de0c1
https://conda.anaconda.org/conda-forge/linux-64/brotli-bin-1.1.0-hb9d3cd8_2.conda#c63b5e52939e795ba8d26e35d767a843
https://conda.anaconda.org/conda-forge/linux-64/double-conversion-3.3.0-h59595ed_0.conda#c2f83a5ddadadcdb08fe05863295ee97
https://conda.anaconda.org/conda-forge/linux-64/freetype-2.12.1-h267a509_2.conda#9ae35c3d96db2c94ce0cef86efdfa2cb
https://conda.anaconda.org/conda-forge/linux-64/glog-0.7.1-hbabe93e_0.conda#ff862eebdfeb2fd048ae9dc92510baca
https://conda.anaconda.org/conda-forge/linux-64/graphite2-1.3.13-h59595ed_1003.conda#f87c7b7c2cb45f323ffbce941c78ab7c
https://conda.anaconda.org/conda-forge/linux-64/hdf4-4.2.15-h2a13503_7.conda#bd77f8da987968ec3927990495dc22e4
https://conda.anaconda.org/conda-forge/linux-64/icu-75.1-he02047a_0.conda#8b189310083baabfb622af68fd9d3ae3
https://conda.anaconda.org/conda-forge/linux-64/lerc-4.0.0-h27087fc_0.tar.bz2#76bbff344f0134279f225174e9064c8f
https://conda.anaconda.org/conda-forge/linux-64/libaec-1.1.3-h59595ed_0.conda#5e97e271911b8b2001a8b71860c32faa
https://conda.anaconda.org/conda-forge/linux-64/libcrc32c-1.1.2-h9c3ff4c_0.tar.bz2#c965a5aa0d5c1c37ffc62dff36e28400
https://conda.anaconda.org/conda-forge/linux-64/libde265-1.0.15-h00ab1b0_0.conda#407fee7a5d7ab2dca12c9ca7f62310ad
https://conda.anaconda.org/conda-forge/linux-64/libdrm-2.4.123-hb9d3cd8_0.conda#ee605e794bdc14e2b7f84c4faa0d8c2c
https://conda.anaconda.org/conda-forge/linux-64/libedit-3.1.20191231-he28a2e2_2.tar.bz2#4d331e44109e3f0e19b4cb8f9b82f3e1
https://conda.anaconda.org/conda-forge/linux-64/libllvm14-14.0.6-hcd5def8_4.conda#73301c133ded2bf71906aa2104edae8b
https://conda.anaconda.org/conda-forge/linux-64/libnghttp2-1.64.0-h161d5f1_0.conda#19e57602824042dfd0446292ef90488b
https://conda.anaconda.org/conda-forge/linux-64/libopenblas-0.3.28-pthreads_h94d23a6_1.conda#62857b389e42b36b686331bec0922050
https://conda.anaconda.org/conda-forge/linux-64/libprotobuf-5.28.2-h5b01275_0.conda#ab0bff36363bec94720275a681af8b83
https://conda.anaconda.org/conda-forge/linux-64/libre2-11-2024.07.02-hbbce691_1.conda#2124de47357b7a516c0a3efd8f88c143
https://conda.anaconda.org/conda-forge/linux-64/librttopo-1.1.0-h97f6797_17.conda#e16e9b1333385c502bf915195f421934
https://conda.anaconda.org/conda-forge/linux-64/libthrift-0.21.0-h0e7cc3e_0.conda#dcb95c0a98ba9ff737f7ae482aef7833
https://conda.anaconda.org/conda-forge/linux-64/libzip-1.11.2-h6991a6a_0.conda#a7b27c075c9b7f459f1c022090697cba
https://conda.anaconda.org/conda-forge/linux-64/lz4-c-1.9.4-hcb278e6_0.conda#318b08df404f9c9be5712aaa5a6f0bb0
https://conda.anaconda.org/conda-forge/linux-64/pcre2-10.44-hba22ea6_2.conda#df359c09c41cd186fffb93a2d87aa6f5
https://conda.anaconda.org/conda-forge/linux-64/pixman-0.43.2-h59595ed_0.conda#71004cbf7924e19c02746ccde9fd7123
https://conda.anaconda.org/conda-forge/linux-64/qhull-2020.2-h434a139_5.conda#353823361b1d27eb3960efb076dfcaf6
https://conda.anaconda.org/conda-forge/linux-64/readline-8.2-h8228510_1.conda#47d31b792659ce70f470b5c82fdfb7a4
https://conda.anaconda.org/conda-forge/linux-64/snappy-1.2.1-ha2e4443_0.conda#6b7dcc7349efd123d493d2dbe85a045f
https://conda.anaconda.org/conda-forge/linux-64/uriparser-0.9.8-hac33072_0.conda#d71d3a66528853c0a1ac2c02d79a0284
https://conda.anaconda.org/conda-forge/linux-64/wayland-1.23.1-h3e06ad9_0.conda#0a732427643ae5e0486a727927791da1
https://conda.anaconda.org/conda-forge/linux-64/x265-3.5-h924138e_3.tar.bz2#e7f6ed84d4623d52ee581325c1587a6b
https://conda.anaconda.org/conda-forge/linux-64/xcb-util-0.4.1-hb711507_2.conda#8637c3e5821654d0edf97e2b0404b443
https://conda.anaconda.org/conda-forge/linux-64/xcb-util-keysyms-0.4.1-hb711507_0.conda#ad748ccca349aec3e91743e08b5e2b50
https://conda.anaconda.org/conda-forge/linux-64/xcb-util-renderutil-0.3.10-hb711507_0.conda#0e0cbe0564d03a99afd5fd7b362feecd
https://conda.anaconda.org/conda-forge/linux-64/xcb-util-wm-0.4.2-hb711507_0.conda#608e0ef8256b81d04456e8d211eee3e8
https://conda.anaconda.org/conda-forge/linux-64/xorg-libsm-1.2.4-he73a12e_1.conda#05a8ea5f446de33006171a7afe6ae857
https://conda.anaconda.org/conda-forge/linux-64/xorg-libx11-1.8.10-h4f16b4b_0.conda#0b666058a179b744a622d0a4a0c56353
https://conda.anaconda.org/conda-forge/linux-64/zstd-1.5.6-ha6fb4c9_0.conda#4d056880988120e29d75bfff282e0f45
https://conda.anaconda.org/conda-forge/linux-64/aws-c-event-stream-0.5.0-h1ffe551_7.conda#7cce4dfab184f4bbdfc160789251b3c5
https://conda.anaconda.org/conda-forge/linux-64/aws-c-http-0.9.1-hab05fe4_2.conda#fb409f7053fa3dbbdf6eb41045a87795
https://conda.anaconda.org/conda-forge/linux-64/blosc-1.21.6-hef167b5_0.conda#54fe76ab3d0189acaef95156874db7f9
https://conda.anaconda.org/conda-forge/linux-64/brotli-1.1.0-hb9d3cd8_2.conda#98514fe74548d768907ce7a13f680e8f
https://conda.anaconda.org/conda-forge/linux-64/fontconfig-2.15.0-h7e30c49_1.conda#8f5b0b297b59e1ac160ad4beec99dbee
https://conda.anaconda.org/conda-forge/linux-64/krb5-1.21.3-h659f571_0.conda#3f43953b7d3fb3aaa1d0d0723d91e368
https://conda.anaconda.org/conda-forge/linux-64/libavif16-1.1.1-h1909e37_2.conda#21e468ed3786ebcb2124b123aa2484b7
https://conda.anaconda.org/conda-forge/linux-64/libblas-3.9.0-25_linux64_openblas.conda#8ea26d42ca88ec5258802715fe1ee10b
https://conda.anaconda.org/conda-forge/linux-64/libglib-2.82.2-h2ff4ddf_0.conda#13e8e54035ddd2b91875ba399f0f7c04
https://conda.anaconda.org/conda-forge/linux-64/libglx-1.7.0-ha4b6fd6_2.conda#c8013e438185f33b13814c5c488acd5c
https://conda.anaconda.org/conda-forge/linux-64/libkml-1.3.0-hf539b9f_1021.conda#e8c7620cc49de0c6a2349b6dd6e39beb
https://conda.anaconda.org/conda-forge/linux-64/libtiff-4.7.0-he137b08_1.conda#63872517c98aa305da58a757c443698e
https://conda.anaconda.org/conda-forge/linux-64/libxml2-2.13.5-hb346dea_0.conda#c81a9f1118541aaa418ccb22190c817e
https://conda.anaconda.org/conda-forge/linux-64/minizip-4.0.7-h401b404_0.conda#4474532a312b2245c5c77f1176989b46
https://conda.anaconda.org/conda-forge/linux-64/mysql-libs-9.0.1-he0572af_2.conda#57a9e7ee3c0840d3c8c9012473978629
https://conda.anaconda.org/conda-forge/linux-64/orc-2.0.3-he039a57_0.conda#052499acd6d6b79952197a13b23e2600
https://conda.anaconda.org/conda-forge/linux-64/python-3.12.7-hc5c86c4_0_cpython.conda#0515111a9cdf69f83278f7c197db9807
https://conda.anaconda.org/conda-forge/linux-64/re2-2024.07.02-h77b4e00_1.conda#01093ff37c1b5e6bf9f17c0116747d11
https://conda.anaconda.org/conda-forge/linux-64/sqlite-3.47.0-h9eae976_1.conda#53abf1ef70b9ae213b22caa5350f97a9
https://conda.anaconda.org/conda-forge/linux-64/xcb-util-image-0.4.0-hb711507_2.conda#a0901183f08b6c7107aab109733a3c91
https://conda.anaconda.org/conda-forge/linux-64/xerces-c-3.2.5-h988505b_2.conda#9dda9667feba914e0e80b95b82f7402b
https://conda.anaconda.org/conda-forge/linux-64/xkeyboard-config-2.43-hb9d3cd8_0.conda#f725c7425d6d7c15e31f3b99a88ea02f
https://conda.anaconda.org/conda-forge/linux-64/xorg-libxext-1.3.6-hb9d3cd8_0.conda#febbab7d15033c913d53c7a2c102309d
https://conda.anaconda.org/conda-forge/linux-64/xorg-libxfixes-6.0.1-hb9d3cd8_0.conda#4bdb303603e9821baf5fe5fdff1dc8f8
https://conda.anaconda.org/conda-forge/linux-64/xorg-libxrender-0.9.11-hb9d3cd8_1.conda#a7a49a8b85122b49214798321e2e96b4
https://conda.anaconda.org/conda-forge/noarch/affine-2.4.0-pyhd8ed1ab_0.conda#ae5f4ad87126c55ba3f690ef07f81d64
https://conda.anaconda.org/conda-forge/noarch/aiohappyeyeballs-2.4.4-pyhd8ed1ab_0.conda#8d6f8a679aa0272ba8d6092ce4824870
https://conda.anaconda.org/conda-forge/noarch/asciitree-0.3.3-py_2.tar.bz2#c0481c9de49f040272556e2cedf42816
https://conda.anaconda.org/conda-forge/noarch/asttokens-3.0.0-pyhd8ed1ab_0.conda#454950e9fa3a0c59880de0ac7a6bc8c4
https://conda.anaconda.org/conda-forge/noarch/attrs-24.2.0-pyh71513ae_0.conda#6732fa52eb8e66e5afeb32db8701a791
https://conda.anaconda.org/conda-forge/linux-64/aws-c-auth-0.8.0-hb88c0a9_10.conda#409b7ee6d3473cc62bda7280f6ac20d0
https://conda.anaconda.org/conda-forge/linux-64/aws-c-mqtt-0.11.0-h7bd072d_8.conda#0e9d67838114c0dbd267a9311268b331
https://conda.anaconda.org/conda-forge/noarch/boltons-24.0.0-pyhd8ed1ab_0.conda#61de176bd62041f9cd5bd4fcd09eb0ff
https://conda.anaconda.org/conda-forge/linux-64/brotli-python-1.1.0-py312h2ec8cdc_2.conda#b0b867af6fc74b2a0aa206da29c0f3cf
https://conda.anaconda.org/conda-forge/noarch/cached_property-1.5.2-pyha770c72_1.tar.bz2#576d629e47797577ab0f1b351297ef4a
https://conda.anaconda.org/conda-forge/linux-64/cairo-1.18.0-hebfffa5_3.conda#fceaedf1cdbcb02df9699a0d9b005292
https://conda.anaconda.org/conda-forge/noarch/certifi-2024.8.30-pyhd8ed1ab_0.conda#12f7d00853807b0531775e9be891cb11
https://conda.anaconda.org/conda-forge/noarch/charset-normalizer-3.4.0-pyhd8ed1ab_0.conda#a374efa97290b8799046df7c5ca17164
https://conda.anaconda.org/conda-forge/noarch/click-8.1.7-unix_pyh707e725_0.conda#f3ad426304898027fc619827ff428eca
https://conda.anaconda.org/conda-forge/noarch/cloudpickle-3.1.0-pyhd8ed1ab_1.conda#c88ca2bb7099167912e3b26463fff079
https://conda.anaconda.org/conda-forge/noarch/colorama-0.4.6-pyhd8ed1ab_0.tar.bz2#3faab06a954c2a04039983f2c4a50d99
https://conda.anaconda.org/conda-forge/noarch/colorcet-3.1.0-pyhd8ed1ab_0.conda#4d155b600b63bc6ba89d91fab74238f8
https://conda.anaconda.org/conda-forge/noarch/cycler-0.12.1-pyhd8ed1ab_0.conda#5cd86562580f274031ede6aa6aa24441
https://conda.anaconda.org/conda-forge/linux-64/cyrus-sasl-2.1.27-h54b06d7_7.conda#dce22f70b4e5a407ce88f2be046f4ceb
https://conda.anaconda.org/conda-forge/linux-64/dbus-1.13.6-h5008d03_3.tar.bz2#ecfff944ba3960ecb334b9a2663d708d
https://conda.anaconda.org/conda-forge/noarch/decorator-5.1.1-pyhd8ed1ab_0.tar.bz2#43afe5ab04e35e17ba28649471dd7364
https://conda.anaconda.org/conda-forge/noarch/docopt-ng-0.9.0-pyhd8ed1ab_0.conda#d69e9163b8c89b27df532b988843c8de
https://conda.anaconda.org/conda-forge/noarch/exceptiongroup-1.2.2-pyhd8ed1ab_0.conda#d02ae936e42063ca46af6cdad2dbd1e0
https://conda.anaconda.org/conda-forge/noarch/executing-2.1.0-pyhd8ed1ab_0.conda#d0441db20c827c11721889a241df1220
https://conda.anaconda.org/conda-forge/noarch/fasteners-0.17.3-pyhd8ed1ab_0.tar.bz2#348e27e78a5e39090031448c72f66d5e
https://conda.anaconda.org/conda-forge/noarch/fastprogress-1.0.3-pyhd8ed1ab_0.tar.bz2#1690639d3647fde6edf4f00c8f87c263
https://conda.anaconda.org/conda-forge/noarch/findlibs-0.0.5-pyhd8ed1ab_0.conda#8f325f63020af6f7acbe2c4cb4c920db
https://conda.anaconda.org/conda-forge/linux-64/freexl-2.0.0-h743c826_0.conda#12e6988845706b2cfbc3bc35c9a61a95
https://conda.anaconda.org/conda-forge/linux-64/frozenlist-1.5.0-py312h66e93f0_0.conda#f98e36c96b2c66d9043187179ddb04f4
https://conda.anaconda.org/conda-forge/noarch/fsspec-2024.10.0-pyhff2d567_0.conda#816dbc4679a64e4417cd1385d661bb31
https://conda.anaconda.org/conda-forge/noarch/idna-3.10-pyhd8ed1ab_0.conda#7ba2ede0e7c795ff95088daf0dc59753
https://conda.anaconda.org/conda-forge/noarch/iniconfig-2.0.0-pyhd8ed1ab_0.conda#f800d2da156d08e289b14e87e43c1ae5
https://conda.anaconda.org/conda-forge/noarch/jmespath-1.0.1-pyhd8ed1ab_0.tar.bz2#2cfa3e1cf3fb51bb9b17acc5b5e9ea11
https://conda.anaconda.org/conda-forge/linux-64/kiwisolver-1.4.7-py312h68727a3_0.conda#444266743652a4f1538145e9362f6d3b
https://conda.anaconda.org/conda-forge/linux-64/lcms2-2.16-hb7c19ff_0.conda#51bb7010fc86f70eee639b4bb7a894f5
https://conda.anaconda.org/conda-forge/noarch/legacy-cgi-2.6.1-pyh5b84bb0_3.conda#f258b7f54b5d9ddd02441f10c4dca2ac
https://conda.anaconda.org/conda-forge/linux-64/libarchive-3.7.7-hadbb8c3_0.conda#4a099677417658748239616b6ca96bb6
https://conda.anaconda.org/conda-forge/linux-64/libcblas-3.9.0-25_linux64_openblas.conda#5dbd1b0fc0d01ec5e0e1fbe667281a11
https://conda.anaconda.org/conda-forge/linux-64/libcups-2.3.3-h4637d8d_4.conda#d4529f4dff3057982a7617c7ac58fde3
https://conda.anaconda.org/conda-forge/linux-64/libcurl-8.10.1-hbbe4b11_0.conda#6e801c50a40301f6978c53976917b277
https://conda.anaconda.org/conda-forge/linux-64/libgl-1.7.0-ha4b6fd6_2.conda#928b8be80851f5d8ffb016f9c81dae7a
https://conda.anaconda.org/conda-forge/linux-64/libgrpc-1.67.1-hc2c308b_0.conda#4606a4647bfe857e3cfe21ca12ac3afb
https://conda.anaconda.org/conda-forge/linux-64/libheif-1.18.2-gpl_hffcb242_100.conda#76ac2c07b62d45c192940f010eea11fa
https://conda.anaconda.org/conda-forge/linux-64/liblapack-3.9.0-25_linux64_openblas.conda#4dc03a53fc69371a6158d0ed37214cd3
https://conda.anaconda.org/conda-forge/linux-64/libllvm19-19.1.4-ha7bfdaf_1.conda#886acc67bcba28a5c6b429aad2f057ce
https://conda.anaconda.org/conda-forge/linux-64/libxkbcommon-1.7.0-h2c5496b_1.conda#e2eaefa4de2b7237af7c907b8bbc760a
https://conda.anaconda.org/conda-forge/linux-64/libxslt-1.1.39-h76b75d6_0.conda#e71f31f8cfb0a91439f2086fc8aa0461
https://conda.anaconda.org/conda-forge/linux-64/llvmlite-0.43.0-py312h374181b_1.conda#ed6ead7e9ab9469629c6cfb363b5c6e2
https://conda.anaconda.org/conda-forge/noarch/locket-1.0.0-pyhd8ed1ab_0.tar.bz2#91e27ef3d05cc772ce627e51cff111c4
https://conda.anaconda.org/conda-forge/linux-64/lz4-4.3.3-py312hb3f7f12_1.conda#b99d90ef4e77acdab74828f79705a919
https://conda.anaconda.org/conda-forge/linux-64/markupsafe-3.0.2-py312h178313f_0.conda#a755704ea0e2503f8c227d84829a8e81
https://conda.anaconda.org/conda-forge/noarch/mdurl-0.1.2-pyhd8ed1ab_0.conda#776a8dd9e824f77abac30e6ef43a8f7a
https://conda.anaconda.org/conda-forge/linux-64/msgpack-python-1.1.0-py312h68727a3_0.conda#5c9b020a3f86799cdc6115e55df06146
https://conda.anaconda.org/conda-forge/linux-64/multidict-6.1.0-py312h178313f_1.conda#e397d9b841c37fc3180b73275ce7e990
https://conda.anaconda.org/conda-forge/noarch/munkres-1.1.4-pyh9f0ad1d_0.tar.bz2#2ba8498c1018c1e9c61eb99b973dfe19
https://conda.anaconda.org/conda-forge/noarch/networkx-3.4.2-pyh267e887_2.conda#fd40bf7f7f4bc4b647dc8512053d9873
https://conda.anaconda.org/conda-forge/linux-64/openjpeg-2.5.2-h488ebb8_0.conda#7f2e286780f072ed750df46dc2631138
https://conda.anaconda.org/conda-forge/noarch/packaging-24.2-pyhff2d567_1.conda#8508b703977f4c4ada34d657d051972c
https://conda.anaconda.org/conda-forge/noarch/param-2.1.1-pyhff2d567_0.conda#bd991333d5bc659bb82bfb5a5d4c1576
https://conda.anaconda.org/conda-forge/noarch/parso-0.8.4-pyhd8ed1ab_0.conda#81534b420deb77da8833f2289b8d47ac
https://conda.anaconda.org/conda-forge/noarch/pickleshare-0.7.5-py_1003.tar.bz2#415f0ebb6198cc2801c73438a9fb5761
https://conda.anaconda.org/conda-forge/noarch/platformdirs-4.3.6-pyhd8ed1ab_0.conda#fd8f2b18b65bbf62e8f653100690c8d2
https://conda.anaconda.org/conda-forge/noarch/pluggy-1.5.0-pyhd8ed1ab_0.conda#d3483c8fc2dc2cc3f5cf43e26d60cabf
https://conda.anaconda.org/conda-forge/linux-64/propcache-0.2.0-py312h66e93f0_2.conda#2c6c0c68f310bc33972e7c83264d7786
https://conda.anaconda.org/conda-forge/linux-64/psutil-5.9.8-py312h98912ed_0.conda#3facaca6cc0f7988df3250efccd32da3
https://conda.anaconda.org/conda-forge/noarch/ptyprocess-0.7.0-pyhd3deb0d_0.tar.bz2#359eeb6536da0e687af562ed265ec263
https://conda.anaconda.org/conda-forge/noarch/pure_eval-0.2.3-pyhd8ed1ab_0.conda#0f051f09d992e0d08941706ad519ee0e
https://conda.anaconda.org/conda-forge/noarch/pycparser-2.22-pyhd8ed1ab_0.conda#844d9eb3b43095b031874477f7d70088
https://conda.anaconda.org/conda-forge/noarch/pygments-2.18.0-pyhd8ed1ab_0.conda#b7f5c092b8f9800150d998a71b76d5a1
https://conda.anaconda.org/conda-forge/noarch/pyparsing-3.2.0-pyhd8ed1ab_1.conda#035c17fbf099f50ff60bf2eb303b0a83
https://conda.anaconda.org/conda-forge/noarch/pyshp-2.3.1-pyhd8ed1ab_0.tar.bz2#92a889dc236a5197612bc85bee6d7174
https://conda.anaconda.org/conda-forge/noarch/pysocks-1.7.1-pyha2e5f31_6.tar.bz2#2a7de29fb590ca14b5243c4c812c8025
https://conda.anaconda.org/conda-forge/noarch/python-tzdata-2024.2-pyhd8ed1ab_0.conda#986287f89929b2d629bd6ef6497dc307
https://conda.anaconda.org/conda-forge/noarch/pytz-2024.1-pyhd8ed1ab_0.conda#3eeeeb9e4827ace8c0c1419c85d590ad
https://conda.anaconda.org/conda-forge/linux-64/pyyaml-6.0.2-py312h66e93f0_1.conda#549e5930e768548a89c23f595dac5a95
https://conda.anaconda.org/conda-forge/noarch/setuptools-75.6.0-pyhff2d567_1.conda#fc80f7995e396cbaeabd23cf46c413dc
https://conda.anaconda.org/conda-forge/noarch/six-1.16.0-pyh6c4a22f_0.tar.bz2#e5f25f8dbc060e9a8d912e432202afc2
https://conda.anaconda.org/conda-forge/noarch/sortedcontainers-2.4.0-pyhd8ed1ab_0.tar.bz2#6d6552722448103793743dabfbda532d
https://conda.anaconda.org/conda-forge/noarch/soupsieve-2.5-pyhd8ed1ab_1.conda#3f144b2c34f8cb5a9abd9ed23a39c561
https://conda.anaconda.org/conda-forge/noarch/tblib-3.0.0-pyhd8ed1ab_0.conda#04eedddeb68ad39871c8127dd1c21f4f
https://conda.anaconda.org/conda-forge/noarch/threadpoolctl-3.5.0-pyhc1e730c_0.conda#df68d78237980a159bd7149f33c0e8fd
https://conda.anaconda.org/conda-forge/noarch/tomli-2.2.1-pyhd8ed1ab_0.conda#ee8ab0fe4c8dfc5a6319f7f8246022fc
https://conda.anaconda.org/conda-forge/noarch/toolz-1.0.0-pyhd8ed1ab_0.conda#34feccdd4177f2d3d53c73fc44fd9a37
https://conda.anaconda.org/conda-forge/linux-64/tornado-6.4.2-py312h66e93f0_0.conda#e417822cb989e80a0d2b1b576fdd1657
https://conda.anaconda.org/conda-forge/noarch/traitlets-5.14.3-pyhd8ed1ab_0.conda#3df84416a021220d8b5700c613af2dc5
https://conda.anaconda.org/conda-forge/noarch/typing_extensions-4.12.2-pyha770c72_0.conda#ebe6952715e1d5eb567eeebf25250fa7
https://conda.anaconda.org/conda-forge/noarch/uc-micro-py-1.0.3-pyhd8ed1ab_0.conda#3b7fc78d7be7b450952aaa916fb78877
https://conda.anaconda.org/conda-forge/linux-64/unicodedata2-15.1.0-py312h66e93f0_1.conda#588486a61153f94c7c13816f7069e440
https://conda.anaconda.org/conda-forge/noarch/wcwidth-0.2.13-pyhd8ed1ab_0.conda#68f0738df502a14213624b288c60c9ad
https://conda.anaconda.org/conda-forge/noarch/webencodings-0.5.1-pyhd8ed1ab_2.conda#daf5160ff9cde3a468556965329085b9
https://conda.anaconda.org/conda-forge/noarch/wheel-0.45.1-pyhd8ed1ab_1.conda#75cb7132eb58d97896e173ef12ac9986
https://conda.anaconda.org/conda-forge/linux-64/wrapt-1.17.0-py312h66e93f0_0.conda#ddbe3bb0e1356cb9074dd848570694f9
https://conda.anaconda.org/conda-forge/linux-64/xcb-util-cursor-0.1.5-hb9d3cd8_0.conda#eb44b3b6deb1cab08d72cb61686fe64c
https://conda.anaconda.org/conda-forge/linux-64/xorg-libxcomposite-0.4.6-hb9d3cd8_2.conda#d3c295b50f092ab525ffe3c2aa4b7413
https://conda.anaconda.org/conda-forge/linux-64/xorg-libxcursor-1.2.3-hb9d3cd8_0.conda#2ccd714aa2242315acaf0a67faea780b
https://conda.anaconda.org/conda-forge/linux-64/xorg-libxdamage-1.1.6-hb9d3cd8_0.conda#b5fcc7172d22516e1f965490e65e33a4
https://conda.anaconda.org/conda-forge/linux-64/xorg-libxi-1.8.2-hb9d3cd8_0.conda#17dcc85db3c7886650b8908b183d6876
https://conda.anaconda.org/conda-forge/linux-64/xorg-libxrandr-1.5.4-hb9d3cd8_0.conda#2de7f99d6581a4a7adbff607b5c278ca
https://conda.anaconda.org/conda-forge/linux-64/xorg-libxxf86vm-1.1.5-hb9d3cd8_4.conda#7da9007c0582712c4bad4131f89c8372
https://conda.anaconda.org/conda-forge/noarch/xyzservices-2024.9.0-pyhd8ed1ab_1.conda#c79cea50b258f652010cb6c8d81591b5
https://conda.anaconda.org/conda-forge/noarch/zict-3.0.0-pyhd8ed1ab_0.conda#cf30c2c15b82aacb07f9c09e28ff2275
https://conda.anaconda.org/conda-forge/noarch/zipp-3.21.0-pyhd8ed1ab_1.conda#0c3cc595284c5e8f0f9900a9b228a332
https://conda.anaconda.org/conda-forge/noarch/aioitertools-0.12.0-pyhd8ed1ab_0.conda#222c275312d71dd318108df50d6452a1
https://conda.anaconda.org/conda-forge/noarch/aiosignal-1.3.1-pyhd8ed1ab_0.tar.bz2#d1e1eb7e21a9e2c74279d87dafb68156
https://conda.anaconda.org/conda-forge/linux-64/aws-c-s3-0.7.3-h3a84f74_0.conda#171850b890600458ae6c990e78f1fa23
https://conda.anaconda.org/conda-forge/linux-64/azure-core-cpp-1.14.0-h5cfcd09_0.conda#0a8838771cc2e985cd295e01ae83baf1
https://conda.anaconda.org/conda-forge/noarch/beautifulsoup4-4.12.3-pyha770c72_0.conda#332493000404d8411859539a5a630865
https://conda.anaconda.org/conda-forge/noarch/bleach-6.2.0-pyhd8ed1ab_0.conda#461bcfab8e65c166e297222ae919a2d4
https://conda.anaconda.org/conda-forge/noarch/cached-property-1.5.2-hd8ed1ab_1.tar.bz2#9b347a7ec10940d3f7941ff6c460b551
https://conda.anaconda.org/conda-forge/linux-64/cffi-1.17.1-py312h06ac9bb_0.conda#a861504bbea4161a9170b85d4d2be840
https://conda.anaconda.org/conda-forge/noarch/click-plugins-1.1.1-py_0.tar.bz2#4fd2c6b53934bd7d96d1f3fdaf99b79f
https://conda.anaconda.org/conda-forge/noarch/cligj-0.7.2-pyhd8ed1ab_1.tar.bz2#a29b7c141d6b2de4bb67788a5f107734
https://conda.anaconda.org/conda-forge/linux-64/cytoolz-1.0.0-py312h66e93f0_1.conda#a921e2fe122e7f38417b9b17c7a13343
https://conda.anaconda.org/conda-forge/linux-64/fonttools-4.55.0-py312h178313f_0.conda#f404f4fb99ccaea68b00c1cc64fc1e68
https://conda.anaconda.org/conda-forge/linux-64/freeglut-3.2.2-ha6d2627_3.conda#84ec3f5b46f3076be49f2cf3f1cfbf02
https://conda.anaconda.org/conda-forge/linux-64/harfbuzz-9.0.0-hda332d3_1.conda#76b32dcf243444aea9c6b804bcfa40b8
https://conda.anaconda.org/conda-forge/linux-64/hdf5-1.14.3-nompi_h2d575fe_107.conda#e370421dfe789ad5177452d377d96f8a
https://conda.anaconda.org/conda-forge/noarch/importlib-metadata-8.5.0-pyha770c72_0.conda#54198435fce4d64d8a89af22573012a8
https://conda.anaconda.org/conda-forge/noarch/importlib_resources-6.4.5-pyhd8ed1ab_0.conda#c808991d29b9838fb4d96ce8267ec9ec
https://conda.anaconda.org/conda-forge/noarch/intake-2.0.7-pyhd8ed1ab_0.conda#60d4141073985bace34703a9de4c9b24
https://conda.anaconda.org/conda-forge/noarch/jedi-0.19.2-pyhff2d567_0.conda#11ead81b00e0f7cc901fceb7ccfb92c1
https://conda.anaconda.org/conda-forge/noarch/jinja2-3.1.4-pyhd8ed1ab_0.conda#7b86ecb7d3557821c649b3c31e3eb9f2
https://conda.anaconda.org/conda-forge/noarch/joblib-1.4.2-pyhd8ed1ab_0.conda#25df261d4523d9f9783bcdb7208d872f
https://conda.anaconda.org/conda-forge/linux-64/libclang-cpp19.1-19.1.4-default_hb5137d0_0.conda#e7e4a0ebe1f6eedf483f6f5d4f7d2bdd
https://conda.anaconda.org/conda-forge/linux-64/libclang13-19.1.4-default_h9c6a7e4_0.conda#6c450adae455c7d648856e8b0cfcebd6
https://conda.anaconda.org/conda-forge/linux-64/libglu-9.0.3-h03adeef_0.conda#b1df5affe904efe82ef890826b68881d
https://conda.anaconda.org/conda-forge/linux-64/libgoogle-cloud-2.31.0-h804f50b_0.conda#35ab838423b60f233391eb86d324a830
https://conda.anaconda.org/conda-forge/noarch/linkify-it-py-2.0.3-pyhd8ed1ab_0.conda#f1b64ca4faf563605cf6f6ca93f9ff3f
https://conda.anaconda.org/conda-forge/linux-64/lxml-5.3.0-py312he28fd5a_2.conda#3acf38086326f49afed094df4ba7c9d9
https://conda.anaconda.org/conda-forge/noarch/markdown-it-py-3.0.0-pyhd8ed1ab_0.conda#93a8e71256479c62074356ef6ebf501b
https://conda.anaconda.org/conda-forge/noarch/matplotlib-inline-0.1.7-pyhd8ed1ab_0.conda#779345c95648be40d22aaa89de7d4254
https://conda.anaconda.org/conda-forge/noarch/multipledispatch-0.6.0-pyhd8ed1ab_1.conda#121a57fce7fff0857ec70fa03200962f
https://conda.anaconda.org/conda-forge/linux-64/numpy-2.0.2-py312h58c1407_1.conda#46c8b5eb9925ef7c228fddd09078e16e
https://conda.anaconda.org/conda-forge/linux-64/openldap-2.6.9-he970967_0.conda#ca2de8bbdc871bce41dbf59e51324165
https://conda.anaconda.org/conda-forge/noarch/partd-1.4.2-pyhd8ed1ab_0.conda#0badf9c54e24cecfb0ad2f99d680c163
https://conda.anaconda.org/conda-forge/noarch/pexpect-4.9.0-pyhd8ed1ab_0.conda#629f3203c99b32e0988910c93e77f3b6
https://conda.anaconda.org/conda-forge/linux-64/pillow-11.0.0-py312h7b63e92_0.conda#385f46a4df6f97892503a841121a9acf
https://conda.anaconda.org/conda-forge/noarch/pip-24.3.1-pyh8b19718_0.conda#5dd546fe99b44fda83963d15f84263b7
https://conda.anaconda.org/conda-forge/linux-64/proj-9.5.1-h0054346_0.conda#398cabfd9bd75e90d0901db95224f25f
https://conda.anaconda.org/conda-forge/noarch/prompt-toolkit-3.0.48-pyha770c72_0.conda#4c05134c48b6a74f33bbb9938e4a115e
https://conda.anaconda.org/conda-forge/noarch/pytest-8.3.3-pyhd8ed1ab_0.conda#c03d61f31f38fdb9facf70c29958bf7a
https://conda.anaconda.org/conda-forge/noarch/python-dateutil-2.9.0.post0-pyhff2d567_0.conda#b6dfd90a2141e573e4b6a81630b56df5
https://conda.anaconda.org/conda-forge/noarch/pyviz_comms-3.0.3-pyhd8ed1ab_0.conda#02b4e3a3014c1ac490ee4a4316f2d229
https://conda.anaconda.org/conda-forge/noarch/stack_data-0.6.2-pyhd8ed1ab_0.conda#e7df0fdd404616638df5ece6e69ba7af
https://conda.anaconda.org/conda-forge/noarch/tqdm-4.67.0-pyhd8ed1ab_0.conda#196a9e6ab4e036ceafa516ea036619b0
https://conda.anaconda.org/conda-forge/noarch/typing-extensions-4.12.2-hd8ed1ab_0.conda#52d648bd608f5737b123f510bb5514b5
https://conda.anaconda.org/conda-forge/noarch/urllib3-1.26.19-pyhd8ed1ab_0.conda#6bb37c314b3cc1515dcf086ffe01c46e
https://conda.anaconda.org/conda-forge/noarch/webob-1.8.9-pyhd8ed1ab_1.conda#293718ddac83a0fbc0f2193ff77d1e1c
https://conda.anaconda.org/conda-forge/linux-64/xorg-libxtst-1.2.5-hb9d3cd8_3.conda#7bbe9a0cc0df0ac5f5a8ad6d6a11af2f
https://conda.anaconda.org/conda-forge/linux-64/yarl-1.18.0-py312h66e93f0_0.conda#601d2b19a54fd9346ba18c07c2516339
https://conda.anaconda.org/conda-forge/linux-64/aiohttp-3.11.9-py312h178313f_0.conda#eeaf9831f262132fb12ce3921de09651
https://conda.anaconda.org/conda-forge/noarch/annotated-types-0.7.0-pyhd8ed1ab_0.conda#7e9f4612544c8edbfd6afad17f1bd045
https://conda.anaconda.org/conda-forge/linux-64/aws-crt-cpp-0.29.6-hdec8b0f_1.conda#40647232fad98f92be8c6050a7e0c2bd
https://conda.anaconda.org/conda-forge/linux-64/azure-identity-cpp-1.10.0-h113e628_0.conda#73f73f60854f325a55f1d31459f2ab73
https://conda.anaconda.org/conda-forge/linux-64/azure-storage-common-cpp-12.8.0-h736e048_1.conda#13de36be8de3ae3f05ba127631599213
https://conda.anaconda.org/conda-forge/noarch/botocore-1.35.36-pyge310_1234567_0.conda#3bd2289a7a4ae56ff449b49069426638
https://conda.anaconda.org/conda-forge/linux-64/bottleneck-1.4.2-py312hc0a28a1_0.conda#762b7307cf27e4926f48889788c12d2d
https://conda.anaconda.org/conda-forge/noarch/branca-0.7.2-pyhd8ed1ab_0.conda#5f1c719f1cac0aee5e6bd6ca7d54a7fa
https://conda.anaconda.org/conda-forge/linux-64/cftime-1.6.4-py312hc0a28a1_1.conda#990033147b0a998e756eaaed6b28f48d
https://conda.anaconda.org/conda-forge/linux-64/contourpy-1.3.1-py312h68727a3_0.conda#f5fbba0394ee45e9a64a73c2a994126a
https://conda.anaconda.org/conda-forge/noarch/flexcache-0.3-pyhd8ed1ab_0.conda#6ed8dc449e0da09c5aaa4e71eb91059a
https://conda.anaconda.org/conda-forge/noarch/flexparser-0.4-pyhd8ed1ab_0.conda#fa7030389ca7b33bd3430dd12d25e91b
https://conda.anaconda.org/conda-forge/linux-64/geotiff-1.7.3-h77b800c_3.conda#4eb52aecb43e7c72f8e4fca0c386354e
https://conda.anaconda.org/conda-forge/linux-64/h5py-3.12.1-nompi_py312hedeef09_102.conda#ee52559d324594141ce369c527d6d029
https://conda.anaconda.org/conda-forge/noarch/importlib-resources-6.4.5-pyhd8ed1ab_0.conda#67f4772681cf86652f3e2261794cf045
https://conda.anaconda.org/conda-forge/noarch/importlib_metadata-8.5.0-hd8ed1ab_0.conda#2a92e152208121afadf85a5e1f3a5f4d
https://conda.anaconda.org/conda-forge/linux-64/jasper-4.2.4-h536e39c_0.conda#9518ab7016cf4564778aef08b6bd8792
https://conda.anaconda.org/conda-forge/noarch/jsonpickle-3.4.2-pyhff2d567_0.conda#857174a73a5adb08d9cfc3e567d94b11
https://conda.anaconda.org/conda-forge/linux-64/libgoogle-cloud-storage-2.31.0-h0121fbd_0.conda#568d6a09a6ed76337a7b97c84ae7c0f8
https://conda.anaconda.org/conda-forge/linux-64/libnetcdf-4.9.2-nompi_h135f659_114.conda#a908e463c710bd6b10a9eaa89fdf003c
https://conda.anaconda.org/conda-forge/linux-64/libpq-17.2-h04577a9_0.conda#52dd46162c6fb2765b49e6fd06adf8d5
https://conda.anaconda.org/conda-forge/linux-64/libspatialite-5.1.0-h1b4f908_11.conda#43a7f3df7d100e8fc280e6636680a870
https://conda.anaconda.org/conda-forge/noarch/markdown-3.6-pyhd8ed1ab_0.conda#06e9bebf748a0dea03ecbe1f0e27e909
https://conda.anaconda.org/conda-forge/noarch/mdit-py-plugins-0.4.2-pyhd8ed1ab_0.conda#5387f2cfa28f8a3afa3368bb4ba201e8
https://conda.anaconda.org/conda-forge/linux-64/numba-0.60.0-py312h83e6fd3_0.conda#e064ca33edf91ac117236c4b5dee207a
https://conda.anaconda.org/conda-forge/linux-64/numcodecs-0.13.1-py312hf9745cd_0.conda#33c27209bfd7af6766211facd24839ce
https://conda.anaconda.org/conda-forge/linux-64/pandas-2.2.3-py312hf9745cd_1.conda#8bce4f6caaf8c5448c7ac86d87e26b4b
https://conda.anaconda.org/conda-forge/noarch/patsy-1.0.1-pyhff2d567_0.conda#a97b9c7586cedcf4a0a158ef3479975c
https://conda.anaconda.org/conda-forge/noarch/prompt_toolkit-3.0.48-hd8ed1ab_0.conda#60a2aeff42b5d629d45cc1be38ec1c5d
https://conda.anaconda.org/conda-forge/linux-64/pydantic-core-2.23.4-py312h12e396e_0.conda#0845ab52d4ea209049129a6a91bc74ba
https://conda.anaconda.org/conda-forge/linux-64/pyproj-3.7.0-py312he630544_0.conda#427799f15b36751761941f4cbd7d780f
https://conda.anaconda.org/conda-forge/noarch/requests-2.32.3-pyhd8ed1ab_0.conda#5ede4753180c7a550a443c430dc8ab52
https://conda.anaconda.org/conda-forge/linux-64/scipy-1.14.1-py312h62794b6_1.conda#b43233a9e2f62fb94affe5607ea79473
https://conda.anaconda.org/conda-forge/linux-64/shapely-2.0.6-py312h391bc85_2.conda#eb476b4975ea28ac12ff469063a71f5d
https://conda.anaconda.org/conda-forge/noarch/snuggs-1.4.7-pyhd8ed1ab_1.conda#5abeaa41ec50d4d1421a8bc8fbc93054
https://conda.anaconda.org/conda-forge/noarch/aiobotocore-2.15.2-pyhd8ed1ab_0.conda#d37891ef3f5282de913e632c7e9e289d
https://conda.anaconda.org/conda-forge/linux-64/aws-sdk-cpp-1.11.449-h5558e3c_4.conda#ba7abdc93b0ade11d774b47aaab84737
https://conda.anaconda.org/conda-forge/linux-64/azure-storage-blobs-cpp-12.13.0-h3cf044e_1.conda#7eb66060455c7a47d9dcdbfa9f46579b
https://conda.anaconda.org/conda-forge/noarch/bokeh-3.5.2-pyhd8ed1ab_0.conda#38d785787ec83d0431b3855328395113
https://conda.anaconda.org/conda-forge/noarch/dask-core-2024.11.0-pyhd8ed1ab_0.conda#75c96f0655908f596a57be60251b78d4
https://conda.anaconda.org/conda-forge/linux-64/eccodes-2.38.3-h8bb6dbc_1.conda#73265d4acc551063cc5c5beab37f33c5
https://conda.anaconda.org/conda-forge/noarch/folium-0.18.0-pyhd8ed1ab_0.conda#26a1457f3e698dc0c9e656874cc6b623
https://conda.anaconda.org/conda-forge/noarch/geopandas-base-1.0.1-pyha770c72_1.conda#cad8d8e1583463e7642adc72a76dc3c5
https://conda.anaconda.org/conda-forge/noarch/h5netcdf-1.4.0-pyhd8ed1ab_0.conda#09654b6e08a38977b2ccab5136673871
https://conda.anaconda.org/conda-forge/noarch/ipython-8.17.2-pyh41d4057_0.conda#f39d0b60e268fe547f1367edbab457d4
https://conda.anaconda.org/conda-forge/linux-64/libgdal-core-3.10.0-hef9eae6_2.conda#94ad74bce06086606cfa60c1595bf3bb
https://conda.anaconda.org/conda-forge/linux-64/matplotlib-base-3.9.2-py312hd3ec401_2.conda#2380c9ba933ffaac9ad16d8eac8e3318
https://conda.anaconda.org/conda-forge/linux-64/netcdf4-1.7.1-nompi_py312h21d6d8e_102.conda#9049ba34261ce7106220711d313fcf61
https://conda.anaconda.org/conda-forge/noarch/pint-0.24.4-pyhd8ed1ab_0.conda#cb091db43679e633dc2a4b83cdd72069
https://conda.anaconda.org/conda-forge/noarch/pooch-1.8.2-pyhd8ed1ab_0.conda#8dab97d8a9616e07d779782995710aed
https://conda.anaconda.org/conda-forge/noarch/pyct-0.5.0-pyhd8ed1ab_0.conda#24c245c82396be3297c0aa26b69e18d8
https://conda.anaconda.org/conda-forge/noarch/pydantic-2.9.2-pyhd8ed1ab_0.conda#1eb533bb8eb2199e3fef3e4aa147319f
https://conda.anaconda.org/conda-forge/noarch/pydap-3.5.1-pyhff2d567_2.conda#f63b82a2ed9daf46d3c3a1569b985d72
https://conda.anaconda.org/conda-forge/linux-64/qt6-main-6.8.0-h6e8976b_0.conda#6d1c5d2d904d24c17cbb538a95855a4e
https://conda.anaconda.org/conda-forge/noarch/s3transfer-0.10.4-pyhd8ed1ab_0.conda#195d8a4e3f5cc6bcd0d108164f7a3a2b
https://conda.anaconda.org/conda-forge/linux-64/scikit-learn-1.5.2-py312h7a48858_1.conda#6b5f4c68483bd0c22bca9094dafc606b
https://conda.anaconda.org/conda-forge/linux-64/statsmodels-0.14.4-py312hc0a28a1_0.conda#97dc960f3d9911964d73c2cf240baea5
https://conda.anaconda.org/conda-forge/noarch/xarray-2024.10.0-pyhd8ed1ab_0.conda#53e365732dfa053c4d19fc6b927392c4
https://conda.anaconda.org/conda-forge/noarch/zarr-2.18.3-pyhd8ed1ab_0.conda#41abde21508578e02e3fd492e82a05cd
https://conda.anaconda.org/conda-forge/linux-64/azure-storage-files-datalake-cpp-12.12.0-ha633028_1.conda#7c1980f89dd41b097549782121a73490
https://conda.anaconda.org/conda-forge/noarch/boto3-1.35.36-pyhd8ed1ab_0.conda#7b26bdcabcaf40040430b63635c6446a
https://conda.anaconda.org/conda-forge/linux-64/cartopy-0.24.0-py312hf9745cd_0.conda#ea213e31805199cb7d0da457b879ceed
https://conda.anaconda.org/conda-forge/noarch/datashader-0.16.3-pyhd8ed1ab_0.conda#1316959270592fbf8e2278a336de3ab9
https://conda.anaconda.org/conda-forge/noarch/distributed-2024.11.0-pyhd8ed1ab_0.conda#497f3535cbb69cd2f02158e2e18ee0bb
https://conda.anaconda.org/conda-forge/noarch/mapclassify-2.8.1-pyhd8ed1ab_0.conda#e75920f936efb86f64517d144d610107
https://conda.anaconda.org/conda-forge/noarch/panel-1.5.3-pyhd8ed1ab_0.conda#058794444fc8aafcb0385788ce58e979
https://conda.anaconda.org/conda-forge/linux-64/pyogrio-0.10.0-py312h02b19dd_1.conda#6ebb12bd1833a52e08e63297b8621903
https://conda.anaconda.org/conda-forge/linux-64/pyside6-6.8.0.2-py312h91f0f75_0.conda#ec3da81d5f9d3612b227e09a650f7bf2
https://conda.anaconda.org/conda-forge/linux-64/python-eccodes-2.37.0-py312hc0a28a1_0.conda#476b0357e207e10d2b7b13ed82156e6d
https://conda.anaconda.org/conda-forge/linux-64/rasterio-1.4.2-py312h8cae83d_1.conda#4c4bd2fcc48250420ec628e67bf27980
https://conda.anaconda.org/conda-forge/noarch/s3fs-2024.10.0-pyhd8ed1ab_0.conda#18cc1c4f5b104400d75be999b56486a1
https://conda.anaconda.org/conda-forge/noarch/cfgrib-0.9.14.1-pyhd8ed1ab_0.conda#1870fe8c9bd8967429e227be28ab94d2
https://conda.anaconda.org/conda-forge/noarch/geopandas-1.0.1-pyhd8ed1ab_1.conda#79a9a8d2fd39ecb4081c0df0c10135dc
https://conda.anaconda.org/conda-forge/noarch/holoviews-1.20.0-pyhd8ed1ab_0.conda#a765e03fa67caf58525b08bbbd5b4f76
https://conda.anaconda.org/conda-forge/linux-64/libarrow-17.0.0-h5fdd190_34_cpu.conda#64ffd963f1e0c286f169cf69b1563b6c
https://conda.anaconda.org/conda-forge/linux-64/matplotlib-3.9.2-py312h7900ff3_2.conda#266d9ad348e2151d07ad9e4dc716eea5
https://conda.anaconda.org/conda-forge/noarch/metpy-1.6.3-pyhd8ed1ab_0.conda#b529da163f23310ceb4e7a9fb5c4d41a
https://conda.anaconda.org/conda-forge/noarch/rioxarray-0.17.0-pyhd8ed1ab_0.conda#160464c6f979eb68e9a9ea31dd6b5aa6
https://conda.anaconda.org/conda-forge/noarch/geoviews-core-1.13.0-pyha770c72_0.conda#e59925a00efb42c08cf0fef58f779bb4
https://conda.anaconda.org/conda-forge/noarch/hvplot-0.11.1-pyhd8ed1ab_0.conda#dbc57da07daee81a9cd76586217c7cbb
https://conda.anaconda.org/conda-forge/noarch/intake-geopandas-0.4.0-pyhd8ed1ab_0.tar.bz2#5d6429a927d1ef3c0d26d81f5d7b31f0
https://conda.anaconda.org/conda-forge/linux-64/libarrow-acero-17.0.0-h5888daf_34_cpu.conda#2edb4bb1d3fd104d08838332db4d6dd2
https://conda.anaconda.org/conda-forge/linux-64/libparquet-17.0.0-h6bd9018_34_cpu.conda#625285ee16b4dac86cbe4adeefaac24c
https://conda.anaconda.org/conda-forge/linux-64/pyarrow-core-17.0.0-py312h01725c0_2_cpu.conda#add603bfa43d9bf3f06783f780e1a817
https://conda.anaconda.org/conda-forge/noarch/geoviews-1.13.0-hd8ed1ab_0.conda#698044f99f2a768ea97ad4eaf60eeaea
https://conda.anaconda.org/conda-forge/linux-64/libarrow-dataset-17.0.0-h5888daf_34_cpu.conda#c578297051099ea9f7b80ca27e417315
https://conda.anaconda.org/conda-forge/linux-64/libarrow-substrait-17.0.0-h5c8f2c3_34_cpu.conda#41997fc22c3196d424f44f260bfaa725
https://conda.anaconda.org/conda-forge/linux-64/pyarrow-17.0.0-py312h9cebb41_2.conda#5f7d505626cb057e1320bbd46dd02ef2
https://conda.anaconda.org/conda-forge/noarch/dask-expr-1.1.17-pyhd8ed1ab_0.conda#4f75a3a76e9f693fc33be59485f46fcf
https://conda.anaconda.org/conda-forge/noarch/dask-2024.11.0-pyhd8ed1ab_0.conda#9a25bf7e2a910e85209218896f2adeb9
https://conda.anaconda.org/conda-forge/noarch/dask-gateway-2024.1.0-pyh8af1aa0_0.conda#8e8c5875b0bbdf9777ab6f02ae350ebd
https://conda.anaconda.org/conda-forge/noarch/intake-esm-2023.11.10-pyhd8ed1ab_0.conda#e0c73b7dc6419a243c5fe104ec241a48
https://conda.anaconda.org/conda-forge/noarch/intake-xarray-0.7.0-pyhd8ed1ab_0.conda#d6471673fac9fa8f13a2517315ffcf6b
