# Generated by conda-lock.
# platform: osx-64
# input_hash: 11661472ea0c415c48fa93d4cd1e9cef18360ef822fa8ab8de14bf04b2ba3882
@EXPLICIT
https://conda.anaconda.org/conda-forge/osx-64/ca-certificates-2025.1.31-h8857fd0_0.conda#3418b6c8cac3e71c0bc089fc5ea53042
https://conda.anaconda.org/conda-forge/osx-64/dav1d-1.2.1-h0dc2134_0.conda#9d88733c715300a39f8ca2e936b7808d
https://conda.anaconda.org/conda-forge/osx-64/giflib-5.2.2-h10d778d_0.conda#03e8c9b4d3da5f3d6eabdd020c2d63ac
https://conda.anaconda.org/conda-forge/osx-64/libev-4.33-h10d778d_2.conda#899db79329439820b7e8f8de41bca902
https://conda.anaconda.org/conda-forge/osx-64/libffi-3.4.2-h0d85af4_5.tar.bz2#ccb34fb14960ad8b125962d3d79b31a9
https://conda.anaconda.org/conda-forge/osx-64/libiconv-1.17-hd75f5a5_2.conda#6c3628d047e151efba7cf08c5e54d1ca
https://conda.anaconda.org/conda-forge/osx-64/libjpeg-turbo-3.0.0-h0dc2134_1.conda#72507f8e3961bc968af17435060b6dd6
https://conda.anaconda.org/conda-forge/osx-64/lzo-2.10-h10d778d_1001.conda#bfecd73e4a2dc18ffd5288acf8a212ab
https://conda.anaconda.org/conda-forge/osx-64/python_abi-3.12-5_cp312.conda#c34dd4920e0addf7cfcc725809f25d8e
https://conda.anaconda.org/conda-forge/osx-64/rav1e-0.6.6-h7205ca4_2.conda#ab03527926f8ce85f84a91fd35520ef2
https://conda.anaconda.org/conda-forge/noarch/tzdata-2025a-h78e105d_0.conda#dbcace4706afdfb7eb891f7b37d07c04
https://conda.anaconda.org/conda-forge/osx-64/yaml-0.2.5-h0d85af4_2.tar.bz2#d7e08fcf8259d742156188e8762b4d20
https://conda.anaconda.org/conda-forge/osx-64/aws-c-common-0.10.6-h6e16a3a_0.conda#9f0bbd4a339c01ec81d7e19cbb9ad2ed
https://conda.anaconda.org/conda-forge/osx-64/bzip2-1.0.8-hfdf4475_7.conda#7ed4301d437b59045be7e051a0308211
https://conda.anaconda.org/conda-forge/osx-64/c-ares-1.34.4-hf13058a_0.conda#133255af67aaf1e0c0468cc753fd800b
https://conda.anaconda.org/conda-forge/osx-64/icu-75.1-h120a0e1_0.conda#d68d48a3060eb5abdc1cdc8e2a3a5966
https://conda.anaconda.org/conda-forge/osx-64/jasper-4.2.4-hb10263b_0.conda#b7a6171ecee244e2b2a19177ec3c34a9
https://conda.anaconda.org/conda-forge/osx-64/json-c-0.18-hc62ec3d_0.conda#2c5a3c42de607dda0cfa0edd541fd279
https://conda.anaconda.org/conda-forge/osx-64/libbrotlicommon-1.1.0-h00291cd_2.conda#58f2c4bdd56c46cc7451596e4ae68e0b
https://conda.anaconda.org/conda-forge/osx-64/libcxx-19.1.7-hf95d169_0.conda#4b8f8dc448d814169dbc58fc7286057d
https://conda.anaconda.org/conda-forge/osx-64/libdeflate-1.23-he65b83e_0.conda#120f8f7ba6a8defb59f4253447db4bb4
https://conda.anaconda.org/conda-forge/osx-64/libexpat-2.6.4-h240833e_0.conda#20307f4049a735a78a29073be1be2626
https://conda.anaconda.org/conda-forge/osx-64/liblzma-5.6.4-hd471939_0.conda#db9d7b0152613f097cdb61ccf9f70ef5
https://conda.anaconda.org/conda-forge/osx-64/libutf8proc-2.10.0-h777c5d8_0.conda#0c9c79979aeba96d102b0628fe361c56
https://conda.anaconda.org/conda-forge/osx-64/libwebp-base-1.5.0-h6cf52b4_0.conda#5e0cefc99a231ac46ba21e27ae44689f
https://conda.anaconda.org/conda-forge/osx-64/libzlib-1.3.1-hd23fc13_2.conda#003a54a4e32b02f7355b50a837e699da
https://conda.anaconda.org/conda-forge/osx-64/llvm-openmp-19.1.7-ha54dae1_0.conda#65d08c50518999e69f421838c1d5b91f
https://conda.anaconda.org/conda-forge/osx-64/ncurses-6.5-h0622a9a_3.conda#ced34dd9929f491ca6dab6a2927aff25
https://conda.anaconda.org/conda-forge/osx-64/openssl-3.4.0-hc426f3f_1.conda#eaae23dbfc9ec84775097898526c72ea
https://conda.anaconda.org/conda-forge/osx-64/pthread-stubs-0.4-h00291cd_1002.conda#8bcf980d2c6b17094961198284b8e862
https://conda.anaconda.org/conda-forge/osx-64/xorg-libxau-1.0.12-h6e16a3a_0.conda#4cf40e60b444d56512a64f39d12c20bd
https://conda.anaconda.org/conda-forge/osx-64/xorg-libxdmcp-1.1.5-h00291cd_0.conda#9f438e1b6f4e73fd9e6d78bfe7c36743
https://conda.anaconda.org/conda-forge/osx-64/aom-3.9.1-hf036a51_0.conda#3f17bc32cb7fcb2b4bf3d8d37f656eb8
https://conda.anaconda.org/conda-forge/osx-64/aws-c-cal-0.8.1-hc0df2db_3.conda#a9d2198575baadd2211190358a2a6b3e
https://conda.anaconda.org/conda-forge/osx-64/aws-c-compression-0.3.0-hc0df2db_5.conda#a9c8558d5bfcc336c83ae7ea91593c18
https://conda.anaconda.org/conda-forge/osx-64/aws-c-sdkutils-0.2.2-hc0df2db_0.conda#d30609a69cb865c31a967447cb845fc0
https://conda.anaconda.org/conda-forge/osx-64/aws-checksums-0.2.2-hc0df2db_4.conda#7575377b784344407b89a469e077ffa2
https://conda.anaconda.org/conda-forge/osx-64/geos-3.13.0-hac325c4_0.conda#905fbe84dd83254e4e0db610123dd32d
https://conda.anaconda.org/conda-forge/osx-64/gflags-2.2.2-hac325c4_1005.conda#a26de8814083a6971f14f9c8c3cb36c2
https://conda.anaconda.org/conda-forge/osx-64/hdf4-4.2.15-h8138101_7.conda#7ce543bf38dbfae0de9af112ee178af2
https://conda.anaconda.org/conda-forge/osx-64/lerc-4.0.0-hb486fe8_0.tar.bz2#f9d6a4c82889d5ecedec1d90eb673c55
https://conda.anaconda.org/conda-forge/osx-64/libabseil-20240722.0-cxx17_h0e468a2_4.conda#03dd3d0563d01c2b82881734ee0eb334
https://conda.anaconda.org/conda-forge/osx-64/libaec-1.1.3-h73e2aa4_0.conda#66d3c1f6dd4636216b4fca7a748d50eb
https://conda.anaconda.org/conda-forge/osx-64/libbrotlidec-1.1.0-h00291cd_2.conda#34709a1f5df44e054c4a12ab536c5459
https://conda.anaconda.org/conda-forge/osx-64/libbrotlienc-1.1.0-h00291cd_2.conda#691f0dcb36f1ae67f5c489f20ae987ea
https://conda.anaconda.org/conda-forge/osx-64/libcrc32c-1.1.2-he49afe7_0.tar.bz2#23d6d5a69918a438355d7cbc4c3d54c9
https://conda.anaconda.org/conda-forge/osx-64/libde265-1.0.15-h7728843_0.conda#a270b0e1a2a3326cc21eee82c42efffc
https://conda.anaconda.org/conda-forge/osx-64/libedit-3.1.20250104-pl5321ha958ccf_0.conda#1f4ed31220402fcddc083b4bff406868
https://conda.anaconda.org/conda-forge/osx-64/libevent-2.1.12-ha90c15b_1.conda#e38e467e577bd193a7d5de7c2c540b04
https://conda.anaconda.org/conda-forge/osx-64/libgfortran5-13.2.0-h2873a65_3.conda#e4fb4d23ec2870ff3c40d10afe305aec
https://conda.anaconda.org/conda-forge/osx-64/libllvm14-14.0.6-hc8e404f_4.conda#ed06753e2ba7c66ed0ca7f19578fcb68
https://conda.anaconda.org/conda-forge/osx-64/liblzma-devel-5.6.4-hd471939_0.conda#06eccf9183d7bfeb45888e07804e6297
https://conda.anaconda.org/conda-forge/osx-64/libnghttp2-1.64.0-hc7306c3_0.conda#ab21007194b97beade22ceb7a3f6fee5
https://conda.anaconda.org/conda-forge/osx-64/libpng-1.6.46-h3c4a55f_0.conda#82ecce167bb9c069b12968b7b1bee609
https://conda.anaconda.org/conda-forge/osx-64/libsqlite-3.48.0-hdb6dae5_1.conda#6c4d367a4916ea169d614590bdf33b7c
https://conda.anaconda.org/conda-forge/osx-64/libssh2-1.11.1-h3dc7d44_0.conda#b1caec4561059e43a5d056684c5a2de0
https://conda.anaconda.org/conda-forge/osx-64/libxcb-1.17.0-hf1f96e2_0.conda#bbeca862892e2898bdb45792a61c4afc
https://conda.anaconda.org/conda-forge/osx-64/libxml2-2.13.5-hebb159f_1.conda#23c629eba5239465a34bca0ed9c0b5d3
https://conda.anaconda.org/conda-forge/osx-64/libzip-1.11.2-h31df5bb_0.conda#3cf12c97a18312c9243a895580bf5be6
https://conda.anaconda.org/conda-forge/osx-64/lz4-c-1.10.0-h240833e_1.conda#d6b9bd7e356abd7e3a633d59b753495a
https://conda.anaconda.org/conda-forge/osx-64/pcre2-10.44-h7634a1b_2.conda#58cde0663f487778bcd7a0c8daf50293
https://conda.anaconda.org/conda-forge/osx-64/qhull-2020.2-h3c5361c_5.conda#dd1ea9ff27c93db7c01a7b7656bd4ad4
https://conda.anaconda.org/conda-forge/osx-64/readline-8.2-h9e318b2_1.conda#f17f77f2acf4d344734bda76829ce14e
https://conda.anaconda.org/conda-forge/osx-64/snappy-1.2.1-haf3c120_1.conda#9d6ae6d5232233e1a01eb7db524078fb
https://conda.anaconda.org/conda-forge/osx-64/svt-av1-2.3.0-h97d8b74_0.conda#c54053b3d1752308a38a9a8c48ce10da
https://conda.anaconda.org/conda-forge/osx-64/tk-8.6.13-h1abcd95_1.conda#bf830ba5afc507c6232d4ef0fb1a882d
https://conda.anaconda.org/conda-forge/osx-64/uriparser-0.9.8-h6aefe2f_0.conda#649890a63cc818b24fbbf0572db221a5
https://conda.anaconda.org/conda-forge/osx-64/x265-3.5-hbb4e6a2_3.tar.bz2#a3bf3e95b7795871a6734a784400fcea
https://conda.anaconda.org/conda-forge/osx-64/xerces-c-3.2.5-h197e74d_2.conda#559e2c3fb2fe4bfc985e8486bad8ecaa
https://conda.anaconda.org/conda-forge/osx-64/xz-gpl-tools-5.6.4-h357f2ed_0.conda#bbe2c5315d02654eb195bdf012bad66c
https://conda.anaconda.org/conda-forge/osx-64/xz-tools-5.6.4-hd471939_0.conda#479783497192d1ad6671cbd0080f6dcb
https://conda.anaconda.org/conda-forge/osx-64/zlib-1.3.1-hd23fc13_2.conda#c989e0295dcbdc08106fe5d9e935f0b9
https://conda.anaconda.org/conda-forge/osx-64/zstd-1.5.6-h915ae27_0.conda#4cb2cd56f039b129bb0e491c1164167e
https://conda.anaconda.org/conda-forge/osx-64/aws-c-io-0.15.3-h7bd4489_6.conda#9c6f2cabd18b4778bf2b9a69bcbc3621
https://conda.anaconda.org/conda-forge/osx-64/blosc-1.21.6-hd145fbb_1.conda#717852102c68a082992ce13a53403f9d
https://conda.anaconda.org/conda-forge/osx-64/brotli-bin-1.1.0-h00291cd_2.conda#049933ecbf552479a12c7917f0a4ce59
https://conda.anaconda.org/conda-forge/osx-64/freetype-2.12.1-h60636b9_2.conda#25152fce119320c980e5470e64834b50
https://conda.anaconda.org/conda-forge/osx-64/glog-0.7.1-h2790a97_0.conda#06cf91665775b0da395229cd4331b27d
https://conda.anaconda.org/conda-forge/osx-64/krb5-1.21.3-h37d8d59_0.conda#d4765c524b1d91567886bde656fb514b
https://conda.anaconda.org/conda-forge/osx-64/libarchive-3.7.7-h1a33361_3.conda#5cc55f063de099a537a56c4db2e8d58d
https://conda.anaconda.org/conda-forge/osx-64/libavif16-1.1.1-h71406da_2.conda#804f440fd71e1a903215710826cf98aa
https://conda.anaconda.org/conda-forge/osx-64/libgfortran-5.0.0-13_2_0_h97931a8_3.conda#0b6e23a012ee7a9a5f6b244f5a92c1d5
https://conda.anaconda.org/conda-forge/osx-64/libkml-1.3.0-h9ee1731_1021.conda#b098eeacf7e78f09c8771f5088b97bbb
https://conda.anaconda.org/conda-forge/osx-64/libprotobuf-5.28.3-h6401091_1.conda#5601e7ce099eb72741e9cd6413f42a07
https://conda.anaconda.org/conda-forge/osx-64/libre2-11-2024.07.02-h0e468a2_2.conda#975743594ba5382fe7e71cda599ac6e8
https://conda.anaconda.org/conda-forge/osx-64/librttopo-1.1.0-hdfb80b9_17.conda#627b89a9764485ebace5ebe42b6e6ab4
https://conda.anaconda.org/conda-forge/osx-64/libthrift-0.21.0-h75589b3_0.conda#7a472cd20d9ae866aeb6e292b33381d6
https://conda.anaconda.org/conda-forge/osx-64/libtiff-4.7.0-hb77a491_3.conda#6f2f9df7b093d6b33bc0c334acc7d2d9
https://conda.anaconda.org/conda-forge/osx-64/libxslt-1.1.39-h03b04e6_0.conda#a6e0cec6b3517ffc6b5d36a920fc9312
https://conda.anaconda.org/conda-forge/osx-64/minizip-4.0.7-hfb7a1ec_3.conda#cb826e74fb8eb56f407493aa18e6a9e9
https://conda.anaconda.org/conda-forge/osx-64/sqlite-3.48.0-h2e4c9dc_1.conda#f0d4e053e7d85d30f689e731e62762bc
https://conda.anaconda.org/conda-forge/osx-64/xz-5.6.4-h357f2ed_0.conda#702db4b35cffa4f94b94414066ffbb2b
https://conda.anaconda.org/conda-forge/osx-64/aws-c-event-stream-0.5.0-h8236443_11.conda#b310a8a7c25dd982af1ad491b3705418
https://conda.anaconda.org/conda-forge/osx-64/aws-c-http-0.9.2-h5492b4a_4.conda#4a93c133064fca271b5a8ea42daa5a96
https://conda.anaconda.org/conda-forge/osx-64/brotli-1.1.0-h00291cd_2.conda#2db0c38a7f2321c5bdaf32b181e832c7
https://conda.anaconda.org/conda-forge/osx-64/freexl-2.0.0-h3183152_2.conda#5cb34c1d2ed89fd36f4e3759c966daf0
https://conda.anaconda.org/conda-forge/osx-64/lcms2-2.16-ha2f27b4_0.conda#1442db8f03517834843666c422238c9b
https://conda.anaconda.org/conda-forge/osx-64/libcurl-8.11.1-h5dec5d8_0.conda#2f80e92674f4a92e9f8401494496ee62
https://conda.anaconda.org/conda-forge/osx-64/libheif-1.19.5-gpl_hc62a4a2_100.conda#8fe3273539e2f4d0b8dc3d9aa960f2bf
https://conda.anaconda.org/conda-forge/osx-64/libopenblas-0.3.28-openmp_hbf64a52_1.conda#cd2c572c02a73b88c4d378eb31110e85
https://conda.anaconda.org/conda-forge/osx-64/openjpeg-2.5.3-h7fd6d84_0.conda#025c711177fc3309228ca1a32374458d
https://conda.anaconda.org/conda-forge/osx-64/orc-2.0.3-h85ea3fe_2.conda#9b413c1921a9139e11035146f974d5b7
https://conda.anaconda.org/conda-forge/osx-64/python-3.12.7-h8f8b54e_0_cpython.conda#7f81191b1ca1113e694e90e15c27a12f
https://conda.anaconda.org/conda-forge/osx-64/re2-2024.07.02-ha5e900a_2.conda#5fd6022c97d78c252f1cc8d7433e97d0
https://conda.anaconda.org/conda-forge/noarch/affine-2.4.0-pyhd8ed1ab_1.conda#8c4061f499edec6b8ac7000f6d586829
https://conda.anaconda.org/conda-forge/noarch/aiohappyeyeballs-2.4.4-pyhd8ed1ab_1.conda#296b403617bafa89df4971567af79013
https://conda.anaconda.org/conda-forge/noarch/asciitree-0.3.3-py_2.tar.bz2#c0481c9de49f040272556e2cedf42816
https://conda.anaconda.org/conda-forge/noarch/attrs-24.2.0-pyh71513ae_1.conda#2018839db45c79654b57a924fcdd27d0
https://conda.anaconda.org/conda-forge/osx-64/aws-c-auth-0.8.1-h6661f4c_0.conda#7045b0456fbf3620bcefa120f0bd6b96
https://conda.anaconda.org/conda-forge/osx-64/aws-c-mqtt-0.11.0-h3488609_12.conda#5028bbe899aaf6f760d1b67967d9fe58
https://conda.anaconda.org/conda-forge/osx-64/azure-core-cpp-1.14.0-h9a36307_0.conda#1082a031824b12a2be731d600cfa5ccb
https://conda.anaconda.org/conda-forge/noarch/boltons-24.0.0-pyhd8ed1ab_1.conda#d88c38e66d85ecc9c7e2c4110676bbf4
https://conda.anaconda.org/conda-forge/osx-64/brotli-python-1.1.0-py312h5861a67_2.conda#b95025822e43128835826ec0cc45a551
https://conda.anaconda.org/conda-forge/noarch/cached_property-1.5.2-pyha770c72_1.tar.bz2#576d629e47797577ab0f1b351297ef4a
https://conda.anaconda.org/conda-forge/noarch/certifi-2024.8.30-pyhd8ed1ab_0.conda#12f7d00853807b0531775e9be891cb11
https://conda.anaconda.org/conda-forge/noarch/charset-normalizer-3.4.0-pyhd8ed1ab_1.conda#6581a17bba6b948bb60130026404a9d6
https://conda.anaconda.org/conda-forge/noarch/click-8.1.7-unix_pyh707e725_1.conda#cb8e52f28f5e592598190c562e7b5bf1
https://conda.anaconda.org/conda-forge/noarch/cloudpickle-3.1.1-pyhd8ed1ab_0.conda#364ba6c9fb03886ac979b482f39ebb92
https://conda.anaconda.org/conda-forge/noarch/colorama-0.4.6-pyhd8ed1ab_1.conda#962b9857ee8e7018c22f2776ffa0b2d7
https://conda.anaconda.org/conda-forge/noarch/cycler-0.12.1-pyhd8ed1ab_1.conda#44600c4667a319d67dbe0681fc0bc833
https://conda.anaconda.org/conda-forge/noarch/docopt-ng-0.9.0-pyhd8ed1ab_1.conda#7635e4907164a088d932f7d8965db7ab
https://conda.anaconda.org/conda-forge/noarch/exceptiongroup-1.2.2-pyhd8ed1ab_1.conda#a16662747cdeb9abbac74d0057cc976e
https://conda.anaconda.org/conda-forge/noarch/fasteners-0.17.3-pyhd8ed1ab_0.tar.bz2#348e27e78a5e39090031448c72f66d5e
https://conda.anaconda.org/conda-forge/noarch/fastprogress-1.0.3-pyhd8ed1ab_1.conda#a1f997959ce49fe4d554a8ae6d3ef494
https://conda.anaconda.org/conda-forge/noarch/filelock-3.16.1-pyhd8ed1ab_1.conda#d692e9ba6f92dc51484bf3477e36ce7c
https://conda.anaconda.org/conda-forge/noarch/findlibs-0.0.5-pyhd8ed1ab_0.conda#8f325f63020af6f7acbe2c4cb4c920db
https://conda.anaconda.org/conda-forge/osx-64/frozenlist-1.5.0-py312h3520af0_1.conda#887a4fa613758220fff7641b9d3ead95
https://conda.anaconda.org/conda-forge/noarch/fsspec-2024.10.0-pyhd8ed1ab_1.conda#906fe13095e734cb413b57a49116cdc8
https://conda.anaconda.org/conda-forge/osx-64/hdf5-1.14.4-nompi_h1607680_105.conda#12ebafc40b10d4bf519e4c2074c52aef
https://conda.anaconda.org/conda-forge/noarch/idna-3.10-pyhd8ed1ab_1.conda#39a4f67be3286c86d696df570b1201b7
https://conda.anaconda.org/conda-forge/noarch/iniconfig-2.0.0-pyhd8ed1ab_1.conda#6837f3eff7dcea42ecd714ce1ac2b108
https://conda.anaconda.org/conda-forge/noarch/jmespath-1.0.1-pyhd8ed1ab_1.conda#972bdca8f30147135f951847b30399ea
https://conda.anaconda.org/conda-forge/osx-64/kiwisolver-1.4.8-py312h9275861_0.conda#88135d68c4ab7e6aedf52765b92acc70
https://conda.anaconda.org/conda-forge/noarch/legacy-cgi-2.6.2-pyh41aed27_1.conda#097b37f4503a319a9631020ecfe0e845
https://conda.anaconda.org/conda-forge/osx-64/libblas-3.9.0-28_h7f60823_openblas.conda#c9f0b30e5ab2f4ddc450b95743d2070d
https://conda.anaconda.org/conda-forge/osx-64/libgrpc-1.67.1-h4896ac0_1.conda#e6f9b94b637c659257d7ea8508748905
https://conda.anaconda.org/conda-forge/osx-64/llvmlite-0.43.0-py312hcc8fd36_1.conda#089bb036b9d118a2deec62822b015269
https://conda.anaconda.org/conda-forge/noarch/locket-1.0.0-pyhd8ed1ab_0.tar.bz2#91e27ef3d05cc772ce627e51cff111c4
https://conda.anaconda.org/conda-forge/osx-64/lxml-5.3.0-py312h4feaf87_2.conda#d1d2583ce9c06e63bf90a5c523e30ab0
https://conda.anaconda.org/conda-forge/osx-64/lz4-4.3.3-py312h3d55e07_2.conda#06b2ce3ab42b6fdde2d20be83cb6186a
https://conda.anaconda.org/conda-forge/osx-64/markupsafe-3.0.2-py312h3520af0_1.conda#32d6bc2407685d7e2d8db424f42018c6
https://conda.anaconda.org/conda-forge/osx-64/msgpack-python-1.1.0-py312hc5c4d5f_0.conda#3448a4ca65790764c2f8d44d5f917f84
https://conda.anaconda.org/conda-forge/osx-64/multidict-6.1.0-py312h6f3313d_1.conda#47e51ecdee53dfc456f02ad633aa43bf
https://conda.anaconda.org/conda-forge/noarch/munkres-1.1.4-pyh9f0ad1d_0.tar.bz2#2ba8498c1018c1e9c61eb99b973dfe19
https://conda.anaconda.org/conda-forge/noarch/networkx-3.4.2-pyh267e887_2.conda#fd40bf7f7f4bc4b647dc8512053d9873
https://conda.anaconda.org/conda-forge/noarch/packaging-24.2-pyhd8ed1ab_2.conda#3bfed7e6228ebf2f7b9eaa47f1b4e2aa
https://conda.anaconda.org/conda-forge/noarch/param-2.1.1-pyhd8ed1ab_1.conda#103f5ebeb21ad6c809fef80a1b494611
https://conda.anaconda.org/conda-forge/osx-64/pillow-11.1.0-py312hd9f36e3_0.conda#3b4657a78aaca3af9b392b0657eb3e94
https://conda.anaconda.org/conda-forge/noarch/platformdirs-4.3.6-pyhd8ed1ab_1.conda#577852c7e53901ddccc7e6a9959ddebe
https://conda.anaconda.org/conda-forge/noarch/pluggy-1.5.0-pyhd8ed1ab_1.conda#e9dcbce5f45f9ee500e728ae58b605b6
https://conda.anaconda.org/conda-forge/osx-64/proj-9.5.1-h5273da6_0.conda#523c87f13b2f99a96295993ede863b87
https://conda.anaconda.org/conda-forge/osx-64/propcache-0.2.1-py312h3520af0_1.conda#e712bcabf1db361f1350b638be66caca
https://conda.anaconda.org/conda-forge/osx-64/psutil-5.9.8-py312h41838bb_0.conda#03926e7089a5e61b77043b470ae7b553
https://conda.anaconda.org/conda-forge/noarch/pycparser-2.22-pyh29332c3_1.conda#12c566707c80111f9799308d9e265aef
https://conda.anaconda.org/conda-forge/noarch/pyparsing-3.2.0-pyhd8ed1ab_2.conda#4c05a2bcf87bb495512374143b57cf28
https://conda.anaconda.org/conda-forge/noarch/pyshp-2.3.1-pyhd8ed1ab_1.conda#856b387c270e9eaf6e41e978057a2b62
https://conda.anaconda.org/conda-forge/noarch/pysocks-1.7.1-pyha55dd90_7.conda#461219d1a5bd61342293efa2c0c90eac
https://conda.anaconda.org/conda-forge/noarch/python-tzdata-2025.1-pyhd8ed1ab_0.conda#392c91c42edd569a7ec99ed8648f597a
https://conda.anaconda.org/conda-forge/noarch/pytz-2024.1-pyhd8ed1ab_0.conda#3eeeeb9e4827ace8c0c1419c85d590ad
https://conda.anaconda.org/conda-forge/osx-64/pyyaml-6.0.2-py312h3520af0_2.conda#4a2d83ac55752681d54f781534ddd209
https://conda.anaconda.org/conda-forge/noarch/setuptools-75.8.0-pyhff2d567_0.conda#8f28e299c11afdd79e0ec1e279dcdc52
https://conda.anaconda.org/conda-forge/noarch/six-1.17.0-pyhd8ed1ab_0.conda#a451d576819089b0d672f18768be0f65
https://conda.anaconda.org/conda-forge/noarch/sortedcontainers-2.4.0-pyhd8ed1ab_1.conda#0401a17ae845fa72c7210e206ec5647d
https://conda.anaconda.org/conda-forge/noarch/soupsieve-2.5-pyhd8ed1ab_1.conda#3f144b2c34f8cb5a9abd9ed23a39c561
https://conda.anaconda.org/conda-forge/noarch/tblib-3.0.0-pyhd8ed1ab_1.conda#60ce69f73f3e75b21f1c27b1b471320c
https://conda.anaconda.org/conda-forge/noarch/threadpoolctl-3.5.0-pyhc1e730c_0.conda#df68d78237980a159bd7149f33c0e8fd
https://conda.anaconda.org/conda-forge/noarch/tomli-2.2.1-pyhd8ed1ab_1.conda#ac944244f1fed2eb49bae07193ae8215
https://conda.anaconda.org/conda-forge/noarch/toolz-1.0.0-pyhd8ed1ab_1.conda#40d0ed782a8aaa16ef248e68c06c168d
https://conda.anaconda.org/conda-forge/osx-64/tornado-6.4.2-py312h01d7ebd_0.conda#1b977164053085b356297127d3d6be49
https://conda.anaconda.org/conda-forge/noarch/traitlets-5.14.3-pyhd8ed1ab_1.conda#019a7385be9af33791c989871317e1ed
https://conda.anaconda.org/conda-forge/noarch/typing_extensions-4.12.2-pyha770c72_1.conda#d17f13df8b65464ca316cbc000a3cb64
https://conda.anaconda.org/conda-forge/osx-64/unicodedata2-16.0.0-py312h01d7ebd_0.conda#27740ecb2764b1cddbe1e7412ed16034
https://conda.anaconda.org/conda-forge/noarch/wheel-0.45.1-pyhd8ed1ab_1.conda#75cb7132eb58d97896e173ef12ac9986
https://conda.anaconda.org/conda-forge/osx-64/wrapt-1.17.2-py312h01d7ebd_0.conda#6a860c98c6aea375eea574693a98d409
https://conda.anaconda.org/conda-forge/noarch/xyzservices-2025.1.0-pyhd8ed1ab_0.conda#fdf07e281a9e5e10fc75b2dd444136e9
https://conda.anaconda.org/conda-forge/noarch/zict-3.0.0-pyhd8ed1ab_1.conda#e52c2ef711ccf31bb7f70ca87d144b9e
https://conda.anaconda.org/conda-forge/noarch/zipp-3.21.0-pyhd8ed1ab_1.conda#0c3cc595284c5e8f0f9900a9b228a332
https://conda.anaconda.org/conda-forge/noarch/aioitertools-0.12.0-pyhd8ed1ab_1.conda#3eb47adbffac44483f59e580f8600a1e
https://conda.anaconda.org/conda-forge/noarch/aiosignal-1.3.2-pyhd8ed1ab_0.conda#1a3981115a398535dbe3f6d5faae3d36
https://conda.anaconda.org/conda-forge/osx-64/aws-c-s3-0.7.9-h702e2dd_1.conda#79314d2e176c003d7b2bb78d338ae77f
https://conda.anaconda.org/conda-forge/osx-64/azure-identity-cpp-1.10.0-ha4e2ba9_0.conda#ad56b6a4b8931d37a2cf5bc724a46f01
https://conda.anaconda.org/conda-forge/osx-64/azure-storage-common-cpp-12.8.0-h1ccc5ac_1.conda#5b3e79eb148d6e30d6c697788bad9960
https://conda.anaconda.org/conda-forge/noarch/beautifulsoup4-4.12.3-pyha770c72_1.conda#d48f7e9fdec44baf6d1da416fe402b04
https://conda.anaconda.org/conda-forge/noarch/cached-property-1.5.2-hd8ed1ab_1.tar.bz2#9b347a7ec10940d3f7941ff6c460b551
https://conda.anaconda.org/conda-forge/osx-64/cffi-1.17.1-py312hf857d28_0.conda#5bbc69b8194fedc2792e451026cac34f
https://conda.anaconda.org/conda-forge/noarch/click-plugins-1.1.1-pyhd8ed1ab_1.conda#82bea35e4dac4678ba623cf10e95e375
https://conda.anaconda.org/conda-forge/noarch/cligj-0.7.2-pyhd8ed1ab_2.conda#55c7804f428719241a90b152016085a1
https://conda.anaconda.org/conda-forge/osx-64/cytoolz-1.0.1-py312h01d7ebd_0.conda#8c2f9a41e43eeb7e3534197f814b9bdc
https://conda.anaconda.org/conda-forge/osx-64/fonttools-4.56.0-py312h3520af0_0.conda#9b603b2fa3072c966ef2ff119e8203f3
https://conda.anaconda.org/conda-forge/osx-64/geotiff-1.7.3-h2b6e260_3.conda#bbc58a544b03990b3bc8c2139cc6c34f
https://conda.anaconda.org/conda-forge/noarch/importlib-metadata-8.5.0-pyha770c72_1.conda#315607a3030ad5d5227e76e0733798ff
https://conda.anaconda.org/conda-forge/noarch/importlib_resources-6.4.5-pyhd8ed1ab_1.conda#15798fa69312d433af690c8c42b3fb36
https://conda.anaconda.org/conda-forge/noarch/intake-2.0.7-pyhd8ed1ab_1.conda#55e0ec93470aceae3299fbf8c0a78d15
https://conda.anaconda.org/conda-forge/noarch/jinja2-3.1.4-pyhd8ed1ab_1.conda#08cce3151bde4ecad7885bd9fb647532
https://conda.anaconda.org/conda-forge/noarch/joblib-1.4.2-pyhd8ed1ab_1.conda#bf8243ee348f3a10a14ed0cae323e0c1
https://conda.anaconda.org/conda-forge/osx-64/libcblas-3.9.0-28_hff6cab4_openblas.conda#bf672fd5b62c531028cda585c6ee91b1
https://conda.anaconda.org/conda-forge/osx-64/libgoogle-cloud-2.34.0-h7000a09_0.conda#b99d040fc4dda99775e786d7cd591b2d
https://conda.anaconda.org/conda-forge/osx-64/liblapack-3.9.0-28_h236ab99_openblas.conda#edbfe8906ba99637eebb9ebe675a57d3
https://conda.anaconda.org/conda-forge/osx-64/libnetcdf-4.9.2-nompi_hd7a758f_116.conda#25ba70595ea5495448e9dd55e4836177
https://conda.anaconda.org/conda-forge/osx-64/libspatialite-5.1.0-h74337a0_12.conda#a1c412b37aefefd924b2f652a79eb17c
https://conda.anaconda.org/conda-forge/noarch/partd-1.4.2-pyhd8ed1ab_0.conda#0badf9c54e24cecfb0ad2f99d680c163
https://conda.anaconda.org/conda-forge/noarch/pip-24.3.1-pyh8b19718_2.conda#04e691b9fadd93a8a9fad87a81d4fd8f
https://conda.anaconda.org/conda-forge/osx-64/pyproj-3.7.0-py312h9673cc4_0.conda#c44fa471064d7ca1c3f335dfeafa5651
https://conda.anaconda.org/conda-forge/noarch/pytest-8.3.3-pyhd8ed1ab_0.conda#c03d61f31f38fdb9facf70c29958bf7a
https://conda.anaconda.org/conda-forge/noarch/python-dateutil-2.9.0.post0-pyhff2d567_1.conda#5ba79d7c71f03c678c8ead841f347d6e
https://conda.anaconda.org/conda-forge/noarch/tqdm-4.67.0-pyhd8ed1ab_0.conda#196a9e6ab4e036ceafa516ea036619b0
https://conda.anaconda.org/conda-forge/noarch/typing-extensions-4.12.2-hd8ed1ab_1.conda#b6a408c64b78ec7b779a3e5c7a902433
https://conda.anaconda.org/conda-forge/noarch/urllib3-1.26.19-pyhd8ed1ab_0.conda#6bb37c314b3cc1515dcf086ffe01c46e
https://conda.anaconda.org/conda-forge/noarch/webob-1.8.9-pyhd8ed1ab_1.conda#293718ddac83a0fbc0f2193ff77d1e1c
https://conda.anaconda.org/conda-forge/noarch/yamale-5.2.1-pyhd8ed1ab_1.conda#8380155472575eec439a47eef8f62b80
https://conda.anaconda.org/conda-forge/osx-64/yarl-1.18.3-py312h3520af0_1.conda#c9c69a722e1cb1250608ed6c58bd2215
https://conda.anaconda.org/conda-forge/osx-64/aiohttp-3.11.12-py312h3520af0_0.conda#c31e7180a4a86b5a8339689133deea9b
https://conda.anaconda.org/conda-forge/noarch/annotated-types-0.7.0-pyhd8ed1ab_1.conda#2934f256a8acfe48f6ebb4fce6cde29c
https://conda.anaconda.org/conda-forge/osx-64/aws-crt-cpp-0.29.9-h5c43303_2.conda#b2e8729ac755ec676e07e41e6f456c17
https://conda.anaconda.org/conda-forge/osx-64/azure-storage-blobs-cpp-12.13.0-h3d2f5f1_1.conda#3df4fb5d6d0e7b3fb28e071aff23787e
https://conda.anaconda.org/conda-forge/noarch/botocore-1.35.88-pyge310_1234567_0.conda#b9aa1b53b4ba9530c818f912ef6af33d
https://conda.anaconda.org/conda-forge/noarch/branca-0.8.1-pyhd8ed1ab_0.conda#9f3937b768675ab4346f07e9ef723e4b
https://conda.anaconda.org/conda-forge/osx-64/eccodes-2.38.3-hfe759d6_3.conda#74abae2733ab8773ab5561cbaf51b78a
https://conda.anaconda.org/conda-forge/noarch/flexcache-0.3-pyhd8ed1ab_1.conda#f1e618f2f783427019071b14a111b30d
https://conda.anaconda.org/conda-forge/noarch/flexparser-0.4-pyhd8ed1ab_1.conda#6dc4e43174cd552452fdb8c423e90e69
https://conda.anaconda.org/conda-forge/noarch/importlib-resources-6.4.5-pyhd8ed1ab_1.conda#59561d9b70f9df3b884c29910eba6593
https://conda.anaconda.org/conda-forge/noarch/importlib_metadata-8.5.0-hd8ed1ab_1.conda#c70dd0718dbccdcc6d5828de3e71399d
https://conda.anaconda.org/conda-forge/noarch/jsonpickle-3.4.2-pyhff2d567_0.conda#857174a73a5adb08d9cfc3e567d94b11
https://conda.anaconda.org/conda-forge/osx-64/libgdal-core-3.10.1-ha746336_2.conda#af21f99c36eca114257730116c53b96d
https://conda.anaconda.org/conda-forge/osx-64/libgoogle-cloud-storage-2.34.0-h3f2b517_0.conda#c6962e0181e6edca75e236f8e0c1ea53
https://conda.anaconda.org/conda-forge/osx-64/numpy-2.0.2-py312hfc93d17_1.conda#716d5eee22681698bf4463ca754e5a6c
https://conda.anaconda.org/conda-forge/osx-64/pydantic-core-2.23.4-py312h669792a_0.conda#14806afd8ed78812d83e8b9ea4b549c0
https://conda.anaconda.org/conda-forge/noarch/requests-2.32.3-pyhd8ed1ab_1.conda#a9b9368f3701a417eac9edbcae7cb737
https://conda.anaconda.org/conda-forge/noarch/aiobotocore-2.16.1-pyhd8ed1ab_0.conda#88bd0a5e1345a5b926531f2eb6dd215c
https://conda.anaconda.org/conda-forge/osx-64/aws-sdk-cpp-1.11.489-h904bc55_0.conda#b860858f5b5d146af55a3ae58574e7f6
https://conda.anaconda.org/conda-forge/osx-64/azure-storage-files-datalake-cpp-12.12.0-h86941f0_1.conda#60452336e7f61f6fdaaff69264ee112e
https://conda.anaconda.org/conda-forge/osx-64/bottleneck-1.4.2-py312h59f7578_0.conda#17873f659e104fec31f3874ff52da640
https://conda.anaconda.org/conda-forge/osx-64/cftime-1.6.4-py312h3a11e2b_1.conda#d54b6e889b9b750c364a0c09f79ff622
https://conda.anaconda.org/conda-forge/osx-64/contourpy-1.3.1-py312hc47a885_0.conda#94715deb514df3f341f62bc2ffea5637
https://conda.anaconda.org/conda-forge/noarch/dask-core-2024.11.0-pyhd8ed1ab_0.conda#75c96f0655908f596a57be60251b78d4
https://conda.anaconda.org/conda-forge/noarch/folium-0.19.4-pyhd8ed1ab_0.conda#5373736fc7c86a9681319b9511cc3973
https://conda.anaconda.org/conda-forge/osx-64/h3-py-4.1.1-py312hae40c12_1.conda#2556ca6b07e811bb4fa158ecd8a562e3
https://conda.anaconda.org/conda-forge/osx-64/h5py-3.12.1-nompi_py312hf5b0cce_103.conda#284872e119fd9944e9ce94da08b00ec7
https://conda.anaconda.org/conda-forge/osx-64/numba-0.60.0-py312hc3b515d_0.conda#4138842cc16a0a1994d1a80214c25d7e
https://conda.anaconda.org/conda-forge/osx-64/numcodecs-0.13.1-py312h84d4392_0.conda#2c8eb5efea5aca152e066a9dae50ace5
https://conda.anaconda.org/conda-forge/osx-64/pandas-2.2.3-py312h98e817e_1.conda#a7f7c58bbbfcdf820edb6e544555fe8f
https://conda.anaconda.org/conda-forge/noarch/patsy-1.0.1-pyhd8ed1ab_1.conda#ee23fabfd0a8c6b8d6f3729b47b2859d
https://conda.anaconda.org/conda-forge/noarch/pint-0.24.4-pyhd8ed1ab_1.conda#a566694ac0ab8f25e7f40a5d24070a1a
https://conda.anaconda.org/conda-forge/noarch/pooch-1.8.2-pyhd8ed1ab_1.conda#b3e783e8e8ed7577cf0b6dee37d1fbac
https://conda.anaconda.org/conda-forge/noarch/pydantic-2.9.2-pyhd8ed1ab_0.conda#1eb533bb8eb2199e3fef3e4aa147319f
https://conda.anaconda.org/conda-forge/osx-64/pyogrio-0.10.0-py312h4bcfd6b_1.conda#35fcc42314c5aa54a8674523ae5add1a
https://conda.anaconda.org/conda-forge/osx-64/python-eccodes-2.37.0-py312h3a11e2b_0.conda#a19f78c784d3a81b4cf800f8d8112cd7
https://conda.anaconda.org/conda-forge/noarch/s3transfer-0.10.4-pyhd8ed1ab_1.conda#ed873ecbcf00825b51ae5a272083ef2d
https://conda.anaconda.org/conda-forge/osx-64/scipy-1.14.1-py312h3b0f538_2.conda#f277cece96aeecf995a30a03c6471cfd
https://conda.anaconda.org/conda-forge/osx-64/shapely-2.0.7-py312hfb9f375_0.conda#1b2d5fb0f7da7c64cd4afd5613a04ce1
https://conda.anaconda.org/conda-forge/noarch/snuggs-1.4.7-pyhd8ed1ab_2.conda#9aa358575bbd4be126eaa5e0039f835c
https://conda.anaconda.org/conda-forge/noarch/bokeh-3.6.3-pyhd8ed1ab_0.conda#606498329a91bd9d5c0439fb2815816f
https://conda.anaconda.org/conda-forge/noarch/boto3-1.35.36-pyhd8ed1ab_0.conda#7b26bdcabcaf40040430b63635c6446a
https://conda.anaconda.org/conda-forge/noarch/distributed-2024.11.0-pyhd8ed1ab_0.conda#497f3535cbb69cd2f02158e2e18ee0bb
https://conda.anaconda.org/conda-forge/noarch/geopandas-base-1.0.1-pyha770c72_3.conda#e8343d1b635bf09dafdd362d7357f395
https://conda.anaconda.org/conda-forge/noarch/h5netcdf-1.4.0-pyhd8ed1ab_0.conda#09654b6e08a38977b2ccab5136673871
https://conda.anaconda.org/conda-forge/osx-64/libarrow-17.0.0-h553eae1_47_cpu.conda#425d7a21b2c369dd390ee8c6d23e66ce
https://conda.anaconda.org/conda-forge/osx-64/matplotlib-base-3.9.2-py312h30cc4df_2.conda#f0fa1b2e28e3a5304880cc6a25616252
https://conda.anaconda.org/conda-forge/osx-64/netcdf4-1.7.1-nompi_py312h008f89c_103.conda#879e18eb0481c13d495b3d48c5245639
https://conda.anaconda.org/conda-forge/noarch/pydap-3.5.1-pyhff2d567_2.conda#f63b82a2ed9daf46d3c3a1569b985d72
https://conda.anaconda.org/conda-forge/osx-64/rasterio-1.4.2-py312h7846a4c_1.conda#beb55ddc452b336ad638c1ad520a223c
https://conda.anaconda.org/conda-forge/noarch/s3fs-2024.10.0-pyhd8ed1ab_1.conda#589f046bbc8577f93826fe922f4e960a
https://conda.anaconda.org/conda-forge/osx-64/scikit-learn-1.6.1-py312he1a5313_0.conda#c177b3800953875a115ecba027a66d63
https://conda.anaconda.org/conda-forge/osx-64/statsmodels-0.14.4-py312h3a11e2b_0.conda#55fe30ca963ade785dd48348cfd2ad96
https://conda.anaconda.org/conda-forge/osx-64/timezonefinder-6.5.4-py312h3d0f464_0.conda#6bf5a88de2f0641ec367061428ac5740
https://conda.anaconda.org/conda-forge/noarch/xarray-2024.10.0-pyhd8ed1ab_0.conda#53e365732dfa053c4d19fc6b927392c4
https://conda.anaconda.org/conda-forge/noarch/zarr-2.18.3-pyhd8ed1ab_1.conda#3e9a0fee25417c432c4780b9597fc312
https://conda.anaconda.org/conda-forge/osx-64/cartopy-0.24.0-py312h98e817e_0.conda#75179ab8de580fb4f0eed661119c4680
https://conda.anaconda.org/conda-forge/noarch/cf_xarray-0.10.0-pyhd8ed1ab_2.conda#ed15dcf944706ae6ea54968dfa4a06a5
https://conda.anaconda.org/conda-forge/noarch/cfgrib-0.9.14.1-pyhd8ed1ab_1.conda#e0d0cb61b2518a98a83e221fc55e8815
https://conda.anaconda.org/conda-forge/noarch/dask-geopandas-0.4.2-pyhd8ed1ab_1.conda#99c390267721004da5fa9c2a0562e943
https://conda.anaconda.org/conda-forge/osx-64/libarrow-acero-17.0.0-ha6338a2_47_cpu.conda#30dab1475712d48c3273b5b9654bd904
https://conda.anaconda.org/conda-forge/osx-64/libparquet-17.0.0-h3e22b07_47_cpu.conda#be1130b85cb8e4d68413e67965706710
https://conda.anaconda.org/conda-forge/noarch/mapclassify-2.8.1-pyhd8ed1ab_1.conda#c48bbb2bcc3f9f46741a7915d67e6839
https://conda.anaconda.org/conda-forge/osx-64/pyarrow-core-17.0.0-py312h5157fe3_2_cpu.conda#82a7735daf2aaf5e1011fc45537c5ed8
https://conda.anaconda.org/conda-forge/noarch/rioxarray-0.17.0-pyhd8ed1ab_1.conda#bd4b362bdee5f1b798922722c139b578
https://conda.anaconda.org/conda-forge/noarch/geopandas-1.0.1-pyhd8ed1ab_3.conda#1baca589eb35814a392eaad6d152447e
https://conda.anaconda.org/conda-forge/osx-64/libarrow-dataset-17.0.0-ha6338a2_47_cpu.conda#bb4614aabfa5cfc1060a767a102df4c3
https://conda.anaconda.org/conda-forge/noarch/metpy-1.6.3-pyhd8ed1ab_1.conda#1edcfa210aeb3d5bba4331fe940f1f53
https://conda.anaconda.org/conda-forge/noarch/intake-geopandas-0.4.0-pyhd8ed1ab_1.conda#b1e2b5665d15c2d62d99bec8aedda0da
https://conda.anaconda.org/conda-forge/osx-64/libarrow-substrait-17.0.0-h5c2345d_47_cpu.conda#77cdd9ebe3fedb5387c2af349aa67d53
https://conda.anaconda.org/conda-forge/osx-64/pyarrow-17.0.0-py312h0be7463_2.conda#91fb666d226f609f8b9cf57d9d769afe
https://conda.anaconda.org/conda-forge/noarch/dask-expr-1.1.17-pyhd8ed1ab_0.conda#4f75a3a76e9f693fc33be59485f46fcf
https://conda.anaconda.org/conda-forge/noarch/dask-2024.11.0-pyhd8ed1ab_0.conda#9a25bf7e2a910e85209218896f2adeb9
https://conda.anaconda.org/conda-forge/noarch/dask-gateway-2024.1.0-pyh57928b3_1.conda#6164aaeb0639a5d63faeecd368405986
https://conda.anaconda.org/conda-forge/noarch/intake-esm-2023.11.10-pyhd8ed1ab_0.conda#e0c73b7dc6419a243c5fe104ec241a48
https://conda.anaconda.org/conda-forge/noarch/intake-xarray-0.7.0-pyhd8ed1ab_0.conda#d6471673fac9fa8f13a2517315ffcf6b
https://conda.anaconda.org/conda-forge/noarch/xclim-0.53.1-pyhd8ed1ab_0.conda#095e59e596d7f02edc0ea8789570bedd
