# Generated by conda-lock.
# platform: osx-arm64
# input_hash: 7d7f1562360bc2ef807eaa27155065979bc245408508bd895b40d258855259e0
@EXPLICIT
https://conda.anaconda.org/conda-forge/osx-arm64/ca-certificates-2024.8.30-hf0a4a13_0.conda#40dec13fd8348dbe303e57be74bd3d35
https://conda.anaconda.org/conda-forge/osx-arm64/dav1d-1.2.1-hb547adb_0.conda#5a74cdee497e6b65173e10d94582fae6
https://conda.anaconda.org/conda-forge/osx-arm64/giflib-5.2.2-h93a5062_0.conda#95fa1486c77505330c20f7202492b913
https://conda.anaconda.org/conda-forge/osx-arm64/libev-4.33-h93a5062_2.conda#36d33e440c31857372a72137f78bacf5
https://conda.anaconda.org/conda-forge/osx-arm64/libffi-3.4.2-h3422bc3_5.tar.bz2#086914b672be056eb70fd4285b6783b6
https://conda.anaconda.org/conda-forge/osx-arm64/libiconv-1.17-h0d3ecfb_2.conda#69bda57310071cf6d2b86caf11573d2d
https://conda.anaconda.org/conda-forge/osx-arm64/libjpeg-turbo-3.0.0-hb547adb_1.conda#3ff1e053dc3a2b8e36b9bfa4256a58d1
https://conda.anaconda.org/conda-forge/osx-arm64/libwebp-base-1.4.0-h93a5062_0.conda#c0af0edfebe780b19940e94871f1a765
https://conda.anaconda.org/conda-forge/osx-arm64/lzo-2.10-h93a5062_1001.conda#915996063a7380c652f83609e970c2a7
https://conda.anaconda.org/conda-forge/osx-arm64/python_abi-3.12-5_cp312.conda#b76f9b1c862128e56ac7aa8cd2333de9
https://conda.anaconda.org/conda-forge/osx-arm64/rav1e-0.6.6-h69fbcac_2.conda#e309ae86569b1cd55a0285fa4e939844
https://conda.anaconda.org/conda-forge/noarch/tzdata-2024b-hc8b5060_0.conda#8ac3367aafb1cc0a068483c580af8015
https://conda.anaconda.org/conda-forge/osx-arm64/xz-5.2.6-h57fd34a_0.tar.bz2#39c6b54e94014701dd157f4f576ed211
https://conda.anaconda.org/conda-forge/osx-arm64/yaml-0.2.5-h3422bc3_2.tar.bz2#4bb3f014845110883a3c5ee811fd84b4
https://conda.anaconda.org/conda-forge/osx-arm64/aws-c-common-0.10.3-h5505292_0.conda#4150339e3b08db33fe4c436340b1d7f6
https://conda.anaconda.org/conda-forge/osx-arm64/bzip2-1.0.8-h99b78c6_7.conda#fc6948412dbbbe9a4c9ddbbcfe0a79ab
https://conda.anaconda.org/conda-forge/osx-arm64/c-ares-1.34.3-h5505292_1.conda#fb72102e8a8f9bcd38e40af09ff41c42
https://conda.anaconda.org/conda-forge/osx-arm64/icu-75.1-hfee45f7_0.conda#5eb22c1d7b3fc4abb50d92d621583137
https://conda.anaconda.org/conda-forge/osx-arm64/jasper-4.2.4-h6c4e4ef_0.conda#9019e1298c84b0185a60c62741d720dd
https://conda.anaconda.org/conda-forge/osx-arm64/json-c-0.18-he4178ee_0.conda#94f14ef6157687c30feb44e1abecd577
https://conda.anaconda.org/conda-forge/osx-arm64/libbrotlicommon-1.1.0-hd74edd7_2.conda#d0bf1dff146b799b319ea0434b93f779
https://conda.anaconda.org/conda-forge/osx-arm64/libcxx-19.1.4-ha82da77_0.conda#a2d3d484d95889fccdd09498d8f6bf9a
https://conda.anaconda.org/conda-forge/osx-arm64/libdeflate-1.22-hd74edd7_0.conda#2d3e3f3d8ab315748420ef58d5a3ae0f
https://conda.anaconda.org/conda-forge/osx-arm64/libexpat-2.6.4-h286801f_0.conda#38d2656dd914feb0cab8c629370768bf
https://conda.anaconda.org/conda-forge/osx-arm64/libutf8proc-2.9.0-h5505292_1.conda#f777470d31c78cd0abe1903a2fda436f
https://conda.anaconda.org/conda-forge/osx-arm64/libzlib-1.3.1-h8359307_2.conda#369964e85dc26bfe78f41399b366c435
https://conda.anaconda.org/conda-forge/osx-arm64/llvm-openmp-19.1.4-hdb05f8b_0.conda#76ca179ec970bea6e275e2fa477c2d3c
https://conda.anaconda.org/conda-forge/osx-arm64/ncurses-6.5-h7bae524_1.conda#cb2b0ea909b97b3d70cd3921d1445e1a
https://conda.anaconda.org/conda-forge/osx-arm64/openssl-3.4.0-h39f12f2_0.conda#df307bbc703324722df0293c9ca2e418
https://conda.anaconda.org/conda-forge/osx-arm64/pthread-stubs-0.4-hd74edd7_1002.conda#415816daf82e0b23a736a069a75e9da7
https://conda.anaconda.org/conda-forge/osx-arm64/xorg-libxau-1.0.11-hd74edd7_1.conda#7e0125f8fb619620a0011dc9297e2493
https://conda.anaconda.org/conda-forge/osx-arm64/xorg-libxdmcp-1.1.5-hd74edd7_0.conda#77c447f48cab5d3a15ac224edb86a968
https://conda.anaconda.org/conda-forge/osx-arm64/aom-3.9.1-h7bae524_0.conda#7adba36492a1bb22d98ffffe4f6fc6de
https://conda.anaconda.org/conda-forge/osx-arm64/aws-c-cal-0.8.0-h5d7ee29_2.conda#92734dad83d22314205ba73b679710d2
https://conda.anaconda.org/conda-forge/osx-arm64/aws-c-compression-0.3.0-h5d7ee29_2.conda#15566c36b0cf5f314e3bee7f7cc796b5
https://conda.anaconda.org/conda-forge/osx-arm64/aws-c-sdkutils-0.2.1-h5d7ee29_1.conda#0f1e5bc57d4567c9d9bec8d8982828ed
https://conda.anaconda.org/conda-forge/osx-arm64/aws-checksums-0.2.2-h5d7ee29_1.conda#db1ed95988a8fe6c1ce0d94abdfc8e72
https://conda.anaconda.org/conda-forge/osx-arm64/geos-3.13.0-hf9b8971_0.conda#45b2e9adb9663644b1eefa5300b9eef3
https://conda.anaconda.org/conda-forge/osx-arm64/gflags-2.2.2-hf9b8971_1005.conda#57a511a5905caa37540eb914dfcbf1fb
https://conda.anaconda.org/conda-forge/osx-arm64/hdf4-4.2.15-h2ee6834_7.conda#ff5d749fd711dc7759e127db38005924
https://conda.anaconda.org/conda-forge/osx-arm64/lerc-4.0.0-h9a09cb3_0.tar.bz2#de462d5aacda3b30721b512c5da4e742
https://conda.anaconda.org/conda-forge/osx-arm64/libabseil-20240722.0-cxx17_hf9b8971_1.conda#706da5e791c569a7b9814877098a6a0a
https://conda.anaconda.org/conda-forge/osx-arm64/libaec-1.1.3-hebf3989_0.conda#6f0b8e56d2e7bae12a18fc5b2cd9f310
https://conda.anaconda.org/conda-forge/osx-arm64/libbrotlidec-1.1.0-hd74edd7_2.conda#55e66e68ce55523a6811633dd1ac74e2
https://conda.anaconda.org/conda-forge/osx-arm64/libbrotlienc-1.1.0-hd74edd7_2.conda#4f3a434504c67b2c42565c0b85c1885c
https://conda.anaconda.org/conda-forge/osx-arm64/libcrc32c-1.1.2-hbdafb3b_0.tar.bz2#32bd82a6a625ea6ce090a81c3d34edeb
https://conda.anaconda.org/conda-forge/osx-arm64/libde265-1.0.15-h2ffa867_0.conda#7c718ee6d8497702145612fa0898a12d
https://conda.anaconda.org/conda-forge/osx-arm64/libedit-3.1.20191231-hc8eb9b7_2.tar.bz2#30e4362988a2623e9eb34337b83e01f9
https://conda.anaconda.org/conda-forge/osx-arm64/libevent-2.1.12-h2757513_1.conda#1a109764bff3bdc7bdd84088347d71dc
https://conda.anaconda.org/conda-forge/osx-arm64/libgfortran5-13.2.0-hf226fd6_3.conda#66ac81d54e95c534ae488726c1f698ea
https://conda.anaconda.org/conda-forge/osx-arm64/libllvm14-14.0.6-hd1a9a77_4.conda#9f3dce5d26ea56a9000cd74c034582bd
https://conda.anaconda.org/conda-forge/osx-arm64/libnghttp2-1.64.0-h6d7220d_0.conda#3408c02539cee5f1141f9f11450b6a51
https://conda.anaconda.org/conda-forge/osx-arm64/libpng-1.6.44-hc14010f_0.conda#fb36e93f0ea6a6f5d2b99984f34b049e
https://conda.anaconda.org/conda-forge/osx-arm64/libsqlite-3.47.0-hbaaea75_1.conda#07a14fbe439eef078cc479deca321161
https://conda.anaconda.org/conda-forge/osx-arm64/libssh2-1.11.1-h9cc3647_0.conda#ddc7194676c285513706e5fc64f214d7
https://conda.anaconda.org/conda-forge/osx-arm64/libxcb-1.17.0-hdb1d25a_0.conda#af523aae2eca6dfa1c8eec693f5b9a79
https://conda.anaconda.org/conda-forge/osx-arm64/libxml2-2.13.5-hbbdcc80_0.conda#967d4a9dadd710415ee008d862a07c99
https://conda.anaconda.org/conda-forge/osx-arm64/libzip-1.11.2-h1336266_0.conda#7177414f275db66735a17d316b0a81d6
https://conda.anaconda.org/conda-forge/osx-arm64/lz4-c-1.9.4-hb7217d7_0.conda#45505bec548634f7d05e02fb25262cb9
https://conda.anaconda.org/conda-forge/osx-arm64/pcre2-10.44-h297a79d_2.conda#147c83e5e44780c7492998acbacddf52
https://conda.anaconda.org/conda-forge/osx-arm64/qhull-2020.2-h420ef59_5.conda#6483b1f59526e05d7d894e466b5b6924
https://conda.anaconda.org/conda-forge/osx-arm64/readline-8.2-h92ec313_1.conda#8cbb776a2f641b943d413b3e19df71f4
https://conda.anaconda.org/conda-forge/osx-arm64/snappy-1.2.1-hd02b534_0.conda#69d0f9694f3294418ee935da3d5f7272
https://conda.anaconda.org/conda-forge/osx-arm64/svt-av1-2.3.0-hf24288c_0.conda#114c33e9eec335a379c9ee6c498bb807
https://conda.anaconda.org/conda-forge/osx-arm64/tk-8.6.13-h5083fa2_1.conda#b50a57ba89c32b62428b71a875291c9b
https://conda.anaconda.org/conda-forge/osx-arm64/uriparser-0.9.8-h00cdb27_0.conda#e8ff9e11babbc8cd77af5a4258dc2802
https://conda.anaconda.org/conda-forge/osx-arm64/x265-3.5-hbc6ce65_3.tar.bz2#b1f7f2780feffe310b068c021e8ff9b2
https://conda.anaconda.org/conda-forge/osx-arm64/xerces-c-3.2.5-h92fc2f4_2.conda#50b7325437ef0901fe25dc5c9e743b88
https://conda.anaconda.org/conda-forge/osx-arm64/zlib-1.3.1-h8359307_2.conda#e3170d898ca6cb48f1bb567afb92f775
https://conda.anaconda.org/conda-forge/osx-arm64/zstd-1.5.6-hb46c0d2_0.conda#d96942c06c3e84bfcc5efb038724a7fd
https://conda.anaconda.org/conda-forge/osx-arm64/aws-c-io-0.15.2-h39f8ad8_2.conda#3b49f1dd8f20bead8b222828cfdad585
https://conda.anaconda.org/conda-forge/osx-arm64/blosc-1.21.6-h5499902_0.conda#e94ca7aec8544f700d45b24aff2dd4d7
https://conda.anaconda.org/conda-forge/osx-arm64/brotli-bin-1.1.0-hd74edd7_2.conda#b8512db2145dc3ae8d86cdc21a8d421e
https://conda.anaconda.org/conda-forge/osx-arm64/freetype-2.12.1-hadb7bae_2.conda#e6085e516a3e304ce41a8ee08b9b89ad
https://conda.anaconda.org/conda-forge/osx-arm64/glog-0.7.1-heb240a5_0.conda#fef68d0a95aa5b84b5c1a4f6f3bf40e1
https://conda.anaconda.org/conda-forge/osx-arm64/krb5-1.21.3-h237132a_0.conda#c6dc8a0fdec13a0565936655c33069a1
https://conda.anaconda.org/conda-forge/osx-arm64/libarchive-3.7.7-h7c07d2a_0.conda#49b28e291693b70cf8a7e70f290834d8
https://conda.anaconda.org/conda-forge/osx-arm64/libavif16-1.1.1-h45b7238_2.conda#7571064a60bc193ff5c25f36ed23394a
https://conda.anaconda.org/conda-forge/osx-arm64/libgfortran-5.0.0-13_2_0_hd922786_3.conda#4a55d9e169114b2b90d3ec4604cd7bbf
https://conda.anaconda.org/conda-forge/osx-arm64/libkml-1.3.0-he250239_1021.conda#891bb2a18eaef684f37bd4fb942cd8b2
https://conda.anaconda.org/conda-forge/osx-arm64/libprotobuf-5.28.2-h8f0b736_0.conda#d2cb5991f2fb8eb079c80084435e9ce6
https://conda.anaconda.org/conda-forge/osx-arm64/libre2-11-2024.07.02-h2348fd5_1.conda#5a7065309a66097738be6a06fd04b7ef
https://conda.anaconda.org/conda-forge/osx-arm64/librttopo-1.1.0-ha2cf0f4_17.conda#ba729f000ea379b76ed2190119d21e13
https://conda.anaconda.org/conda-forge/osx-arm64/libthrift-0.21.0-h64651cc_0.conda#7ce2bd2f650f8c31ad7ba4c7bfea61b7
https://conda.anaconda.org/conda-forge/osx-arm64/libtiff-4.7.0-hfce79cd_1.conda#b9abf45f7c64caf3303725f1aa0e9a4d
https://conda.anaconda.org/conda-forge/osx-arm64/libxslt-1.1.39-h223e5b9_0.conda#560c9cacc33e927f55b998eaa0cb1732
https://conda.anaconda.org/conda-forge/osx-arm64/minizip-4.0.7-h27ee973_0.conda#73dcdab1f21da49048a4f26d648c87a9
https://conda.anaconda.org/conda-forge/osx-arm64/python-3.12.7-h739c21a_0_cpython.conda#e0d82e57ebb456077565e6d82cd4a323
https://conda.anaconda.org/conda-forge/osx-arm64/sqlite-3.47.0-hcd14bea_1.conda#ca42c22ab1d212895e58fee9ba32875f
https://conda.anaconda.org/conda-forge/noarch/affine-2.4.0-pyhd8ed1ab_0.conda#ae5f4ad87126c55ba3f690ef07f81d64
https://conda.anaconda.org/conda-forge/noarch/aiohappyeyeballs-2.4.4-pyhd8ed1ab_0.conda#8d6f8a679aa0272ba8d6092ce4824870
https://conda.anaconda.org/conda-forge/noarch/asciitree-0.3.3-py_2.tar.bz2#c0481c9de49f040272556e2cedf42816
https://conda.anaconda.org/conda-forge/noarch/attrs-24.2.0-pyh71513ae_0.conda#6732fa52eb8e66e5afeb32db8701a791
https://conda.anaconda.org/conda-forge/osx-arm64/aws-c-event-stream-0.5.0-h13ead76_7.conda#55a901b6d4fb9ce1bc8328925b229f0b
https://conda.anaconda.org/conda-forge/osx-arm64/aws-c-http-0.9.1-hf483d09_2.conda#d880c40b8fc7d07374c036f93f1359d2
https://conda.anaconda.org/conda-forge/noarch/boltons-24.0.0-pyhd8ed1ab_0.conda#61de176bd62041f9cd5bd4fcd09eb0ff
https://conda.anaconda.org/conda-forge/osx-arm64/brotli-1.1.0-hd74edd7_2.conda#215e3dc8f2f837906d066e7f01aa77c0
https://conda.anaconda.org/conda-forge/osx-arm64/brotli-python-1.1.0-py312hde4cb15_2.conda#a83c2ef76ccb11bc2349f4f17696b15d
https://conda.anaconda.org/conda-forge/noarch/cached_property-1.5.2-pyha770c72_1.tar.bz2#576d629e47797577ab0f1b351297ef4a
https://conda.anaconda.org/conda-forge/noarch/certifi-2024.8.30-pyhd8ed1ab_0.conda#12f7d00853807b0531775e9be891cb11
https://conda.anaconda.org/conda-forge/noarch/charset-normalizer-3.4.0-pyhd8ed1ab_0.conda#a374efa97290b8799046df7c5ca17164
https://conda.anaconda.org/conda-forge/noarch/click-8.1.7-unix_pyh707e725_0.conda#f3ad426304898027fc619827ff428eca
https://conda.anaconda.org/conda-forge/noarch/cloudpickle-3.1.0-pyhd8ed1ab_1.conda#c88ca2bb7099167912e3b26463fff079
https://conda.anaconda.org/conda-forge/noarch/colorama-0.4.6-pyhd8ed1ab_0.tar.bz2#3faab06a954c2a04039983f2c4a50d99
https://conda.anaconda.org/conda-forge/noarch/cycler-0.12.1-pyhd8ed1ab_0.conda#5cd86562580f274031ede6aa6aa24441
https://conda.anaconda.org/conda-forge/noarch/docopt-ng-0.9.0-pyhd8ed1ab_0.conda#d69e9163b8c89b27df532b988843c8de
https://conda.anaconda.org/conda-forge/noarch/exceptiongroup-1.2.2-pyhd8ed1ab_0.conda#d02ae936e42063ca46af6cdad2dbd1e0
https://conda.anaconda.org/conda-forge/noarch/fasteners-0.17.3-pyhd8ed1ab_0.tar.bz2#348e27e78a5e39090031448c72f66d5e
https://conda.anaconda.org/conda-forge/noarch/fastprogress-1.0.3-pyhd8ed1ab_0.tar.bz2#1690639d3647fde6edf4f00c8f87c263
https://conda.anaconda.org/conda-forge/noarch/findlibs-0.0.5-pyhd8ed1ab_0.conda#8f325f63020af6f7acbe2c4cb4c920db
https://conda.anaconda.org/conda-forge/osx-arm64/freexl-2.0.0-hfbad9fb_0.conda#40722e5f48287567cda6fb2ec1f7891b
https://conda.anaconda.org/conda-forge/osx-arm64/frozenlist-1.5.0-py312h0bf5046_0.conda#7960352935cc95ac23883c9b8c97f2ff
https://conda.anaconda.org/conda-forge/noarch/fsspec-2024.10.0-pyhff2d567_0.conda#816dbc4679a64e4417cd1385d661bb31
https://conda.anaconda.org/conda-forge/noarch/idna-3.10-pyhd8ed1ab_0.conda#7ba2ede0e7c795ff95088daf0dc59753
https://conda.anaconda.org/conda-forge/noarch/iniconfig-2.0.0-pyhd8ed1ab_0.conda#f800d2da156d08e289b14e87e43c1ae5
https://conda.anaconda.org/conda-forge/noarch/jmespath-1.0.1-pyhd8ed1ab_0.tar.bz2#2cfa3e1cf3fb51bb9b17acc5b5e9ea11
https://conda.anaconda.org/conda-forge/osx-arm64/kiwisolver-1.4.7-py312h6142ec9_0.conda#ea8a65d24baad7ed822ab7f07f19e105
https://conda.anaconda.org/conda-forge/osx-arm64/lcms2-2.16-ha0e7c42_0.conda#66f6c134e76fe13cce8a9ea5814b5dd5
https://conda.anaconda.org/conda-forge/noarch/legacy-cgi-2.6.1-pyh5b84bb0_3.conda#f258b7f54b5d9ddd02441f10c4dca2ac
https://conda.anaconda.org/conda-forge/osx-arm64/libcurl-8.10.1-h13a7ad3_0.conda#d84030d0863ffe7dea00b9a807fee961
https://conda.anaconda.org/conda-forge/osx-arm64/libheif-1.18.2-gpl_he913df3_100.conda#29911afbc2ec42a42914d5255dea52e6
https://conda.anaconda.org/conda-forge/osx-arm64/libopenblas-0.3.28-openmp_hf332438_1.conda#40803a48d947c8639da6704e9a44d3ce
https://conda.anaconda.org/conda-forge/osx-arm64/llvmlite-0.43.0-py312ha9ca408_1.conda#f081ee72987624a949a3562020b1135d
https://conda.anaconda.org/conda-forge/noarch/locket-1.0.0-pyhd8ed1ab_0.tar.bz2#91e27ef3d05cc772ce627e51cff111c4
https://conda.anaconda.org/conda-forge/osx-arm64/lxml-5.3.0-py312ha59c1f6_2.conda#62812df7d88357ccb37fdabe67bf785d
https://conda.anaconda.org/conda-forge/osx-arm64/lz4-4.3.3-py312h11d1bbd_1.conda#4a9eb3dc0ba76484cae3084b99d008e5
https://conda.anaconda.org/conda-forge/osx-arm64/markupsafe-3.0.2-py312ha0ccf2a_0.conda#c6ff9f291d011c9d4f0b840f49435c64
https://conda.anaconda.org/conda-forge/osx-arm64/msgpack-python-1.1.0-py312h6142ec9_0.conda#0dfc3750cc6bbc463d72c0b727e60d8a
https://conda.anaconda.org/conda-forge/osx-arm64/multidict-6.1.0-py312hdb8e49c_1.conda#0048335516fed938e4dd2c457b4c5b9b
https://conda.anaconda.org/conda-forge/noarch/munkres-1.1.4-pyh9f0ad1d_0.tar.bz2#2ba8498c1018c1e9c61eb99b973dfe19
https://conda.anaconda.org/conda-forge/noarch/networkx-3.4.2-pyh267e887_2.conda#fd40bf7f7f4bc4b647dc8512053d9873
https://conda.anaconda.org/conda-forge/osx-arm64/openjpeg-2.5.2-h9f1df11_0.conda#5029846003f0bc14414b9128a1f7c84b
https://conda.anaconda.org/conda-forge/osx-arm64/orc-2.0.3-h121fd32_0.conda#39995f7406b949c1bef74f0c7277afb3
https://conda.anaconda.org/conda-forge/noarch/packaging-24.2-pyhff2d567_1.conda#8508b703977f4c4ada34d657d051972c
https://conda.anaconda.org/conda-forge/noarch/param-2.1.1-pyhff2d567_0.conda#bd991333d5bc659bb82bfb5a5d4c1576
https://conda.anaconda.org/conda-forge/noarch/platformdirs-4.3.6-pyhd8ed1ab_0.conda#fd8f2b18b65bbf62e8f653100690c8d2
https://conda.anaconda.org/conda-forge/noarch/pluggy-1.5.0-pyhd8ed1ab_0.conda#d3483c8fc2dc2cc3f5cf43e26d60cabf
https://conda.anaconda.org/conda-forge/osx-arm64/propcache-0.2.0-py312h024a12e_2.conda#6693e523bc43c38508efe14ab3374f0c
https://conda.anaconda.org/conda-forge/osx-arm64/psutil-5.9.8-py312he37b823_0.conda#cd6e99b9c5a623735161973b5f693a86
https://conda.anaconda.org/conda-forge/noarch/pycparser-2.22-pyhd8ed1ab_0.conda#844d9eb3b43095b031874477f7d70088
https://conda.anaconda.org/conda-forge/noarch/pyparsing-3.2.0-pyhd8ed1ab_1.conda#035c17fbf099f50ff60bf2eb303b0a83
https://conda.anaconda.org/conda-forge/noarch/pyshp-2.3.1-pyhd8ed1ab_0.tar.bz2#92a889dc236a5197612bc85bee6d7174
https://conda.anaconda.org/conda-forge/noarch/pysocks-1.7.1-pyha2e5f31_6.tar.bz2#2a7de29fb590ca14b5243c4c812c8025
https://conda.anaconda.org/conda-forge/noarch/python-tzdata-2024.2-pyhd8ed1ab_0.conda#986287f89929b2d629bd6ef6497dc307
https://conda.anaconda.org/conda-forge/noarch/pytz-2024.1-pyhd8ed1ab_0.conda#3eeeeb9e4827ace8c0c1419c85d590ad
https://conda.anaconda.org/conda-forge/osx-arm64/pyyaml-6.0.2-py312h024a12e_1.conda#1ee23620cf46cb15900f70a1300bae55
https://conda.anaconda.org/conda-forge/osx-arm64/re2-2024.07.02-hcd0e937_1.conda#19e29f2ccc9168eb0a39dc40c04c0e21
https://conda.anaconda.org/conda-forge/noarch/setuptools-75.6.0-pyhff2d567_1.conda#fc80f7995e396cbaeabd23cf46c413dc
https://conda.anaconda.org/conda-forge/noarch/six-1.16.0-pyh6c4a22f_0.tar.bz2#e5f25f8dbc060e9a8d912e432202afc2
https://conda.anaconda.org/conda-forge/noarch/sortedcontainers-2.4.0-pyhd8ed1ab_0.tar.bz2#6d6552722448103793743dabfbda532d
https://conda.anaconda.org/conda-forge/noarch/soupsieve-2.5-pyhd8ed1ab_1.conda#3f144b2c34f8cb5a9abd9ed23a39c561
https://conda.anaconda.org/conda-forge/noarch/tblib-3.0.0-pyhd8ed1ab_0.conda#04eedddeb68ad39871c8127dd1c21f4f
https://conda.anaconda.org/conda-forge/noarch/threadpoolctl-3.5.0-pyhc1e730c_0.conda#df68d78237980a159bd7149f33c0e8fd
https://conda.anaconda.org/conda-forge/noarch/tomli-2.2.1-pyhd8ed1ab_0.conda#ee8ab0fe4c8dfc5a6319f7f8246022fc
https://conda.anaconda.org/conda-forge/noarch/toolz-1.0.0-pyhd8ed1ab_0.conda#34feccdd4177f2d3d53c73fc44fd9a37
https://conda.anaconda.org/conda-forge/osx-arm64/tornado-6.4.2-py312hea69d52_0.conda#fb0605888a475d6a380ae1d1a819d976
https://conda.anaconda.org/conda-forge/noarch/traitlets-5.14.3-pyhd8ed1ab_0.conda#3df84416a021220d8b5700c613af2dc5
https://conda.anaconda.org/conda-forge/noarch/typing_extensions-4.12.2-pyha770c72_0.conda#ebe6952715e1d5eb567eeebf25250fa7
https://conda.anaconda.org/conda-forge/osx-arm64/unicodedata2-15.1.0-py312h0bf5046_1.conda#eda2082df9c9c6259af246424b7f3db1
https://conda.anaconda.org/conda-forge/noarch/wheel-0.45.1-pyhd8ed1ab_1.conda#75cb7132eb58d97896e173ef12ac9986
https://conda.anaconda.org/conda-forge/osx-arm64/wrapt-1.17.0-py312hea69d52_0.conda#73414acdb779a8694a14527865b4357a
https://conda.anaconda.org/conda-forge/noarch/xyzservices-2024.9.0-pyhd8ed1ab_1.conda#c79cea50b258f652010cb6c8d81591b5
https://conda.anaconda.org/conda-forge/noarch/zict-3.0.0-pyhd8ed1ab_0.conda#cf30c2c15b82aacb07f9c09e28ff2275
https://conda.anaconda.org/conda-forge/noarch/zipp-3.21.0-pyhd8ed1ab_1.conda#0c3cc595284c5e8f0f9900a9b228a332
https://conda.anaconda.org/conda-forge/noarch/aioitertools-0.12.0-pyhd8ed1ab_0.conda#222c275312d71dd318108df50d6452a1
https://conda.anaconda.org/conda-forge/noarch/aiosignal-1.3.1-pyhd8ed1ab_0.tar.bz2#d1e1eb7e21a9e2c74279d87dafb68156
https://conda.anaconda.org/conda-forge/osx-arm64/aws-c-auth-0.8.0-h9b725a8_10.conda#17c90d9eb8c6842fd739dc5445ce9962
https://conda.anaconda.org/conda-forge/osx-arm64/aws-c-mqtt-0.11.0-h68a0d7e_8.conda#9e3ac70d27e7591b1310a690768cfe27
https://conda.anaconda.org/conda-forge/osx-arm64/azure-core-cpp-1.14.0-hd50102c_0.conda#f093a11dcf3cdcca010b20a818fcc6dc
https://conda.anaconda.org/conda-forge/noarch/beautifulsoup4-4.12.3-pyha770c72_0.conda#332493000404d8411859539a5a630865
https://conda.anaconda.org/conda-forge/noarch/cached-property-1.5.2-hd8ed1ab_1.tar.bz2#9b347a7ec10940d3f7941ff6c460b551
https://conda.anaconda.org/conda-forge/osx-arm64/cffi-1.17.1-py312h0fad829_0.conda#19a5456f72f505881ba493979777b24e
https://conda.anaconda.org/conda-forge/noarch/click-plugins-1.1.1-py_0.tar.bz2#4fd2c6b53934bd7d96d1f3fdaf99b79f
https://conda.anaconda.org/conda-forge/noarch/cligj-0.7.2-pyhd8ed1ab_1.tar.bz2#a29b7c141d6b2de4bb67788a5f107734
https://conda.anaconda.org/conda-forge/osx-arm64/cytoolz-1.0.0-py312h024a12e_1.conda#ac4f7cc0fdb7599e866e53277eef8b1e
https://conda.anaconda.org/conda-forge/osx-arm64/fonttools-4.55.0-py312h998013c_0.conda#b009bb8037e769ff4fd6439642268ecb
https://conda.anaconda.org/conda-forge/osx-arm64/hdf5-1.14.3-nompi_ha698983_107.conda#af446c2d7aff6a664828d0c1cb3bc6b7
https://conda.anaconda.org/conda-forge/noarch/importlib-metadata-8.5.0-pyha770c72_0.conda#54198435fce4d64d8a89af22573012a8
https://conda.anaconda.org/conda-forge/noarch/importlib_resources-6.4.5-pyhd8ed1ab_0.conda#c808991d29b9838fb4d96ce8267ec9ec
https://conda.anaconda.org/conda-forge/noarch/intake-2.0.7-pyhd8ed1ab_0.conda#60d4141073985bace34703a9de4c9b24
https://conda.anaconda.org/conda-forge/noarch/jinja2-3.1.4-pyhd8ed1ab_0.conda#7b86ecb7d3557821c649b3c31e3eb9f2
https://conda.anaconda.org/conda-forge/noarch/joblib-1.4.2-pyhd8ed1ab_0.conda#25df261d4523d9f9783bcdb7208d872f
https://conda.anaconda.org/conda-forge/osx-arm64/libblas-3.9.0-25_osxarm64_openblas.conda#f8cf4d920ff36ce471619010eff59cac
https://conda.anaconda.org/conda-forge/osx-arm64/libgrpc-1.67.1-hc70892a_0.conda#624e27571fde34f8acc2afec840ac435
https://conda.anaconda.org/conda-forge/noarch/partd-1.4.2-pyhd8ed1ab_0.conda#0badf9c54e24cecfb0ad2f99d680c163
https://conda.anaconda.org/conda-forge/osx-arm64/pillow-11.0.0-py312haf37ca6_0.conda#dc9b51fbd2b6f7fea9b5123458864dbb
https://conda.anaconda.org/conda-forge/noarch/pip-24.3.1-pyh8b19718_0.conda#5dd546fe99b44fda83963d15f84263b7
https://conda.anaconda.org/conda-forge/osx-arm64/proj-9.5.1-h1318a7e_0.conda#5eb42e77ae79b46fabcb0f6f6d130763
https://conda.anaconda.org/conda-forge/noarch/pytest-8.3.3-pyhd8ed1ab_0.conda#c03d61f31f38fdb9facf70c29958bf7a
https://conda.anaconda.org/conda-forge/noarch/python-dateutil-2.9.0.post0-pyhff2d567_0.conda#b6dfd90a2141e573e4b6a81630b56df5
https://conda.anaconda.org/conda-forge/noarch/tqdm-4.67.0-pyhd8ed1ab_0.conda#196a9e6ab4e036ceafa516ea036619b0
https://conda.anaconda.org/conda-forge/noarch/typing-extensions-4.12.2-hd8ed1ab_0.conda#52d648bd608f5737b123f510bb5514b5
https://conda.anaconda.org/conda-forge/noarch/urllib3-1.26.19-pyhd8ed1ab_0.conda#6bb37c314b3cc1515dcf086ffe01c46e
https://conda.anaconda.org/conda-forge/noarch/webob-1.8.9-pyhd8ed1ab_0.conda#ff98f23ad74d2a3256debcd9df65d37d
https://conda.anaconda.org/conda-forge/osx-arm64/yarl-1.18.0-py312hea69d52_0.conda#f538709098e1642d50f4a01707e7dfdb
https://conda.anaconda.org/conda-forge/osx-arm64/aiohttp-3.11.9-py312h998013c_0.conda#0bb2657d1215a89fb586d387ce9c4daa
https://conda.anaconda.org/conda-forge/noarch/annotated-types-0.7.0-pyhd8ed1ab_0.conda#7e9f4612544c8edbfd6afad17f1bd045
https://conda.anaconda.org/conda-forge/osx-arm64/aws-c-s3-0.7.3-h840aca7_0.conda#893e668d99fa4b31eef9dc5b19c21b9a
https://conda.anaconda.org/conda-forge/osx-arm64/azure-identity-cpp-1.10.0-hc602bab_0.conda#d7b71593a937459f2d4b67e1a4727dc2
https://conda.anaconda.org/conda-forge/osx-arm64/azure-storage-common-cpp-12.8.0-h9ca1f76_1.conda#7a187cd7b1445afc80253bb186a607cc
https://conda.anaconda.org/conda-forge/noarch/botocore-1.35.36-pyge310_1234567_0.conda#3bd2289a7a4ae56ff449b49069426638
https://conda.anaconda.org/conda-forge/noarch/branca-0.7.2-pyhd8ed1ab_0.conda#5f1c719f1cac0aee5e6bd6ca7d54a7fa
https://conda.anaconda.org/conda-forge/noarch/flexcache-0.3-pyhd8ed1ab_0.conda#6ed8dc449e0da09c5aaa4e71eb91059a
https://conda.anaconda.org/conda-forge/noarch/flexparser-0.4-pyhd8ed1ab_0.conda#fa7030389ca7b33bd3430dd12d25e91b
https://conda.anaconda.org/conda-forge/osx-arm64/geotiff-1.7.3-h82bf549_3.conda#cb84033d7c167a16c4577272b4493bc5
https://conda.anaconda.org/conda-forge/noarch/importlib-resources-6.4.5-pyhd8ed1ab_0.conda#67f4772681cf86652f3e2261794cf045
https://conda.anaconda.org/conda-forge/noarch/importlib_metadata-8.5.0-hd8ed1ab_0.conda#2a92e152208121afadf85a5e1f3a5f4d
https://conda.anaconda.org/conda-forge/noarch/jsonpickle-3.4.2-pyhff2d567_0.conda#857174a73a5adb08d9cfc3e567d94b11
https://conda.anaconda.org/conda-forge/osx-arm64/libcblas-3.9.0-25_osxarm64_openblas.conda#4df0fae81f0b5bf47d48c882b086da11
https://conda.anaconda.org/conda-forge/osx-arm64/libgoogle-cloud-2.31.0-h8d8be31_0.conda#a338736f1514e6f999db8726fe0965b1
https://conda.anaconda.org/conda-forge/osx-arm64/liblapack-3.9.0-25_osxarm64_openblas.conda#19bbddfec972d401838330453186108d
https://conda.anaconda.org/conda-forge/osx-arm64/libnetcdf-4.9.2-nompi_he469be0_114.conda#8fd3ce6d910ed831c130c391c4364d3f
https://conda.anaconda.org/conda-forge/osx-arm64/libspatialite-5.1.0-hffd3212_11.conda#b8e9d3018a9bb0ddf92d68f19e543604
https://conda.anaconda.org/conda-forge/osx-arm64/pydantic-core-2.23.4-py312he431725_0.conda#3148052477686acc581b20a34b478eeb
https://conda.anaconda.org/conda-forge/osx-arm64/pyproj-3.7.0-py312h1ab748d_0.conda#62be0440197cfa89eb76846895198bab
https://conda.anaconda.org/conda-forge/noarch/requests-2.32.3-pyhd8ed1ab_0.conda#5ede4753180c7a550a443c430dc8ab52
https://conda.anaconda.org/conda-forge/noarch/aiobotocore-2.15.2-pyhd8ed1ab_0.conda#d37891ef3f5282de913e632c7e9e289d
https://conda.anaconda.org/conda-forge/osx-arm64/aws-crt-cpp-0.29.6-ha226bf8_1.conda#81da0b5f65ab08e3919d6eadf08b5776
https://conda.anaconda.org/conda-forge/osx-arm64/azure-storage-blobs-cpp-12.13.0-h7585a09_1.conda#704238ef05d46144dae2e6b5853df8bc
https://conda.anaconda.org/conda-forge/noarch/dask-core-2024.11.0-pyhd8ed1ab_0.conda#75c96f0655908f596a57be60251b78d4
https://conda.anaconda.org/conda-forge/osx-arm64/eccodes-2.38.3-hfe372ff_1.conda#8b42a616545dcf64369771309a05e203
https://conda.anaconda.org/conda-forge/osx-arm64/libgdal-core-3.10.0-h1476194_2.conda#e79854bb7cddc78aa8d09a15a06da166
https://conda.anaconda.org/conda-forge/osx-arm64/libgoogle-cloud-storage-2.31.0-h7081f7f_0.conda#548fd1d31741ee6b13df4124db4a9f5f
https://conda.anaconda.org/conda-forge/osx-arm64/numpy-2.0.2-py312h94ee1e1_1.conda#a58476ff56fb71e1c89e2ed972d66368
https://conda.anaconda.org/conda-forge/noarch/pint-0.24.4-pyhd8ed1ab_0.conda#cb091db43679e633dc2a4b83cdd72069
https://conda.anaconda.org/conda-forge/noarch/pooch-1.8.2-pyhd8ed1ab_0.conda#8dab97d8a9616e07d779782995710aed
https://conda.anaconda.org/conda-forge/noarch/pydantic-2.9.2-pyhd8ed1ab_0.conda#1eb533bb8eb2199e3fef3e4aa147319f
https://conda.anaconda.org/conda-forge/noarch/s3transfer-0.10.4-pyhd8ed1ab_0.conda#195d8a4e3f5cc6bcd0d108164f7a3a2b
https://conda.anaconda.org/conda-forge/osx-arm64/aws-sdk-cpp-1.11.449-h3b64406_4.conda#f9e46a4bb5a04cbca08355f166ce87c8
https://conda.anaconda.org/conda-forge/osx-arm64/azure-storage-files-datalake-cpp-12.12.0-hcdd55da_1.conda#c49fbc5233fcbaa86391162ff1adef38
https://conda.anaconda.org/conda-forge/noarch/boto3-1.35.36-pyhd8ed1ab_0.conda#7b26bdcabcaf40040430b63635c6446a
https://conda.anaconda.org/conda-forge/osx-arm64/bottleneck-1.4.2-py312h147345f_0.conda#205625f6954f79522a5e23e0e4b420a4
https://conda.anaconda.org/conda-forge/osx-arm64/cftime-1.6.4-py312h755e627_1.conda#4bc8fd608d8c259fd10fdcac6b4b6c12
https://conda.anaconda.org/conda-forge/osx-arm64/contourpy-1.3.1-py312hb23fbb9_0.conda#f4408290387836e05ac267cd7ec80c5c
https://conda.anaconda.org/conda-forge/noarch/distributed-2024.11.0-pyhd8ed1ab_0.conda#497f3535cbb69cd2f02158e2e18ee0bb
https://conda.anaconda.org/conda-forge/noarch/folium-0.18.0-pyhd8ed1ab_0.conda#26a1457f3e698dc0c9e656874cc6b623
https://conda.anaconda.org/conda-forge/osx-arm64/h5py-3.12.1-nompi_py312h3cd0824_102.conda#b423e1049bda5e69a23304ac392baed5
https://conda.anaconda.org/conda-forge/osx-arm64/numcodecs-0.13.1-py312h72a45a2_0.conda#6a6690d1e91a2c67fe7ed8a44c0de7de
https://conda.anaconda.org/conda-forge/osx-arm64/pandas-2.2.3-py312hcd31e36_1.conda#c68bfa69e6086c381c74e16fd72613a8
https://conda.anaconda.org/conda-forge/noarch/patsy-1.0.1-pyhff2d567_0.conda#a97b9c7586cedcf4a0a158ef3479975c
https://conda.anaconda.org/conda-forge/osx-arm64/pyogrio-0.10.0-py312hfd5e53c_1.conda#19550465d36f2f513be5c62def9edfd9
https://conda.anaconda.org/conda-forge/osx-arm64/python-eccodes-2.37.0-py312h755e627_0.conda#0748f8f602ed773c4142d3c24fa5f48e
https://conda.anaconda.org/conda-forge/noarch/s3fs-2024.10.0-pyhd8ed1ab_0.conda#18cc1c4f5b104400d75be999b56486a1
https://conda.anaconda.org/conda-forge/osx-arm64/scipy-1.14.1-py312h20deb59_1.conda#c60ad657cccb6c2b97513f87ae27f47a
https://conda.anaconda.org/conda-forge/osx-arm64/shapely-2.0.6-py312h3a6007a_2.conda#3461871a3cde1bf6ab3564b2dce32655
https://conda.anaconda.org/conda-forge/noarch/snuggs-1.4.7-pyhd8ed1ab_1.conda#5abeaa41ec50d4d1421a8bc8fbc93054
https://conda.anaconda.org/conda-forge/noarch/bokeh-3.6.1-pyhd8ed1ab_0.conda#e88d74bb7b9b89d4c9764286ceb94cc9
https://conda.anaconda.org/conda-forge/noarch/geopandas-base-1.0.1-pyha770c72_1.conda#cad8d8e1583463e7642adc72a76dc3c5
https://conda.anaconda.org/conda-forge/noarch/h5netcdf-1.4.0-pyhd8ed1ab_0.conda#09654b6e08a38977b2ccab5136673871
https://conda.anaconda.org/conda-forge/osx-arm64/libarrow-17.0.0-h137cb21_34_cpu.conda#0cea4b5036469387e57aef1feb7ce92b
https://conda.anaconda.org/conda-forge/osx-arm64/matplotlib-base-3.9.2-py312h9bd0bc6_2.conda#faf7592748a40887a1a80424f136bf86
https://conda.anaconda.org/conda-forge/osx-arm64/netcdf4-1.7.1-nompi_py312hd88a8d4_102.conda#39de18786559be27a43939d324e5bfe6
https://conda.anaconda.org/conda-forge/noarch/pydap-3.5.1-pyhff2d567_2.conda#f63b82a2ed9daf46d3c3a1569b985d72
https://conda.anaconda.org/conda-forge/osx-arm64/rasterio-1.4.2-py312h02264c4_1.conda#623571800a67501761e4e9c48e8e43c9
https://conda.anaconda.org/conda-forge/osx-arm64/scikit-learn-1.5.2-py312h387f99c_1.conda#7a6a47b8182f8c5bdabdc772f1357e01
https://conda.anaconda.org/conda-forge/osx-arm64/statsmodels-0.14.4-py312h755e627_0.conda#d9455b9eb18d4bda352265b42c142685
https://conda.anaconda.org/conda-forge/noarch/xarray-2024.10.0-pyhd8ed1ab_0.conda#53e365732dfa053c4d19fc6b927392c4
https://conda.anaconda.org/conda-forge/noarch/zarr-2.18.3-pyhd8ed1ab_0.conda#41abde21508578e02e3fd492e82a05cd
https://conda.anaconda.org/conda-forge/osx-arm64/cartopy-0.24.0-py312hcd31e36_0.conda#07dc477c85e1b5b4dac919b9f53d22e6
https://conda.anaconda.org/conda-forge/noarch/cfgrib-0.9.14.1-pyhd8ed1ab_0.conda#1870fe8c9bd8967429e227be28ab94d2
https://conda.anaconda.org/conda-forge/osx-arm64/libarrow-acero-17.0.0-h1dc2043_34_cpu.conda#2082ea1e2b2fe105f160734cdf581f0b
https://conda.anaconda.org/conda-forge/osx-arm64/libparquet-17.0.0-hf4cc9e7_34_cpu.conda#b2ec4673c8dcf2c5e0b34cda05b3006b
https://conda.anaconda.org/conda-forge/noarch/mapclassify-2.8.1-pyhd8ed1ab_0.conda#e75920f936efb86f64517d144d610107
https://conda.anaconda.org/conda-forge/osx-arm64/pyarrow-core-17.0.0-py312hc40f475_2_cpu.conda#bc617fed2854d65a16760d2bf02a475c
https://conda.anaconda.org/conda-forge/noarch/rioxarray-0.17.0-pyhd8ed1ab_0.conda#160464c6f979eb68e9a9ea31dd6b5aa6
https://conda.anaconda.org/conda-forge/noarch/geopandas-1.0.1-pyhd8ed1ab_1.conda#79a9a8d2fd39ecb4081c0df0c10135dc
https://conda.anaconda.org/conda-forge/osx-arm64/libarrow-dataset-17.0.0-h1dc2043_34_cpu.conda#76ed94eccc2c2b55062f26a4f4484c27
https://conda.anaconda.org/conda-forge/noarch/metpy-1.6.3-pyhd8ed1ab_0.conda#b529da163f23310ceb4e7a9fb5c4d41a
https://conda.anaconda.org/conda-forge/noarch/intake-geopandas-0.4.0-pyhd8ed1ab_0.tar.bz2#5d6429a927d1ef3c0d26d81f5d7b31f0
https://conda.anaconda.org/conda-forge/osx-arm64/libarrow-substrait-17.0.0-hf3d3107_34_cpu.conda#ed29024a04f04f8c45642ebd107065f9
https://conda.anaconda.org/conda-forge/osx-arm64/pyarrow-17.0.0-py312ha814d7c_2.conda#04a90c4ce691f2e289658dd475f69631
https://conda.anaconda.org/conda-forge/noarch/dask-expr-1.1.17-pyhd8ed1ab_0.conda#4f75a3a76e9f693fc33be59485f46fcf
https://conda.anaconda.org/conda-forge/noarch/dask-2024.11.0-pyhd8ed1ab_0.conda#9a25bf7e2a910e85209218896f2adeb9
https://conda.anaconda.org/conda-forge/noarch/dask-gateway-2024.1.0-pyh8af1aa0_0.conda#8e8c5875b0bbdf9777ab6f02ae350ebd
https://conda.anaconda.org/conda-forge/noarch/intake-esm-2023.11.10-pyhd8ed1ab_0.conda#e0c73b7dc6419a243c5fe104ec241a48
https://conda.anaconda.org/conda-forge/noarch/intake-xarray-0.7.0-pyhd8ed1ab_0.conda#d6471673fac9fa8f13a2517315ffcf6b
