# Generated by conda-lock.
# platform: osx-arm64
# input_hash: dba4f5c6285a29acaef3b03f9bf26ddccd602c0e93710739c8ea659861c8315d
@EXPLICIT
https://conda.anaconda.org/conda-forge/osx-arm64/ca-certificates-2025.1.31-hf0a4a13_0.conda#3569d6a9141adc64d2fe4797f3289e06
https://conda.anaconda.org/conda-forge/osx-arm64/dav1d-1.2.1-hb547adb_0.conda#5a74cdee497e6b65173e10d94582fae6
https://conda.anaconda.org/conda-forge/osx-arm64/giflib-5.2.2-h93a5062_0.conda#95fa1486c77505330c20f7202492b913
https://conda.anaconda.org/conda-forge/osx-arm64/libev-4.33-h93a5062_2.conda#36d33e440c31857372a72137f78bacf5
https://conda.anaconda.org/conda-forge/osx-arm64/libjpeg-turbo-3.0.0-hb547adb_1.conda#3ff1e053dc3a2b8e36b9bfa4256a58d1
https://conda.anaconda.org/conda-forge/osx-arm64/lzo-2.10-h93a5062_1001.conda#915996063a7380c652f83609e970c2a7
https://conda.anaconda.org/conda-forge/osx-arm64/python_abi-3.12-6_cp312.conda#3d84f3f8c97233b20d64019d3b9aea97
https://conda.anaconda.org/conda-forge/osx-arm64/rav1e-0.6.6-h69fbcac_2.conda#e309ae86569b1cd55a0285fa4e939844
https://conda.anaconda.org/conda-forge/noarch/tzdata-2025b-h78e105d_0.conda#4222072737ccff51314b5ece9c7d6f5a
https://conda.anaconda.org/conda-forge/osx-arm64/yaml-0.2.5-h3422bc3_2.tar.bz2#4bb3f014845110883a3c5ee811fd84b4
https://conda.anaconda.org/conda-forge/osx-arm64/aws-c-common-0.12.1-h5505292_0.conda#45d1843c50e765b5e3384f0b65bc55be
https://conda.anaconda.org/conda-forge/osx-arm64/bzip2-1.0.8-h99b78c6_7.conda#fc6948412dbbbe9a4c9ddbbcfe0a79ab
https://conda.anaconda.org/conda-forge/osx-arm64/c-ares-1.34.4-h5505292_0.conda#c1c999a38a4303b29d75c636eaa13cf9
https://conda.anaconda.org/conda-forge/osx-arm64/icu-75.1-hfee45f7_0.conda#5eb22c1d7b3fc4abb50d92d621583137
https://conda.anaconda.org/conda-forge/osx-arm64/jasper-4.2.5-h743e416_0.conda#d123c14856a18043c5e98cb35cd29278
https://conda.anaconda.org/conda-forge/osx-arm64/json-c-0.18-he4178ee_0.conda#94f14ef6157687c30feb44e1abecd577
https://conda.anaconda.org/conda-forge/osx-arm64/libbrotlicommon-1.1.0-hd74edd7_2.conda#d0bf1dff146b799b319ea0434b93f779
https://conda.anaconda.org/conda-forge/osx-arm64/libcxx-20.1.2-ha82da77_0.conda#85ea0d49eb61f57e02ce98dc29ca161f
https://conda.anaconda.org/conda-forge/osx-arm64/libdeflate-1.23-hec38601_0.conda#1d8b9588be14e71df38c525767a1ac30
https://conda.anaconda.org/conda-forge/osx-arm64/libexpat-2.7.0-h286801f_0.conda#6934bbb74380e045741eb8637641a65b
https://conda.anaconda.org/conda-forge/osx-arm64/libffi-3.4.6-h1da3d7d_1.conda#c215a60c2935b517dcda8cad4705734d
https://conda.anaconda.org/conda-forge/osx-arm64/libiconv-1.18-hfe07756_1.conda#450e6bdc0c7d986acf7b8443dce87111
https://conda.anaconda.org/conda-forge/osx-arm64/liblzma-5.6.4-h39f12f2_0.conda#e3fd1f8320a100f2b210e690a57cd615
https://conda.anaconda.org/conda-forge/osx-arm64/libutf8proc-2.10.0-hda25de7_0.conda#5f741aed1d8d393586a5fdcaaa87f45c
https://conda.anaconda.org/conda-forge/osx-arm64/libwebp-base-1.5.0-h2471fea_0.conda#569466afeb84f90d5bb88c11cc23d746
https://conda.anaconda.org/conda-forge/osx-arm64/libzlib-1.3.1-h8359307_2.conda#369964e85dc26bfe78f41399b366c435
https://conda.anaconda.org/conda-forge/osx-arm64/llvm-openmp-20.1.1-hdb05f8b_1.conda#97236e94c3a82367c5fe3a90557e6207
https://conda.anaconda.org/conda-forge/osx-arm64/ncurses-6.5-h5e97a16_3.conda#068d497125e4bf8a66bf707254fff5ae
https://conda.anaconda.org/conda-forge/osx-arm64/openssl-3.4.1-h81ee809_0.conda#75f9f0c7b1740017e2db83a53ab9a28e
https://conda.anaconda.org/conda-forge/osx-arm64/pthread-stubs-0.4-hd74edd7_1002.conda#415816daf82e0b23a736a069a75e9da7
https://conda.anaconda.org/conda-forge/osx-arm64/xorg-libxau-1.0.12-h5505292_0.conda#50901e0764b7701d8ed7343496f4f301
https://conda.anaconda.org/conda-forge/osx-arm64/xorg-libxdmcp-1.1.5-hd74edd7_0.conda#77c447f48cab5d3a15ac224edb86a968
https://conda.anaconda.org/conda-forge/osx-arm64/aom-3.9.1-h7bae524_0.conda#7adba36492a1bb22d98ffffe4f6fc6de
https://conda.anaconda.org/conda-forge/osx-arm64/aws-c-cal-0.8.7-hf78e982_1.conda#4b6bc9fd2c191e3c710b375918402ab7
https://conda.anaconda.org/conda-forge/osx-arm64/aws-c-compression-0.3.1-h2da6199_3.conda#3692c987886947ab12b581172ab4678a
https://conda.anaconda.org/conda-forge/osx-arm64/aws-c-sdkutils-0.2.3-h2da6199_3.conda#f36e5d36cfdeb747ec0f6be41a8820eb
https://conda.anaconda.org/conda-forge/osx-arm64/aws-checksums-0.2.3-h2da6199_3.conda#3abf0378a38f73b37124a9f0c3bd7510
https://conda.anaconda.org/conda-forge/osx-arm64/geos-3.13.1-hc9a1286_0.conda#3528352bdf54e8b11eca0eb97daf7d55
https://conda.anaconda.org/conda-forge/osx-arm64/gflags-2.2.2-hf9b8971_1005.conda#57a511a5905caa37540eb914dfcbf1fb
https://conda.anaconda.org/conda-forge/osx-arm64/hdf4-4.2.15-h2ee6834_7.conda#ff5d749fd711dc7759e127db38005924
https://conda.anaconda.org/conda-forge/osx-arm64/lerc-4.0.0-h9a09cb3_0.tar.bz2#de462d5aacda3b30721b512c5da4e742
https://conda.anaconda.org/conda-forge/osx-arm64/libabseil-20250127.1-cxx17_h07bc746_0.conda#26aabb99a8c2806d8f617fd135f2fc6f
https://conda.anaconda.org/conda-forge/osx-arm64/libaec-1.1.3-hebf3989_0.conda#6f0b8e56d2e7bae12a18fc5b2cd9f310
https://conda.anaconda.org/conda-forge/osx-arm64/libbrotlidec-1.1.0-hd74edd7_2.conda#55e66e68ce55523a6811633dd1ac74e2
https://conda.anaconda.org/conda-forge/osx-arm64/libbrotlienc-1.1.0-hd74edd7_2.conda#4f3a434504c67b2c42565c0b85c1885c
https://conda.anaconda.org/conda-forge/osx-arm64/libcrc32c-1.1.2-hbdafb3b_0.tar.bz2#32bd82a6a625ea6ce090a81c3d34edeb
https://conda.anaconda.org/conda-forge/osx-arm64/libde265-1.0.15-h2ffa867_0.conda#7c718ee6d8497702145612fa0898a12d
https://conda.anaconda.org/conda-forge/osx-arm64/libedit-3.1.20250104-pl5321hafb1f1b_0.conda#44083d2d2c2025afca315c7a172eab2b
https://conda.anaconda.org/conda-forge/osx-arm64/libevent-2.1.12-h2757513_1.conda#1a109764bff3bdc7bdd84088347d71dc
https://conda.anaconda.org/conda-forge/osx-arm64/libgfortran5-13.2.0-hf226fd6_3.conda#66ac81d54e95c534ae488726c1f698ea
https://conda.anaconda.org/conda-forge/osx-arm64/libllvm14-14.0.6-hd1a9a77_4.conda#9f3dce5d26ea56a9000cd74c034582bd
https://conda.anaconda.org/conda-forge/osx-arm64/liblzma-devel-5.6.4-h39f12f2_0.conda#5789af7c91332d5d5693d3afd499b9eb
https://conda.anaconda.org/conda-forge/osx-arm64/libnghttp2-1.64.0-h6d7220d_0.conda#3408c02539cee5f1141f9f11450b6a51
https://conda.anaconda.org/conda-forge/osx-arm64/libpng-1.6.47-h3783ad8_0.conda#3550e05e3af94a3fa9cef2694417ccdf
https://conda.anaconda.org/conda-forge/osx-arm64/libsqlite-3.49.1-h3f77e49_2.conda#3b1e330d775170ac46dff9a94c253bd0
https://conda.anaconda.org/conda-forge/osx-arm64/libssh2-1.11.1-h9cc3647_0.conda#ddc7194676c285513706e5fc64f214d7
https://conda.anaconda.org/conda-forge/osx-arm64/libxcb-1.17.0-hdb1d25a_0.conda#af523aae2eca6dfa1c8eec693f5b9a79
https://conda.anaconda.org/conda-forge/osx-arm64/libxml2-2.13.7-h178c5d8_0.conda#aa838a099ba09429cb80cc876b032ac4
https://conda.anaconda.org/conda-forge/osx-arm64/libzip-1.11.2-h1336266_0.conda#7177414f275db66735a17d316b0a81d6
https://conda.anaconda.org/conda-forge/osx-arm64/lz4-c-1.10.0-h286801f_1.conda#01511afc6cc1909c5303cf31be17b44f
https://conda.anaconda.org/conda-forge/osx-arm64/pcre2-10.44-h297a79d_2.conda#147c83e5e44780c7492998acbacddf52
https://conda.anaconda.org/conda-forge/osx-arm64/qhull-2020.2-h420ef59_5.conda#6483b1f59526e05d7d894e466b5b6924
https://conda.anaconda.org/conda-forge/osx-arm64/readline-8.2-h1d1bf99_2.conda#63ef3f6e6d6d5c589e64f11263dc5676
https://conda.anaconda.org/conda-forge/osx-arm64/snappy-1.2.1-h98b9ce2_1.conda#ded86dee325290da2967a3fea3800eb5
https://conda.anaconda.org/conda-forge/osx-arm64/svt-av1-3.0.2-h8ab69cd_0.conda#76f20156833dea73510379b6cd7975e5
https://conda.anaconda.org/conda-forge/osx-arm64/tk-8.6.13-h5083fa2_1.conda#b50a57ba89c32b62428b71a875291c9b
https://conda.anaconda.org/conda-forge/osx-arm64/uriparser-0.9.8-h00cdb27_0.conda#e8ff9e11babbc8cd77af5a4258dc2802
https://conda.anaconda.org/conda-forge/osx-arm64/x265-3.5-hbc6ce65_3.tar.bz2#b1f7f2780feffe310b068c021e8ff9b2
https://conda.anaconda.org/conda-forge/osx-arm64/xerces-c-3.2.5-h92fc2f4_2.conda#50b7325437ef0901fe25dc5c9e743b88
https://conda.anaconda.org/conda-forge/osx-arm64/xz-gpl-tools-5.6.4-h9a6d368_0.conda#a2580f5af9e67d0e44a97c015eea94d3
https://conda.anaconda.org/conda-forge/osx-arm64/xz-tools-5.6.4-h39f12f2_0.conda#e0ecdb9bfea05d0a763453071e375fc6
https://conda.anaconda.org/conda-forge/osx-arm64/zlib-1.3.1-h8359307_2.conda#e3170d898ca6cb48f1bb567afb92f775
https://conda.anaconda.org/conda-forge/osx-arm64/zstd-1.5.7-h6491c7d_2.conda#e6f69c7bcccdefa417f056fa593b40f0
https://conda.anaconda.org/conda-forge/osx-arm64/aws-c-io-0.17.0-hda12475_8.conda#3d55900c55089ec63b4f4112489e2a38
https://conda.anaconda.org/conda-forge/osx-arm64/blosc-1.21.6-h7dd00d9_1.conda#925acfb50a750aa178f7a0aced77f351
https://conda.anaconda.org/conda-forge/osx-arm64/brotli-bin-1.1.0-hd74edd7_2.conda#b8512db2145dc3ae8d86cdc21a8d421e
https://conda.anaconda.org/conda-forge/osx-arm64/freetype-2.13.3-h1d14073_0.conda#630445a505ea6e59f55714853d8c9ed0
https://conda.anaconda.org/conda-forge/osx-arm64/glog-0.7.1-heb240a5_0.conda#fef68d0a95aa5b84b5c1a4f6f3bf40e1
https://conda.anaconda.org/conda-forge/osx-arm64/krb5-1.21.3-h237132a_0.conda#c6dc8a0fdec13a0565936655c33069a1
https://conda.anaconda.org/conda-forge/osx-arm64/libarchive-3.7.7-h3b16cec_3.conda#1c2eda2163510220b9f9d56a85c8da9d
https://conda.anaconda.org/conda-forge/osx-arm64/libavif16-1.2.1-h3861c80_2.conda#6814ca4531087fd6a532b5e80c3b7da7
https://conda.anaconda.org/conda-forge/osx-arm64/libgfortran-5.0.0-13_2_0_hd922786_3.conda#4a55d9e169114b2b90d3ec4604cd7bbf
https://conda.anaconda.org/conda-forge/osx-arm64/libkml-1.3.0-he250239_1021.conda#891bb2a18eaef684f37bd4fb942cd8b2
https://conda.anaconda.org/conda-forge/osx-arm64/libprotobuf-5.29.3-hccd9074_0.conda#243704f59b7c09aab5b3070538026c92
https://conda.anaconda.org/conda-forge/osx-arm64/libre2-11-2024.07.02-hd41c47c_3.conda#1466284c71c62f7a9c4fa08ed8940f20
https://conda.anaconda.org/conda-forge/osx-arm64/librttopo-1.1.0-h26cc057_18.conda#d324443cad810cf90608d8b2330fcc59
https://conda.anaconda.org/conda-forge/osx-arm64/libthrift-0.21.0-h64651cc_0.conda#7ce2bd2f650f8c31ad7ba4c7bfea61b7
https://conda.anaconda.org/conda-forge/osx-arm64/libtiff-4.7.0-h551f018_3.conda#a5d084a957563e614ec0c0196d890654
https://conda.anaconda.org/conda-forge/osx-arm64/libxslt-1.1.39-h223e5b9_0.conda#560c9cacc33e927f55b998eaa0cb1732
https://conda.anaconda.org/conda-forge/osx-arm64/minizip-4.0.7-hff1a8ea_3.conda#666bd61287ad7ee417884eacd9aef2ea
https://conda.anaconda.org/conda-forge/osx-arm64/sqlite-3.49.1-hd7222ec_2.conda#69dd1428d6a7d068bfc1d2ad70ab6701
https://conda.anaconda.org/conda-forge/osx-arm64/xz-5.6.4-h9a6d368_0.conda#b6e676c2c7fde19f56e052acb6acc540
https://conda.anaconda.org/conda-forge/osx-arm64/aws-c-event-stream-0.5.4-hc8cef5c_3.conda#b9c4e8e2701a9571553104c8a1a806d4
https://conda.anaconda.org/conda-forge/osx-arm64/aws-c-http-0.9.5-h7ae4978_0.conda#bec81d40dee493d415119a8f543086f9
https://conda.anaconda.org/conda-forge/osx-arm64/brotli-1.1.0-hd74edd7_2.conda#215e3dc8f2f837906d066e7f01aa77c0
https://conda.anaconda.org/conda-forge/osx-arm64/freexl-2.0.0-h3ab3353_2.conda#dd655a29b40fe0d1bf95c64cf3cb348d
https://conda.anaconda.org/conda-forge/osx-arm64/lcms2-2.17-h7eeda09_0.conda#92a61fd30b19ebd5c1621a5bfe6d8b5f
https://conda.anaconda.org/conda-forge/osx-arm64/libcurl-8.13.0-h73640d1_0.conda#4a5d33f75f9ead15089b04bed8d0eafe
https://conda.anaconda.org/conda-forge/osx-arm64/libheif-1.19.7-gpl_h79e6334_100.conda#4f5369442ff2de5983831d321f584eb4
https://conda.anaconda.org/conda-forge/osx-arm64/libopenblas-0.3.29-openmp_hf332438_0.conda#0cd1148c68f09027ee0b0f0179f77c30
https://conda.anaconda.org/conda-forge/osx-arm64/openjpeg-2.5.3-h8a3d83b_0.conda#4b71d78648dbcf68ce8bf22bb07ff838
https://conda.anaconda.org/conda-forge/osx-arm64/orc-2.1.1-hd90e43c_1.conda#c021648f89082b32d4be335af53b40a2
https://conda.anaconda.org/conda-forge/osx-arm64/python-3.12.7-h739c21a_0_cpython.conda#e0d82e57ebb456077565e6d82cd4a323
https://conda.anaconda.org/conda-forge/osx-arm64/re2-2024.07.02-h6589ca4_3.conda#d4e82bd66b71c29da35e1f634548e039
https://conda.anaconda.org/conda-forge/noarch/affine-2.4.0-pyhd8ed1ab_1.conda#8c4061f499edec6b8ac7000f6d586829
https://conda.anaconda.org/conda-forge/noarch/aiohappyeyeballs-2.6.1-pyhd8ed1ab_0.conda#18fd895e0e775622906cdabfc3cf0fb4
https://conda.anaconda.org/conda-forge/noarch/attrs-24.3.0-pyh71513ae_0.conda#356927ace43302bf6f5926e2a58dae6a
https://conda.anaconda.org/conda-forge/osx-arm64/aws-c-auth-0.8.7-h771b9f8_1.conda#41ee5f5d43d1c9e6d63918a9b6f11efd
https://conda.anaconda.org/conda-forge/osx-arm64/aws-c-mqtt-0.12.2-hd618802_3.conda#13a14037f640b4413b6a76f058e30469
https://conda.anaconda.org/conda-forge/osx-arm64/azure-core-cpp-1.14.0-hd50102c_0.conda#f093a11dcf3cdcca010b20a818fcc6dc
https://conda.anaconda.org/conda-forge/noarch/boltons-24.0.0-pyhd8ed1ab_1.conda#d88c38e66d85ecc9c7e2c4110676bbf4
https://conda.anaconda.org/conda-forge/osx-arm64/brotli-python-1.1.0-py312hde4cb15_2.conda#a83c2ef76ccb11bc2349f4f17696b15d
https://conda.anaconda.org/conda-forge/noarch/cached_property-1.5.2-pyha770c72_1.tar.bz2#576d629e47797577ab0f1b351297ef4a
https://conda.anaconda.org/conda-forge/noarch/certifi-2024.12.14-pyhd8ed1ab_0.conda#6feb87357ecd66733be3279f16a8c400
https://conda.anaconda.org/conda-forge/noarch/charset-normalizer-3.4.1-pyhd8ed1ab_0.conda#e83a31202d1c0a000fce3e9cf3825875
https://conda.anaconda.org/conda-forge/noarch/click-8.1.8-pyh707e725_0.conda#f22f4d4970e09d68a10b922cbb0408d3
https://conda.anaconda.org/conda-forge/noarch/cloudpickle-3.1.1-pyhd8ed1ab_0.conda#364ba6c9fb03886ac979b482f39ebb92
https://conda.anaconda.org/conda-forge/noarch/colorama-0.4.6-pyhd8ed1ab_1.conda#962b9857ee8e7018c22f2776ffa0b2d7
https://conda.anaconda.org/conda-forge/osx-arm64/crc32c-2.7.1-py312hea69d52_1.conda#3cb6dcba8bd0cafa4a2af529a16979e3
https://conda.anaconda.org/conda-forge/noarch/cycler-0.12.1-pyhd8ed1ab_1.conda#44600c4667a319d67dbe0681fc0bc833
https://conda.anaconda.org/conda-forge/noarch/docopt-ng-0.9.0-pyhd8ed1ab_1.conda#7635e4907164a088d932f7d8965db7ab
https://conda.anaconda.org/conda-forge/noarch/exceptiongroup-1.2.2-pyhd8ed1ab_1.conda#a16662747cdeb9abbac74d0057cc976e
https://conda.anaconda.org/conda-forge/noarch/fastprogress-1.0.3-pyhd8ed1ab_1.conda#a1f997959ce49fe4d554a8ae6d3ef494
https://conda.anaconda.org/conda-forge/noarch/filelock-3.16.1-pyhd8ed1ab_1.conda#d692e9ba6f92dc51484bf3477e36ce7c
https://conda.anaconda.org/conda-forge/noarch/findlibs-0.0.5-pyhd8ed1ab_0.conda#8f325f63020af6f7acbe2c4cb4c920db
https://conda.anaconda.org/conda-forge/osx-arm64/frozenlist-1.5.0-py312h998013c_1.conda#5eb3715c7e3fa9b533361375bfefe6ee
https://conda.anaconda.org/conda-forge/noarch/fsspec-2024.12.0-pyhd8ed1ab_0.conda#e041ad4c43ab5e10c74587f95378ebc7
https://conda.anaconda.org/conda-forge/osx-arm64/hdf5-1.14.4-nompi_ha698983_105.conda#7e85ea8b6a35b163a516e8c483960600
https://conda.anaconda.org/conda-forge/noarch/idna-3.10-pyhd8ed1ab_1.conda#39a4f67be3286c86d696df570b1201b7
https://conda.anaconda.org/conda-forge/noarch/iniconfig-2.0.0-pyhd8ed1ab_1.conda#6837f3eff7dcea42ecd714ce1ac2b108
https://conda.anaconda.org/conda-forge/noarch/jmespath-1.0.1-pyhd8ed1ab_1.conda#972bdca8f30147135f951847b30399ea
https://conda.anaconda.org/conda-forge/noarch/jsonpickle-4.0.0-pyh29332c3_0.conda#326318b423a787eec6cb842fac0158c0
https://conda.anaconda.org/conda-forge/osx-arm64/kiwisolver-1.4.8-py312h2c4a281_0.conda#a94f3ac940c391e7716b6ffd332d7463
https://conda.anaconda.org/conda-forge/noarch/legacy-cgi-2.6.3-pyh41aed27_0.conda#810ba135fa1cdbf8b6bddc59e8d114ae
https://conda.anaconda.org/conda-forge/osx-arm64/libblas-3.9.0-31_h10e41b3_openblas.conda#39b053da5e7035c6592102280aa7612a
https://conda.anaconda.org/conda-forge/osx-arm64/libgrpc-1.71.0-hf667ad3_0.conda#4c0d9b0ade1b4e01ee5a37c00cdb538d
https://conda.anaconda.org/conda-forge/osx-arm64/llvmlite-0.43.0-py312ha9ca408_1.conda#f081ee72987624a949a3562020b1135d
https://conda.anaconda.org/conda-forge/noarch/locket-1.0.0-pyhd8ed1ab_0.tar.bz2#91e27ef3d05cc772ce627e51cff111c4
https://conda.anaconda.org/conda-forge/osx-arm64/lxml-5.3.0-py312ha59c1f6_2.conda#62812df7d88357ccb37fdabe67bf785d
https://conda.anaconda.org/conda-forge/osx-arm64/lz4-4.3.3-py312hf263c89_2.conda#eb031555cb970d3547b75e55016052cc
https://conda.anaconda.org/conda-forge/osx-arm64/markupsafe-3.0.2-py312h998013c_1.conda#46e547061080fddf9cf95a0327e8aba6
https://conda.anaconda.org/conda-forge/osx-arm64/msgpack-python-1.1.0-py312h6142ec9_0.conda#0dfc3750cc6bbc463d72c0b727e60d8a
https://conda.anaconda.org/conda-forge/osx-arm64/multidict-6.2.0-py312hdb8e49c_0.conda#1d1bbdbb61c436e00e5f7f8de1de6b34
https://conda.anaconda.org/conda-forge/noarch/munkres-1.1.4-pyh9f0ad1d_0.tar.bz2#2ba8498c1018c1e9c61eb99b973dfe19
https://conda.anaconda.org/conda-forge/noarch/narwhals-1.33.0-pyhd8ed1ab_0.conda#54a495cf873b193aa17fb9517d0487c1
https://conda.anaconda.org/conda-forge/noarch/networkx-3.4.2-pyh267e887_2.conda#fd40bf7f7f4bc4b647dc8512053d9873
https://conda.anaconda.org/conda-forge/noarch/packaging-24.2-pyhd8ed1ab_2.conda#3bfed7e6228ebf2f7b9eaa47f1b4e2aa
https://conda.anaconda.org/conda-forge/noarch/param-2.2.0-pyhd8ed1ab_0.conda#8bd46aebe85bd9c5f30affd520ab441f
https://conda.anaconda.org/conda-forge/osx-arm64/pillow-11.1.0-py312h50aef2c_0.conda#94d6ba8cd468668a9fb04193b0f4b36e
https://conda.anaconda.org/conda-forge/noarch/platformdirs-4.3.6-pyhd8ed1ab_1.conda#577852c7e53901ddccc7e6a9959ddebe
https://conda.anaconda.org/conda-forge/noarch/pluggy-1.5.0-pyhd8ed1ab_1.conda#e9dcbce5f45f9ee500e728ae58b605b6
https://conda.anaconda.org/conda-forge/osx-arm64/proj-9.5.1-h1318a7e_0.conda#5eb42e77ae79b46fabcb0f6f6d130763
https://conda.anaconda.org/conda-forge/osx-arm64/propcache-0.2.1-py312h998013c_1.conda#83678928c58c9ae76778a435b6c7a94a
https://conda.anaconda.org/conda-forge/osx-arm64/psutil-5.9.8-py312he37b823_0.conda#cd6e99b9c5a623735161973b5f693a86
https://conda.anaconda.org/conda-forge/noarch/pycparser-2.22-pyh29332c3_1.conda#12c566707c80111f9799308d9e265aef
https://conda.anaconda.org/conda-forge/noarch/pyparsing-3.2.1-pyhd8ed1ab_0.conda#285e237b8f351e85e7574a2c7bfa6d46
https://conda.anaconda.org/conda-forge/noarch/pyshp-2.3.1-pyhd8ed1ab_1.conda#856b387c270e9eaf6e41e978057a2b62
https://conda.anaconda.org/conda-forge/noarch/pysocks-1.7.1-pyha55dd90_7.conda#461219d1a5bd61342293efa2c0c90eac
https://conda.anaconda.org/conda-forge/noarch/python-tzdata-2025.2-pyhd8ed1ab_0.conda#88476ae6ebd24f39261e0854ac244f33
https://conda.anaconda.org/conda-forge/noarch/pytz-2024.1-pyhd8ed1ab_0.conda#3eeeeb9e4827ace8c0c1419c85d590ad
https://conda.anaconda.org/conda-forge/osx-arm64/pyyaml-6.0.2-py312h998013c_2.conda#68149ed4d4e9e1c42d2ba1f27f08ca96
https://conda.anaconda.org/conda-forge/noarch/setuptools-75.8.2-pyhff2d567_0.conda#9bddfdbf4e061821a1a443f93223be61
https://conda.anaconda.org/conda-forge/noarch/six-1.17.0-pyhd8ed1ab_0.conda#a451d576819089b0d672f18768be0f65
https://conda.anaconda.org/conda-forge/noarch/sortedcontainers-2.4.0-pyhd8ed1ab_1.conda#0401a17ae845fa72c7210e206ec5647d
https://conda.anaconda.org/conda-forge/noarch/soupsieve-2.5-pyhd8ed1ab_1.conda#3f144b2c34f8cb5a9abd9ed23a39c561
https://conda.anaconda.org/conda-forge/noarch/tblib-3.1.0-pyhd8ed1ab_0.conda#a15c62b8a306b8978f094f76da2f903f
https://conda.anaconda.org/conda-forge/noarch/threadpoolctl-3.6.0-pyhecae5ae_0.conda#9d64911b31d57ca443e9f1e36b04385f
https://conda.anaconda.org/conda-forge/noarch/tomli-2.2.1-pyhd8ed1ab_1.conda#ac944244f1fed2eb49bae07193ae8215
https://conda.anaconda.org/conda-forge/noarch/toolz-1.0.0-pyhd8ed1ab_1.conda#40d0ed782a8aaa16ef248e68c06c168d
https://conda.anaconda.org/conda-forge/osx-arm64/tornado-6.4.2-py312hea69d52_0.conda#fb0605888a475d6a380ae1d1a819d976
https://conda.anaconda.org/conda-forge/noarch/traitlets-5.14.3-pyhd8ed1ab_1.conda#019a7385be9af33791c989871317e1ed
https://conda.anaconda.org/conda-forge/noarch/typing_extensions-4.13.0-pyh29332c3_1.conda#4c446320a86cc5d48e3b80e332d6ebd7
https://conda.anaconda.org/conda-forge/osx-arm64/unicodedata2-16.0.0-py312hea69d52_0.conda#9a835052506b91ea8f0d8e352cd12246
https://conda.anaconda.org/conda-forge/noarch/wheel-0.45.1-pyhd8ed1ab_1.conda#75cb7132eb58d97896e173ef12ac9986
https://conda.anaconda.org/conda-forge/osx-arm64/wrapt-1.17.2-py312hea69d52_0.conda#e49608c832fcf438f70cbcae09c3adc5
https://conda.anaconda.org/conda-forge/noarch/xyzservices-2025.1.0-pyhd8ed1ab_0.conda#fdf07e281a9e5e10fc75b2dd444136e9
https://conda.anaconda.org/conda-forge/noarch/zict-3.0.0-pyhd8ed1ab_1.conda#e52c2ef711ccf31bb7f70ca87d144b9e
https://conda.anaconda.org/conda-forge/noarch/zipp-3.20.2-pyhd8ed1ab_0.conda#4daaed111c05672ae669f7036ee5bba3
https://conda.anaconda.org/conda-forge/noarch/aioitertools-0.12.0-pyhd8ed1ab_1.conda#3eb47adbffac44483f59e580f8600a1e
https://conda.anaconda.org/conda-forge/noarch/aiosignal-1.3.2-pyhd8ed1ab_0.conda#1a3981115a398535dbe3f6d5faae3d36
https://conda.anaconda.org/conda-forge/osx-arm64/aws-c-s3-0.7.13-hb321cbc_3.conda#9f6b86d77a7977fdef743328014ed43f
https://conda.anaconda.org/conda-forge/osx-arm64/azure-identity-cpp-1.10.0-hc602bab_0.conda#d7b71593a937459f2d4b67e1a4727dc2
https://conda.anaconda.org/conda-forge/osx-arm64/azure-storage-common-cpp-12.8.0-h9ca1f76_1.conda#7a187cd7b1445afc80253bb186a607cc
https://conda.anaconda.org/conda-forge/noarch/beautifulsoup4-4.12.3-pyha770c72_1.conda#d48f7e9fdec44baf6d1da416fe402b04
https://conda.anaconda.org/conda-forge/noarch/cached-property-1.5.2-hd8ed1ab_1.tar.bz2#9b347a7ec10940d3f7941ff6c460b551
https://conda.anaconda.org/conda-forge/osx-arm64/cffi-1.17.1-py312h0fad829_0.conda#19a5456f72f505881ba493979777b24e
https://conda.anaconda.org/conda-forge/noarch/click-plugins-1.1.1-pyhd8ed1ab_1.conda#82bea35e4dac4678ba623cf10e95e375
https://conda.anaconda.org/conda-forge/noarch/cligj-0.7.2-pyhd8ed1ab_2.conda#55c7804f428719241a90b152016085a1
https://conda.anaconda.org/conda-forge/osx-arm64/cytoolz-1.0.1-py312hea69d52_0.conda#e674d71e573746c29e99659a00391809
https://conda.anaconda.org/conda-forge/noarch/donfig-0.8.1.post1-pyhd8ed1ab_1.conda#c56a7fa5597ad78b62e1f5d21f7f8b8f
https://conda.anaconda.org/conda-forge/osx-arm64/fonttools-4.56.0-py312h998013c_0.conda#a5cf7d0629863be81d90054882de908c
https://conda.anaconda.org/conda-forge/osx-arm64/geotiff-1.7.4-hbef4fa4_0.conda#c01fde51346f834d3f80affab45f0740
https://conda.anaconda.org/conda-forge/noarch/importlib-metadata-8.5.0-pyha770c72_1.conda#315607a3030ad5d5227e76e0733798ff
https://conda.anaconda.org/conda-forge/noarch/importlib_resources-6.5.2-pyhd8ed1ab_0.conda#c85c76dc67d75619a92f51dfbce06992
https://conda.anaconda.org/conda-forge/noarch/intake-2.0.7-pyhd8ed1ab_1.conda#55e0ec93470aceae3299fbf8c0a78d15
https://conda.anaconda.org/conda-forge/noarch/jinja2-3.1.5-pyhd8ed1ab_0.conda#2752a6ed44105bfb18c9bef1177d9dcd
https://conda.anaconda.org/conda-forge/noarch/joblib-1.4.2-pyhd8ed1ab_1.conda#bf8243ee348f3a10a14ed0cae323e0c1
https://conda.anaconda.org/conda-forge/osx-arm64/libcblas-3.9.0-31_hb3479ef_openblas.conda#7353c2bf0e90834cb70545671996d871
https://conda.anaconda.org/conda-forge/osx-arm64/libgoogle-cloud-2.36.0-h9484b08_1.conda#c3d4e6a0aee35d92c99b25bb6fb617eb
https://conda.anaconda.org/conda-forge/osx-arm64/liblapack-3.9.0-31_hc9a63f6_openblas.conda#ff57a55a2cbce171ef5707fb463caf19
https://conda.anaconda.org/conda-forge/osx-arm64/libnetcdf-4.9.2-nompi_h6569565_116.conda#6257f1136b1285acf5c3b171249fdf52
https://conda.anaconda.org/conda-forge/osx-arm64/libspatialite-5.1.0-haf574c3_13.conda#e8cfdbe6d8741e930ce58036429cc351
https://conda.anaconda.org/conda-forge/noarch/partd-1.4.2-pyhd8ed1ab_0.conda#0badf9c54e24cecfb0ad2f99d680c163
https://conda.anaconda.org/conda-forge/noarch/pip-24.3.1-pyh8b19718_2.conda#04e691b9fadd93a8a9fad87a81d4fd8f
https://conda.anaconda.org/conda-forge/osx-arm64/pyproj-3.7.0-py312h1ab748d_0.conda#62be0440197cfa89eb76846895198bab
https://conda.anaconda.org/conda-forge/noarch/pytest-8.3.4-pyhd8ed1ab_1.conda#799ed216dc6af62520f32aa39bc1c2bb
https://conda.anaconda.org/conda-forge/noarch/python-dateutil-2.9.0.post0-pyhff2d567_1.conda#5ba79d7c71f03c678c8ead841f347d6e
https://conda.anaconda.org/conda-forge/noarch/tqdm-4.67.1-pyhd8ed1ab_1.conda#9efbfdc37242619130ea42b1cc4ed861
https://conda.anaconda.org/conda-forge/noarch/typing-extensions-4.13.0-h9fa5a19_1.conda#3fbcc45b908040dca030d3f78ed9a212
https://conda.anaconda.org/conda-forge/noarch/urllib3-1.26.19-pyhd8ed1ab_0.conda#6bb37c314b3cc1515dcf086ffe01c46e
https://conda.anaconda.org/conda-forge/noarch/webob-1.8.9-pyhd8ed1ab_1.conda#293718ddac83a0fbc0f2193ff77d1e1c
https://conda.anaconda.org/conda-forge/noarch/yamale-5.3.0-pyhd8ed1ab_0.conda#d4b5f3a50decd28cd747f4b5f7aea33f
https://conda.anaconda.org/conda-forge/osx-arm64/yarl-1.18.3-py312h998013c_1.conda#092d3b40acc67c470f379049be343a7a
https://conda.anaconda.org/conda-forge/osx-arm64/aiohttp-3.11.16-py312h998013c_0.conda#3a87a69c153ca9c886d9d9498a81a6f0
https://conda.anaconda.org/conda-forge/noarch/annotated-types-0.7.0-pyhd8ed1ab_1.conda#2934f256a8acfe48f6ebb4fce6cde29c
https://conda.anaconda.org/conda-forge/osx-arm64/aws-crt-cpp-0.31.1-hf6bcbf0_1.conda#ef4334beff49187bd38d7de6bc3e91c8
https://conda.anaconda.org/conda-forge/osx-arm64/azure-storage-blobs-cpp-12.13.0-h7585a09_1.conda#704238ef05d46144dae2e6b5853df8bc
https://conda.anaconda.org/conda-forge/noarch/botocore-1.35.88-pyge310_1234567_0.conda#b9aa1b53b4ba9530c818f912ef6af33d
https://conda.anaconda.org/conda-forge/noarch/branca-0.8.1-pyhd8ed1ab_0.conda#9f3937b768675ab4346f07e9ef723e4b
https://conda.anaconda.org/conda-forge/noarch/dask-core-2024.11.2-pyhff2d567_1.conda#ae2be36dab764e655a22f240837cef75
https://conda.anaconda.org/conda-forge/osx-arm64/eccodes-2.39.0-hd5c539c_1.conda#cd907c20f274af2332cbf248908e1c4a
https://conda.anaconda.org/conda-forge/noarch/flexcache-0.3-pyhd8ed1ab_1.conda#f1e618f2f783427019071b14a111b30d
https://conda.anaconda.org/conda-forge/noarch/flexparser-0.4-pyhd8ed1ab_1.conda#6dc4e43174cd552452fdb8c423e90e69
https://conda.anaconda.org/conda-forge/noarch/importlib-resources-6.5.2-pyhd8ed1ab_0.conda#e376ea42e9ae40f3278b0f79c9bf9826
https://conda.anaconda.org/conda-forge/osx-arm64/libgdal-core-3.10.2-h0528216_1.conda#5de4e82f1c2e70a3498c408a6789b337
https://conda.anaconda.org/conda-forge/osx-arm64/libgoogle-cloud-storage-2.36.0-h7081f7f_1.conda#d363a9e8d601aace65af282870a40a09
https://conda.anaconda.org/conda-forge/osx-arm64/numpy-2.0.2-py312h94ee1e1_1.conda#a58476ff56fb71e1c89e2ed972d66368
https://conda.anaconda.org/conda-forge/osx-arm64/pydantic-core-2.27.2-py312hcd83bfe_0.conda#dcb307e02f17d38c6e1cbfbf8c602852
https://conda.anaconda.org/conda-forge/noarch/requests-2.32.3-pyhd8ed1ab_1.conda#a9b9368f3701a417eac9edbcae7cb737
https://conda.anaconda.org/conda-forge/noarch/aiobotocore-2.16.1-pyhd8ed1ab_0.conda#88bd0a5e1345a5b926531f2eb6dd215c
https://conda.anaconda.org/conda-forge/osx-arm64/aws-sdk-cpp-1.11.510-hbf97231_4.conda#9a39dbfc9d771ea92da07da69d2d4476
https://conda.anaconda.org/conda-forge/osx-arm64/azure-storage-files-datalake-cpp-12.12.0-hcdd55da_1.conda#c49fbc5233fcbaa86391162ff1adef38
https://conda.anaconda.org/conda-forge/osx-arm64/bottleneck-1.4.2-py312h147345f_0.conda#205625f6954f79522a5e23e0e4b420a4
https://conda.anaconda.org/conda-forge/osx-arm64/cftime-1.6.4-py312h755e627_1.conda#4bc8fd608d8c259fd10fdcac6b4b6c12
https://conda.anaconda.org/conda-forge/osx-arm64/contourpy-1.3.1-py312hb23fbb9_0.conda#f4408290387836e05ac267cd7ec80c5c
https://conda.anaconda.org/conda-forge/noarch/distributed-2024.11.2-pyhff2d567_1.conda#171408408370e59126dc3e39352c6218
https://conda.anaconda.org/conda-forge/noarch/folium-0.19.5-pyhd8ed1ab_0.conda#4cb9e567a829a9083cc66eda88f2d330
https://conda.anaconda.org/conda-forge/osx-arm64/h3-py-4.1.1-py312hf02c72a_1.conda#1aa956f503e1958172aa8f6ae16c6b00
https://conda.anaconda.org/conda-forge/osx-arm64/h5py-3.12.1-nompi_py312h34530d4_103.conda#343b1fbff8c9cca25ccfd7a61ed44f99
https://conda.anaconda.org/conda-forge/osx-arm64/numba-0.60.0-py312h41cea2d_0.conda#deed63e07bfe8494e806baccc9d7fd1b
https://conda.anaconda.org/conda-forge/osx-arm64/numcodecs-0.14.1-py312hcb1e3ce_0.conda#174dd3db2fc420793a7df3f6e80003e6
https://conda.anaconda.org/conda-forge/osx-arm64/pandas-2.2.3-py312hcd31e36_1.conda#c68bfa69e6086c381c74e16fd72613a8
https://conda.anaconda.org/conda-forge/noarch/patsy-1.0.1-pyhd8ed1ab_1.conda#ee23fabfd0a8c6b8d6f3729b47b2859d
https://conda.anaconda.org/conda-forge/noarch/pint-0.24.4-pyhd8ed1ab_1.conda#a566694ac0ab8f25e7f40a5d24070a1a
https://conda.anaconda.org/conda-forge/noarch/pooch-1.8.2-pyhd8ed1ab_1.conda#b3e783e8e8ed7577cf0b6dee37d1fbac
https://conda.anaconda.org/conda-forge/noarch/pydantic-2.10.4-pyh3cfb1c2_0.conda#93bccf4d7a58c9140d59491de21e044b
https://conda.anaconda.org/conda-forge/osx-arm64/pyogrio-0.10.0-py312hfd5e53c_1.conda#19550465d36f2f513be5c62def9edfd9
https://conda.anaconda.org/conda-forge/osx-arm64/python-eccodes-2.37.0-py312h755e627_0.conda#0748f8f602ed773c4142d3c24fa5f48e
https://conda.anaconda.org/conda-forge/noarch/s3transfer-0.10.4-pyhd8ed1ab_1.conda#ed873ecbcf00825b51ae5a272083ef2d
https://conda.anaconda.org/conda-forge/osx-arm64/scipy-1.15.0-py312hb7ffdcd_1.conda#d00ddea6b8bf1a6f2b19f12a0f886556
https://conda.anaconda.org/conda-forge/osx-arm64/shapely-2.0.7-py312hf733f26_1.conda#5033b6bb0358d8a756ec2fbf7739ed36
https://conda.anaconda.org/conda-forge/noarch/snuggs-1.4.7-pyhd8ed1ab_2.conda#9aa358575bbd4be126eaa5e0039f835c
https://conda.anaconda.org/conda-forge/noarch/bokeh-3.7.2-pyhd8ed1ab_1.conda#2f31c581e29bdb830ec77e112f3776ae
https://conda.anaconda.org/conda-forge/noarch/boto3-1.35.88-pyhd8ed1ab_0.conda#8963663560235335115ac44182d28ea9
https://conda.anaconda.org/conda-forge/noarch/geopandas-base-1.0.1-pyha770c72_3.conda#e8343d1b635bf09dafdd362d7357f395
https://conda.anaconda.org/conda-forge/noarch/h5netcdf-1.4.1-pyhd8ed1ab_1.conda#413d6a08f8fe17af2c6cd1142ba8dccf
https://conda.anaconda.org/conda-forge/osx-arm64/libarrow-18.1.0-hae3eebe_21_cpu.conda#d7e2232a388971ed790425417122804b
https://conda.anaconda.org/conda-forge/osx-arm64/matplotlib-base-3.10.0-py312hdbc7e53_0.conda#af50086982d6939b23d2656c21172be0
https://conda.anaconda.org/conda-forge/osx-arm64/netcdf4-1.7.2-nompi_py312haae1a11_101.conda#3dd4c6f36cf1da9280026e1c16fd2725
https://conda.anaconda.org/conda-forge/noarch/pydap-3.5.3-pyhd8ed1ab_0.conda#c0d92078c90ca826aa89cf93233c21ad
https://conda.anaconda.org/conda-forge/osx-arm64/rasterio-1.4.3-py312h02264c4_0.conda#a4ecd14e35c1b6cf8177565f7938ff03
https://conda.anaconda.org/conda-forge/noarch/s3fs-2024.12.0-pyhd8ed1ab_0.conda#d91e140ebbb494372695d7b5ac829c09
https://conda.anaconda.org/conda-forge/osx-arm64/scikit-learn-1.6.1-py312h39203ce_0.conda#3d38707ed1991a65dd165c5460d7f3a2
https://conda.anaconda.org/conda-forge/osx-arm64/statsmodels-0.14.4-py312h755e627_0.conda#d9455b9eb18d4bda352265b42c142685
https://conda.anaconda.org/conda-forge/osx-arm64/timezonefinder-6.5.7-py312hea69d52_0.conda#49b388fa27de0f5e475a32024705d0b7
https://conda.anaconda.org/conda-forge/noarch/xarray-2025.1.1-pyhd8ed1ab_0.conda#81db80ba986122da460800a67bf8ac7f
https://conda.anaconda.org/conda-forge/noarch/zarr-3.0.0-pyhd8ed1ab_0.conda#5b82afdd503bec6825b274e7d6f425eb
https://conda.anaconda.org/conda-forge/osx-arm64/cartopy-0.24.0-py312hcd31e36_0.conda#07dc477c85e1b5b4dac919b9f53d22e6
https://conda.anaconda.org/conda-forge/noarch/cf_xarray-0.10.0-pyhd8ed1ab_2.conda#ed15dcf944706ae6ea54968dfa4a06a5
https://conda.anaconda.org/conda-forge/noarch/cfgrib-0.9.15.0-pyhd8ed1ab_0.conda#211303621409d703235598be8c378b3c
https://conda.anaconda.org/conda-forge/noarch/dask-geopandas-0.4.2-pyhd8ed1ab_1.conda#99c390267721004da5fa9c2a0562e943
https://conda.anaconda.org/conda-forge/osx-arm64/libarrow-acero-18.1.0-hf07054f_21_cpu.conda#8acca596e58cb3caef99283eda8cdf96
https://conda.anaconda.org/conda-forge/osx-arm64/libparquet-18.1.0-h636d7b7_21_cpu.conda#88e1f5f18b83a54912ba3f23da03c880
https://conda.anaconda.org/conda-forge/noarch/mapclassify-2.8.1-pyhd8ed1ab_1.conda#c48bbb2bcc3f9f46741a7915d67e6839
https://conda.anaconda.org/conda-forge/osx-arm64/pyarrow-core-18.1.0-py312hc40f475_0_cpu.conda#9859e7c4b94bbf69772dbf0511101cec
https://conda.anaconda.org/conda-forge/noarch/rioxarray-0.17.0-pyhd8ed1ab_1.conda#bd4b362bdee5f1b798922722c139b578
https://conda.anaconda.org/conda-forge/noarch/geopandas-1.0.1-pyhd8ed1ab_3.conda#1baca589eb35814a392eaad6d152447e
https://conda.anaconda.org/conda-forge/osx-arm64/libarrow-dataset-18.1.0-hf07054f_21_cpu.conda#52d8ce0491d7e203b80e216a2829aac7
https://conda.anaconda.org/conda-forge/noarch/metpy-1.6.3-pyhd8ed1ab_1.conda#1edcfa210aeb3d5bba4331fe940f1f53
https://conda.anaconda.org/conda-forge/noarch/intake-geopandas-0.4.0-pyhd8ed1ab_1.conda#b1e2b5665d15c2d62d99bec8aedda0da
https://conda.anaconda.org/conda-forge/osx-arm64/libarrow-substrait-18.1.0-he749cb8_21_cpu.conda#6717e37467a1b6b64571538d98c93e42
https://conda.anaconda.org/conda-forge/osx-arm64/pyarrow-18.1.0-py312h1f38498_0.conda#3710616b880b31d0c8afd8ae7e12392a
https://conda.anaconda.org/conda-forge/noarch/dask-expr-1.1.19-pyhd8ed1ab_0.conda#09ea33eb6525cc703ce1d39c88378320
https://conda.anaconda.org/conda-forge/noarch/dask-2024.11.2-pyhff2d567_1.conda#4ea56955c9922ac99c35d0784cffeb96
https://conda.anaconda.org/conda-forge/noarch/dask-gateway-2024.1.0-pyh8af1aa0_2.conda#96d83895f9a2cab6c6b40dea7d63f98e
https://conda.anaconda.org/conda-forge/noarch/intake-esm-2023.11.10-pyhd8ed1ab_0.conda#e0c73b7dc6419a243c5fe104ec241a48
https://conda.anaconda.org/conda-forge/noarch/intake-xarray-2.0.0-pyhd8ed1ab_1.conda#9ff534be39502e636cb4d25dc6696c66
https://conda.anaconda.org/conda-forge/noarch/xclim-0.54.0-pyhd8ed1ab_0.conda#6543e110573d01719539fd7442d5cbb9
